Microsoft Visual Studio Solution File, Format Version 12.00
# Visual Studio 15
VisualStudioVersion = 15.0.27130.2010
MinimumVisualStudioVersion = 10.0.40219.1
Project("{2150E333-8FDC-42A3-9474-1A3956D46DE8}") = "src", "src", "{5734E9DC-CF67-4337-B28E-695280598B88}"
	ProjectSection(SolutionItems) = preProject
		src\Directory.Build.props = src\Directory.Build.props
	EndProjectSection
EndProject
Project("{2150E333-8FDC-42A3-9474-1A3956D46DE8}") = "build", "build", "{AAB0D92A-7B90-478A-8360-3E6A20BD0B71}"
	ProjectSection(SolutionItems) = preProject
		NuGet.config = NuGet.config
	EndProjectSection
EndProject
Project("{2150E333-8FDC-42A3-9474-1A3956D46DE8}") = "samples", "samples", "{AA791E28-7914-439A-B59A-580B8D8FE95D}"
EndProject
Project("{2150E333-8FDC-42A3-9474-1A3956D46DE8}") = "test", "test", "{058BCE2A-8F81-4404-83D3-844CE030E513}"
	ProjectSection(SolutionItems) = preProject
		test\Directory.Build.props = test\Directory.Build.props
	EndProjectSection
EndProject
Project("{9A19103F-16F7-4668-BE54-9A1E7A4F7556}") = "Nancy.ViewEngines.Razor.Tests.Models", "test\Nancy.ViewEngines.Razor.Tests.Models\Nancy.ViewEngines.Razor.Tests.Models.csproj", "{0E7E06C1-C223-4975-A9DB-D338EBF0A9BC}"
EndProject
Project("{9A19103F-16F7-4668-BE54-9A1E7A4F7556}") = "Nancy.ViewEngines.Razor.Tests", "test\Nancy.ViewEngines.Razor.Tests\Nancy.ViewEngines.Razor.Tests.csproj", "{06B9857A-02A6-430D-B579-98A762C281D3}"
EndProject
Project("{9A19103F-16F7-4668-BE54-9A1E7A4F7556}") = "Nancy", "src\Nancy\Nancy.csproj", "{ADAB2C6B-10FE-4B31-BCD2-E2EFA69D5A66}"
EndProject
Project("{9A19103F-16F7-4668-BE54-9A1E7A4F7556}") = "Nancy.Testing", "src\Nancy.Testing\Nancy.Testing.csproj", "{66119997-5949-45D6-9175-F1C7C599A8F5}"
EndProject
Project("{9A19103F-16F7-4668-BE54-9A1E7A4F7556}") = "Nancy.ViewEngines.Razor", "src\Nancy.ViewEngines.Razor\Nancy.ViewEngines.Razor.csproj", "{D1D2622E-ACF7-479C-ABC8-E1B94E41D9D5}"
EndProject
Project("{9A19103F-16F7-4668-BE54-9A1E7A4F7556}") = "Nancy.Authentication.Forms", "src\Nancy.Authentication.Forms\Nancy.Authentication.Forms.csproj", "{09F5EB90-1063-4338-A146-25F7BE8BFF43}"
EndProject
Project("{9A19103F-16F7-4668-BE54-9A1E7A4F7556}") = "Nancy.ViewEngines.Markdown.Tests", "test\Nancy.ViewEngines.Markdown.Tests\Nancy.ViewEngines.Markdown.Tests.csproj", "{1CA8D3D3-B6A6-4006-AA96-671CB41D6391}"
EndProject
Project("{9A19103F-16F7-4668-BE54-9A1E7A4F7556}") = "Nancy.ViewEngines.Markdown", "src\Nancy.ViewEngines.Markdown\Nancy.ViewEngines.Markdown.csproj", "{CCB5075B-C50A-4CD1-983A-2D51DC2430F4}"
EndProject
Project("{9A19103F-16F7-4668-BE54-9A1E7A4F7556}") = "Nancy.ViewEngines.DotLiquid.Tests", "test\Nancy.ViewEngines.DotLiquid.Tests\Nancy.ViewEngines.DotLiquid.Tests.csproj", "{89C49FF5-9441-4DE8-A33F-1B2852401A54}"
EndProject
Project("{9A19103F-16F7-4668-BE54-9A1E7A4F7556}") = "Nancy.ViewEngines.DotLiquid", "src\Nancy.ViewEngines.DotLiquid\Nancy.ViewEngines.DotLiquid.csproj", "{9F16EBDF-4546-43C2-82B8-7D698F7A1E89}"
EndProject
Project("{9A19103F-16F7-4668-BE54-9A1E7A4F7556}") = "Nancy.Validation.FluentValidation.Tests", "test\Nancy.Validation.FluentValidation.Tests\Nancy.Validation.FluentValidation.Tests.csproj", "{0E9B466C-1151-4AE9-A55A-6377A25F8235}"
EndProject
Project("{9A19103F-16F7-4668-BE54-9A1E7A4F7556}") = "Nancy.Validation.FluentValidation", "src\Nancy.Validation.FluentValidation\Nancy.Validation.FluentValidation.csproj", "{33D5FB92-074E-4C13-BFD6-21184DD0013A}"
EndProject
Project("{9A19103F-16F7-4668-BE54-9A1E7A4F7556}") = "Nancy.Validation.DataAnnotations.Tests", "test\Nancy.Validation.DataAnnotations.Tests\Nancy.Validation.DataAnnotations.Tests.csproj", "{EF3149F4-59C1-4896-989E-59D9D5F9050A}"
EndProject
Project("{9A19103F-16F7-4668-BE54-9A1E7A4F7556}") = "Nancy.Validation.DataAnnotations", "src\Nancy.Validation.DataAnnotations\Nancy.Validation.DataAnnotations.csproj", "{FA2462FE-A439-48C5-976D-491F73C25CE1}"
EndProject
Project("{9A19103F-16F7-4668-BE54-9A1E7A4F7556}") = "Nancy.Tests.Functional", "test\Nancy.Tests.Functional\Nancy.Tests.Functional.csproj", "{7944AA31-16BA-43A8-A9CB-2ED758518C9E}"
EndProject
Project("{9A19103F-16F7-4668-BE54-9A1E7A4F7556}") = "Nancy.Tests", "test\Nancy.Tests\Nancy.Tests.csproj", "{9C383F09-8936-42ED-B9A6-ED3300AECB1C}"
EndProject
Project("{9A19103F-16F7-4668-BE54-9A1E7A4F7556}") = "Nancy.Testing.Tests", "test\Nancy.Testing.Tests\Nancy.Testing.Tests.csproj", "{5E5AF23F-61F6-4B44-B682-2D141B54DF5C}"
EndProject
Project("{9A19103F-16F7-4668-BE54-9A1E7A4F7556}") = "Nancy.Owin.Tests", "test\Nancy.Owin.Tests\Nancy.Owin.Tests.csproj", "{C0A85A7D-9D7F-4A6C-BA33-9E79050CF522}"
EndProject
Project("{9A19103F-16F7-4668-BE54-9A1E7A4F7556}") = "Nancy.Owin", "src\Nancy.Owin\Nancy.Owin.csproj", "{23C68B10-36FD-41DE-AAA3-77BEDFD63945}"
EndProject
Project("{9A19103F-16F7-4668-BE54-9A1E7A4F7556}") = "Nancy.Metadata.Modules.Tests", "test\Nancy.Metadata.Modules.Tests\Nancy.Metadata.Modules.Tests.csproj", "{8302F65E-035F-45D7-B894-915B68B72711}"
EndProject
Project("{9A19103F-16F7-4668-BE54-9A1E7A4F7556}") = "Nancy.Metadata.Modules", "src\Nancy.Metadata.Modules\Nancy.Metadata.Modules.csproj", "{89DED7A5-7334-4852-A1FC-9266AD0EF388}"
EndProject
Project("{9A19103F-16F7-4668-BE54-9A1E7A4F7556}") = "Nancy.Hosting.Self.Tests", "test\Nancy.Hosting.Self.Tests\Nancy.Hosting.Self.Tests.csproj", "{8909AB97-EDD6-4AB2-B733-A543ACB957CA}"
EndProject
Project("{9A19103F-16F7-4668-BE54-9A1E7A4F7556}") = "Nancy.Hosting.Self", "src\Nancy.Hosting.Self\Nancy.Hosting.Self.csproj", "{AA837BCA-A2D6-4F74-95BC-1F6A66146562}"
EndProject
Project("{9A19103F-16F7-4668-BE54-9A1E7A4F7556}") = "Nancy.Hosting.Aspnet.Tests", "test\Nancy.Hosting.Aspnet.Tests\Nancy.Hosting.Aspnet.Tests.csproj", "{53FB25E0-C8CB-4D65-8D94-6FA627BF9760}"
EndProject
Project("{9A19103F-16F7-4668-BE54-9A1E7A4F7556}") = "Nancy.Hosting.Aspnet", "src\Nancy.Hosting.Aspnet\Nancy.Hosting.Aspnet.csproj", "{833A65BC-5B37-468D-8BB4-2343CEFDFA5D}"
EndProject
Project("{9A19103F-16F7-4668-BE54-9A1E7A4F7556}") = "Nancy.Encryption.MachineKey.Tests", "test\Nancy.Encryption.MachineKey.Tests\Nancy.Encryption.MachineKey.Tests.csproj", "{C42C352E-F3E2-41F6-A446-0CACDA5096AF}"
EndProject
Project("{9A19103F-16F7-4668-BE54-9A1E7A4F7556}") = "Nancy.Encryption.MachineKey", "src\Nancy.Encryption.MachineKey\Nancy.Encryption.MachineKey.csproj", "{EF313B39-68CF-45D1-9094-BDDCCAC9DB2D}"
EndProject
Project("{9A19103F-16F7-4668-BE54-9A1E7A4F7556}") = "Nancy.Embedded.Tests", "test\Nancy.Embedded.Tests\Nancy.Embedded.Tests.csproj", "{8A936050-5B84-4711-A235-2BA36A445B26}"
EndProject
Project("{9A19103F-16F7-4668-BE54-9A1E7A4F7556}") = "Nancy.Embedded", "src\Nancy.Embedded\Nancy.Embedded.csproj", "{8120B952-D9BC-450A-B691-C030177CD24D}"
EndProject
Project("{9A19103F-16F7-4668-BE54-9A1E7A4F7556}") = "Nancy.Authentication.Forms.Tests", "test\Nancy.Authentication.Forms.Tests\Nancy.Authentication.Forms.Tests.csproj", "{E3C25A1C-2754-4134-8780-1F0A247D6850}"
EndProject
Project("{9A19103F-16F7-4668-BE54-9A1E7A4F7556}") = "Nancy.Authentication.Basic.Tests", "test\Nancy.Authentication.Basic.Tests\Nancy.Authentication.Basic.Tests.csproj", "{5323D32E-0CF2-41B6-AF91-37F744AC1554}"
EndProject
Project("{9A19103F-16F7-4668-BE54-9A1E7A4F7556}") = "Nancy.Authentication.Basic", "src\Nancy.Authentication.Basic\Nancy.Authentication.Basic.csproj", "{22E99FEC-8DFC-4E87-90EE-BC7F6E988DAD}"
EndProject
Project("{9A19103F-16F7-4668-BE54-9A1E7A4F7556}") = "Nancy.ViewEngines.Spark", "src\Nancy.ViewEngines.Spark\Nancy.ViewEngines.Spark.csproj", "{0E546413-BBF8-40B3-8534-8D1D986AA888}"
EndProject
Project("{9A19103F-16F7-4668-BE54-9A1E7A4F7556}") = "Nancy.ViewEngines.Razor.BuildProviders", "src\Nancy.ViewEngines.Razor.BuildProviders\Nancy.ViewEngines.Razor.BuildProviders.csproj", "{D92ADA88-361B-480A-81D2-AE1F7B2E0660}"
EndProject
Project("{9A19103F-16F7-4668-BE54-9A1E7A4F7556}") = "Nancy.ViewEngines.Nustache", "src\Nancy.ViewEngines.Nustache\Nancy.ViewEngines.Nustache.csproj", "{4FB42026-81C2-47B3-99A4-751452E64814}"
EndProject
Project("{9A19103F-16F7-4668-BE54-9A1E7A4F7556}") = "Nancy.Authentication.Stateless", "src\Nancy.Authentication.Stateless\Nancy.Authentication.Stateless.csproj", "{EEEE504F-24AC-4932-9B28-F684AB20FB50}"
EndProject
Project("{9A19103F-16F7-4668-BE54-9A1E7A4F7556}") = "Nancy.Demo.Hosting.Kestrel", "samples\Nancy.Demo.Hosting.Kestrel\Nancy.Demo.Hosting.Kestrel.csproj", "{3AF8D59E-D10A-46DE-97A6-0A6C156F22CD}"
EndProject
Project("{9A19103F-16F7-4668-BE54-9A1E7A4F7556}") = "Nancy.ViewEngines.Spark.Tests", "test\Nancy.ViewEngines.Spark.Tests\Nancy.ViewEngines.Spark.Tests.csproj", "{08C1D823-E8E1-4D86-8F73-A9F3AE8FEFC7}"
EndProject
Global
	GlobalSection(SolutionConfigurationPlatforms) = preSolution
		Debug|Any CPU = Debug|Any CPU
		Debug|x64 = Debug|x64
		Debug|x86 = Debug|x86
		Release|Any CPU = Release|Any CPU
		Release|x64 = Release|x64
		Release|x86 = Release|x86
	EndGlobalSection
	GlobalSection(ProjectConfigurationPlatforms) = postSolution
		{0E7E06C1-C223-4975-A9DB-D338EBF0A9BC}.Debug|Any CPU.ActiveCfg = Debug|Any CPU
		{0E7E06C1-C223-4975-A9DB-D338EBF0A9BC}.Debug|Any CPU.Build.0 = Debug|Any CPU
		{0E7E06C1-C223-4975-A9DB-D338EBF0A9BC}.Debug|x64.ActiveCfg = Debug|Any CPU
		{0E7E06C1-C223-4975-A9DB-D338EBF0A9BC}.Debug|x64.Build.0 = Debug|Any CPU
		{0E7E06C1-C223-4975-A9DB-D338EBF0A9BC}.Debug|x86.ActiveCfg = Debug|Any CPU
		{0E7E06C1-C223-4975-A9DB-D338EBF0A9BC}.Debug|x86.Build.0 = Debug|Any CPU
		{0E7E06C1-C223-4975-A9DB-D338EBF0A9BC}.Release|Any CPU.ActiveCfg = Release|Any CPU
		{0E7E06C1-C223-4975-A9DB-D338EBF0A9BC}.Release|Any CPU.Build.0 = Release|Any CPU
		{0E7E06C1-C223-4975-A9DB-D338EBF0A9BC}.Release|x64.ActiveCfg = Release|Any CPU
		{0E7E06C1-C223-4975-A9DB-D338EBF0A9BC}.Release|x64.Build.0 = Release|Any CPU
		{0E7E06C1-C223-4975-A9DB-D338EBF0A9BC}.Release|x86.ActiveCfg = Release|Any CPU
		{0E7E06C1-C223-4975-A9DB-D338EBF0A9BC}.Release|x86.Build.0 = Release|Any CPU
		{06B9857A-02A6-430D-B579-98A762C281D3}.Debug|Any CPU.ActiveCfg = Debug|Any CPU
		{06B9857A-02A6-430D-B579-98A762C281D3}.Debug|Any CPU.Build.0 = Debug|Any CPU
		{06B9857A-02A6-430D-B579-98A762C281D3}.Debug|x64.ActiveCfg = Debug|Any CPU
		{06B9857A-02A6-430D-B579-98A762C281D3}.Debug|x64.Build.0 = Debug|Any CPU
		{06B9857A-02A6-430D-B579-98A762C281D3}.Debug|x86.ActiveCfg = Debug|Any CPU
		{06B9857A-02A6-430D-B579-98A762C281D3}.Debug|x86.Build.0 = Debug|Any CPU
		{06B9857A-02A6-430D-B579-98A762C281D3}.Release|Any CPU.ActiveCfg = Release|Any CPU
		{06B9857A-02A6-430D-B579-98A762C281D3}.Release|Any CPU.Build.0 = Release|Any CPU
		{06B9857A-02A6-430D-B579-98A762C281D3}.Release|x64.ActiveCfg = Release|Any CPU
		{06B9857A-02A6-430D-B579-98A762C281D3}.Release|x64.Build.0 = Release|Any CPU
		{06B9857A-02A6-430D-B579-98A762C281D3}.Release|x86.ActiveCfg = Release|Any CPU
		{06B9857A-02A6-430D-B579-98A762C281D3}.Release|x86.Build.0 = Release|Any CPU
		{ADAB2C6B-10FE-4B31-BCD2-E2EFA69D5A66}.Debug|Any CPU.ActiveCfg = Debug|Any CPU
		{ADAB2C6B-10FE-4B31-BCD2-E2EFA69D5A66}.Debug|Any CPU.Build.0 = Debug|Any CPU
		{ADAB2C6B-10FE-4B31-BCD2-E2EFA69D5A66}.Debug|x64.ActiveCfg = Debug|Any CPU
		{ADAB2C6B-10FE-4B31-BCD2-E2EFA69D5A66}.Debug|x64.Build.0 = Debug|Any CPU
		{ADAB2C6B-10FE-4B31-BCD2-E2EFA69D5A66}.Debug|x86.ActiveCfg = Debug|Any CPU
		{ADAB2C6B-10FE-4B31-BCD2-E2EFA69D5A66}.Debug|x86.Build.0 = Debug|Any CPU
		{ADAB2C6B-10FE-4B31-BCD2-E2EFA69D5A66}.Release|Any CPU.ActiveCfg = Release|Any CPU
		{ADAB2C6B-10FE-4B31-BCD2-E2EFA69D5A66}.Release|Any CPU.Build.0 = Release|Any CPU
		{ADAB2C6B-10FE-4B31-BCD2-E2EFA69D5A66}.Release|x64.ActiveCfg = Release|Any CPU
		{ADAB2C6B-10FE-4B31-BCD2-E2EFA69D5A66}.Release|x64.Build.0 = Release|Any CPU
		{ADAB2C6B-10FE-4B31-BCD2-E2EFA69D5A66}.Release|x86.ActiveCfg = Release|Any CPU
		{ADAB2C6B-10FE-4B31-BCD2-E2EFA69D5A66}.Release|x86.Build.0 = Release|Any CPU
		{66119997-5949-45D6-9175-F1C7C599A8F5}.Debug|Any CPU.ActiveCfg = Debug|Any CPU
		{66119997-5949-45D6-9175-F1C7C599A8F5}.Debug|Any CPU.Build.0 = Debug|Any CPU
		{66119997-5949-45D6-9175-F1C7C599A8F5}.Debug|x64.ActiveCfg = Debug|Any CPU
		{66119997-5949-45D6-9175-F1C7C599A8F5}.Debug|x64.Build.0 = Debug|Any CPU
		{66119997-5949-45D6-9175-F1C7C599A8F5}.Debug|x86.ActiveCfg = Debug|Any CPU
		{66119997-5949-45D6-9175-F1C7C599A8F5}.Debug|x86.Build.0 = Debug|Any CPU
		{66119997-5949-45D6-9175-F1C7C599A8F5}.Release|Any CPU.ActiveCfg = Release|Any CPU
		{66119997-5949-45D6-9175-F1C7C599A8F5}.Release|Any CPU.Build.0 = Release|Any CPU
		{66119997-5949-45D6-9175-F1C7C599A8F5}.Release|x64.ActiveCfg = Release|Any CPU
		{66119997-5949-45D6-9175-F1C7C599A8F5}.Release|x64.Build.0 = Release|Any CPU
		{66119997-5949-45D6-9175-F1C7C599A8F5}.Release|x86.ActiveCfg = Release|Any CPU
		{66119997-5949-45D6-9175-F1C7C599A8F5}.Release|x86.Build.0 = Release|Any CPU
		{D1D2622E-ACF7-479C-ABC8-E1B94E41D9D5}.Debug|Any CPU.ActiveCfg = Debug|Any CPU
		{D1D2622E-ACF7-479C-ABC8-E1B94E41D9D5}.Debug|Any CPU.Build.0 = Debug|Any CPU
		{D1D2622E-ACF7-479C-ABC8-E1B94E41D9D5}.Debug|x64.ActiveCfg = Debug|Any CPU
		{D1D2622E-ACF7-479C-ABC8-E1B94E41D9D5}.Debug|x64.Build.0 = Debug|Any CPU
		{D1D2622E-ACF7-479C-ABC8-E1B94E41D9D5}.Debug|x86.ActiveCfg = Debug|Any CPU
		{D1D2622E-ACF7-479C-ABC8-E1B94E41D9D5}.Debug|x86.Build.0 = Debug|Any CPU
		{D1D2622E-ACF7-479C-ABC8-E1B94E41D9D5}.Release|Any CPU.ActiveCfg = Release|Any CPU
		{D1D2622E-ACF7-479C-ABC8-E1B94E41D9D5}.Release|Any CPU.Build.0 = Release|Any CPU
		{D1D2622E-ACF7-479C-ABC8-E1B94E41D9D5}.Release|x64.ActiveCfg = Release|Any CPU
		{D1D2622E-ACF7-479C-ABC8-E1B94E41D9D5}.Release|x64.Build.0 = Release|Any CPU
		{D1D2622E-ACF7-479C-ABC8-E1B94E41D9D5}.Release|x86.ActiveCfg = Release|Any CPU
		{D1D2622E-ACF7-479C-ABC8-E1B94E41D9D5}.Release|x86.Build.0 = Release|Any CPU
		{09F5EB90-1063-4338-A146-25F7BE8BFF43}.Debug|Any CPU.ActiveCfg = Debug|Any CPU
		{09F5EB90-1063-4338-A146-25F7BE8BFF43}.Debug|Any CPU.Build.0 = Debug|Any CPU
		{09F5EB90-1063-4338-A146-25F7BE8BFF43}.Debug|x64.ActiveCfg = Debug|Any CPU
		{09F5EB90-1063-4338-A146-25F7BE8BFF43}.Debug|x64.Build.0 = Debug|Any CPU
		{09F5EB90-1063-4338-A146-25F7BE8BFF43}.Debug|x86.ActiveCfg = Debug|Any CPU
		{09F5EB90-1063-4338-A146-25F7BE8BFF43}.Debug|x86.Build.0 = Debug|Any CPU
		{09F5EB90-1063-4338-A146-25F7BE8BFF43}.Release|Any CPU.ActiveCfg = Release|Any CPU
		{09F5EB90-1063-4338-A146-25F7BE8BFF43}.Release|Any CPU.Build.0 = Release|Any CPU
		{09F5EB90-1063-4338-A146-25F7BE8BFF43}.Release|x64.ActiveCfg = Release|Any CPU
		{09F5EB90-1063-4338-A146-25F7BE8BFF43}.Release|x64.Build.0 = Release|Any CPU
		{09F5EB90-1063-4338-A146-25F7BE8BFF43}.Release|x86.ActiveCfg = Release|Any CPU
		{09F5EB90-1063-4338-A146-25F7BE8BFF43}.Release|x86.Build.0 = Release|Any CPU
		{1CA8D3D3-B6A6-4006-AA96-671CB41D6391}.Debug|Any CPU.ActiveCfg = Debug|Any CPU
		{1CA8D3D3-B6A6-4006-AA96-671CB41D6391}.Debug|Any CPU.Build.0 = Debug|Any CPU
		{1CA8D3D3-B6A6-4006-AA96-671CB41D6391}.Debug|x64.ActiveCfg = Debug|Any CPU
		{1CA8D3D3-B6A6-4006-AA96-671CB41D6391}.Debug|x64.Build.0 = Debug|Any CPU
		{1CA8D3D3-B6A6-4006-AA96-671CB41D6391}.Debug|x86.ActiveCfg = Debug|Any CPU
		{1CA8D3D3-B6A6-4006-AA96-671CB41D6391}.Debug|x86.Build.0 = Debug|Any CPU
		{1CA8D3D3-B6A6-4006-AA96-671CB41D6391}.Release|Any CPU.ActiveCfg = Release|Any CPU
		{1CA8D3D3-B6A6-4006-AA96-671CB41D6391}.Release|Any CPU.Build.0 = Release|Any CPU
		{1CA8D3D3-B6A6-4006-AA96-671CB41D6391}.Release|x64.ActiveCfg = Release|Any CPU
		{1CA8D3D3-B6A6-4006-AA96-671CB41D6391}.Release|x64.Build.0 = Release|Any CPU
		{1CA8D3D3-B6A6-4006-AA96-671CB41D6391}.Release|x86.ActiveCfg = Release|Any CPU
		{1CA8D3D3-B6A6-4006-AA96-671CB41D6391}.Release|x86.Build.0 = Release|Any CPU
		{CCB5075B-C50A-4CD1-983A-2D51DC2430F4}.Debug|Any CPU.ActiveCfg = Debug|Any CPU
		{CCB5075B-C50A-4CD1-983A-2D51DC2430F4}.Debug|Any CPU.Build.0 = Debug|Any CPU
		{CCB5075B-C50A-4CD1-983A-2D51DC2430F4}.Debug|x64.ActiveCfg = Debug|Any CPU
		{CCB5075B-C50A-4CD1-983A-2D51DC2430F4}.Debug|x64.Build.0 = Debug|Any CPU
		{CCB5075B-C50A-4CD1-983A-2D51DC2430F4}.Debug|x86.ActiveCfg = Debug|Any CPU
		{CCB5075B-C50A-4CD1-983A-2D51DC2430F4}.Debug|x86.Build.0 = Debug|Any CPU
		{CCB5075B-C50A-4CD1-983A-2D51DC2430F4}.Release|Any CPU.ActiveCfg = Release|Any CPU
		{CCB5075B-C50A-4CD1-983A-2D51DC2430F4}.Release|Any CPU.Build.0 = Release|Any CPU
		{CCB5075B-C50A-4CD1-983A-2D51DC2430F4}.Release|x64.ActiveCfg = Release|Any CPU
		{CCB5075B-C50A-4CD1-983A-2D51DC2430F4}.Release|x64.Build.0 = Release|Any CPU
		{CCB5075B-C50A-4CD1-983A-2D51DC2430F4}.Release|x86.ActiveCfg = Release|Any CPU
		{CCB5075B-C50A-4CD1-983A-2D51DC2430F4}.Release|x86.Build.0 = Release|Any CPU
		{89C49FF5-9441-4DE8-A33F-1B2852401A54}.Debug|Any CPU.ActiveCfg = Debug|Any CPU
		{89C49FF5-9441-4DE8-A33F-1B2852401A54}.Debug|Any CPU.Build.0 = Debug|Any CPU
		{89C49FF5-9441-4DE8-A33F-1B2852401A54}.Debug|x64.ActiveCfg = Debug|Any CPU
		{89C49FF5-9441-4DE8-A33F-1B2852401A54}.Debug|x64.Build.0 = Debug|Any CPU
		{89C49FF5-9441-4DE8-A33F-1B2852401A54}.Debug|x86.ActiveCfg = Debug|Any CPU
		{89C49FF5-9441-4DE8-A33F-1B2852401A54}.Debug|x86.Build.0 = Debug|Any CPU
		{89C49FF5-9441-4DE8-A33F-1B2852401A54}.Release|Any CPU.ActiveCfg = Release|Any CPU
		{89C49FF5-9441-4DE8-A33F-1B2852401A54}.Release|Any CPU.Build.0 = Release|Any CPU
		{89C49FF5-9441-4DE8-A33F-1B2852401A54}.Release|x64.ActiveCfg = Release|Any CPU
		{89C49FF5-9441-4DE8-A33F-1B2852401A54}.Release|x64.Build.0 = Release|Any CPU
		{89C49FF5-9441-4DE8-A33F-1B2852401A54}.Release|x86.ActiveCfg = Release|Any CPU
		{89C49FF5-9441-4DE8-A33F-1B2852401A54}.Release|x86.Build.0 = Release|Any CPU
		{9F16EBDF-4546-43C2-82B8-7D698F7A1E89}.Debug|Any CPU.ActiveCfg = Debug|Any CPU
		{9F16EBDF-4546-43C2-82B8-7D698F7A1E89}.Debug|Any CPU.Build.0 = Debug|Any CPU
		{9F16EBDF-4546-43C2-82B8-7D698F7A1E89}.Debug|x64.ActiveCfg = Debug|Any CPU
		{9F16EBDF-4546-43C2-82B8-7D698F7A1E89}.Debug|x64.Build.0 = Debug|Any CPU
		{9F16EBDF-4546-43C2-82B8-7D698F7A1E89}.Debug|x86.ActiveCfg = Debug|Any CPU
		{9F16EBDF-4546-43C2-82B8-7D698F7A1E89}.Debug|x86.Build.0 = Debug|Any CPU
		{9F16EBDF-4546-43C2-82B8-7D698F7A1E89}.Release|Any CPU.ActiveCfg = Release|Any CPU
		{9F16EBDF-4546-43C2-82B8-7D698F7A1E89}.Release|Any CPU.Build.0 = Release|Any CPU
		{9F16EBDF-4546-43C2-82B8-7D698F7A1E89}.Release|x64.ActiveCfg = Release|Any CPU
		{9F16EBDF-4546-43C2-82B8-7D698F7A1E89}.Release|x64.Build.0 = Release|Any CPU
		{9F16EBDF-4546-43C2-82B8-7D698F7A1E89}.Release|x86.ActiveCfg = Release|Any CPU
		{9F16EBDF-4546-43C2-82B8-7D698F7A1E89}.Release|x86.Build.0 = Release|Any CPU
		{0E9B466C-1151-4AE9-A55A-6377A25F8235}.Debug|Any CPU.ActiveCfg = Debug|Any CPU
		{0E9B466C-1151-4AE9-A55A-6377A25F8235}.Debug|Any CPU.Build.0 = Debug|Any CPU
		{0E9B466C-1151-4AE9-A55A-6377A25F8235}.Debug|x64.ActiveCfg = Debug|Any CPU
		{0E9B466C-1151-4AE9-A55A-6377A25F8235}.Debug|x64.Build.0 = Debug|Any CPU
		{0E9B466C-1151-4AE9-A55A-6377A25F8235}.Debug|x86.ActiveCfg = Debug|Any CPU
		{0E9B466C-1151-4AE9-A55A-6377A25F8235}.Debug|x86.Build.0 = Debug|Any CPU
		{0E9B466C-1151-4AE9-A55A-6377A25F8235}.Release|Any CPU.ActiveCfg = Release|Any CPU
		{0E9B466C-1151-4AE9-A55A-6377A25F8235}.Release|Any CPU.Build.0 = Release|Any CPU
		{0E9B466C-1151-4AE9-A55A-6377A25F8235}.Release|x64.ActiveCfg = Release|Any CPU
		{0E9B466C-1151-4AE9-A55A-6377A25F8235}.Release|x64.Build.0 = Release|Any CPU
		{0E9B466C-1151-4AE9-A55A-6377A25F8235}.Release|x86.ActiveCfg = Release|Any CPU
		{0E9B466C-1151-4AE9-A55A-6377A25F8235}.Release|x86.Build.0 = Release|Any CPU
		{33D5FB92-074E-4C13-BFD6-21184DD0013A}.Debug|Any CPU.ActiveCfg = Debug|Any CPU
		{33D5FB92-074E-4C13-BFD6-21184DD0013A}.Debug|Any CPU.Build.0 = Debug|Any CPU
		{33D5FB92-074E-4C13-BFD6-21184DD0013A}.Debug|x64.ActiveCfg = Debug|Any CPU
		{33D5FB92-074E-4C13-BFD6-21184DD0013A}.Debug|x64.Build.0 = Debug|Any CPU
		{33D5FB92-074E-4C13-BFD6-21184DD0013A}.Debug|x86.ActiveCfg = Debug|Any CPU
		{33D5FB92-074E-4C13-BFD6-21184DD0013A}.Debug|x86.Build.0 = Debug|Any CPU
		{33D5FB92-074E-4C13-BFD6-21184DD0013A}.Release|Any CPU.ActiveCfg = Release|Any CPU
		{33D5FB92-074E-4C13-BFD6-21184DD0013A}.Release|Any CPU.Build.0 = Release|Any CPU
		{33D5FB92-074E-4C13-BFD6-21184DD0013A}.Release|x64.ActiveCfg = Release|Any CPU
		{33D5FB92-074E-4C13-BFD6-21184DD0013A}.Release|x64.Build.0 = Release|Any CPU
		{33D5FB92-074E-4C13-BFD6-21184DD0013A}.Release|x86.ActiveCfg = Release|Any CPU
		{33D5FB92-074E-4C13-BFD6-21184DD0013A}.Release|x86.Build.0 = Release|Any CPU
		{EF3149F4-59C1-4896-989E-59D9D5F9050A}.Debug|Any CPU.ActiveCfg = Debug|Any CPU
		{EF3149F4-59C1-4896-989E-59D9D5F9050A}.Debug|Any CPU.Build.0 = Debug|Any CPU
		{EF3149F4-59C1-4896-989E-59D9D5F9050A}.Debug|x64.ActiveCfg = Debug|Any CPU
		{EF3149F4-59C1-4896-989E-59D9D5F9050A}.Debug|x64.Build.0 = Debug|Any CPU
		{EF3149F4-59C1-4896-989E-59D9D5F9050A}.Debug|x86.ActiveCfg = Debug|Any CPU
		{EF3149F4-59C1-4896-989E-59D9D5F9050A}.Debug|x86.Build.0 = Debug|Any CPU
		{EF3149F4-59C1-4896-989E-59D9D5F9050A}.Release|Any CPU.ActiveCfg = Release|Any CPU
		{EF3149F4-59C1-4896-989E-59D9D5F9050A}.Release|Any CPU.Build.0 = Release|Any CPU
		{EF3149F4-59C1-4896-989E-59D9D5F9050A}.Release|x64.ActiveCfg = Release|Any CPU
		{EF3149F4-59C1-4896-989E-59D9D5F9050A}.Release|x64.Build.0 = Release|Any CPU
		{EF3149F4-59C1-4896-989E-59D9D5F9050A}.Release|x86.ActiveCfg = Release|Any CPU
		{EF3149F4-59C1-4896-989E-59D9D5F9050A}.Release|x86.Build.0 = Release|Any CPU
		{FA2462FE-A439-48C5-976D-491F73C25CE1}.Debug|Any CPU.ActiveCfg = Debug|Any CPU
		{FA2462FE-A439-48C5-976D-491F73C25CE1}.Debug|Any CPU.Build.0 = Debug|Any CPU
		{FA2462FE-A439-48C5-976D-491F73C25CE1}.Debug|x64.ActiveCfg = Debug|Any CPU
		{FA2462FE-A439-48C5-976D-491F73C25CE1}.Debug|x64.Build.0 = Debug|Any CPU
		{FA2462FE-A439-48C5-976D-491F73C25CE1}.Debug|x86.ActiveCfg = Debug|Any CPU
		{FA2462FE-A439-48C5-976D-491F73C25CE1}.Debug|x86.Build.0 = Debug|Any CPU
		{FA2462FE-A439-48C5-976D-491F73C25CE1}.Release|Any CPU.ActiveCfg = Release|Any CPU
		{FA2462FE-A439-48C5-976D-491F73C25CE1}.Release|Any CPU.Build.0 = Release|Any CPU
		{FA2462FE-A439-48C5-976D-491F73C25CE1}.Release|x64.ActiveCfg = Release|Any CPU
		{FA2462FE-A439-48C5-976D-491F73C25CE1}.Release|x64.Build.0 = Release|Any CPU
		{FA2462FE-A439-48C5-976D-491F73C25CE1}.Release|x86.ActiveCfg = Release|Any CPU
		{FA2462FE-A439-48C5-976D-491F73C25CE1}.Release|x86.Build.0 = Release|Any CPU
		{7944AA31-16BA-43A8-A9CB-2ED758518C9E}.Debug|Any CPU.ActiveCfg = Debug|Any CPU
		{7944AA31-16BA-43A8-A9CB-2ED758518C9E}.Debug|Any CPU.Build.0 = Debug|Any CPU
		{7944AA31-16BA-43A8-A9CB-2ED758518C9E}.Debug|x64.ActiveCfg = Debug|Any CPU
		{7944AA31-16BA-43A8-A9CB-2ED758518C9E}.Debug|x64.Build.0 = Debug|Any CPU
		{7944AA31-16BA-43A8-A9CB-2ED758518C9E}.Debug|x86.ActiveCfg = Debug|Any CPU
		{7944AA31-16BA-43A8-A9CB-2ED758518C9E}.Debug|x86.Build.0 = Debug|Any CPU
		{7944AA31-16BA-43A8-A9CB-2ED758518C9E}.Release|Any CPU.ActiveCfg = Release|Any CPU
		{7944AA31-16BA-43A8-A9CB-2ED758518C9E}.Release|Any CPU.Build.0 = Release|Any CPU
		{7944AA31-16BA-43A8-A9CB-2ED758518C9E}.Release|x64.ActiveCfg = Release|Any CPU
		{7944AA31-16BA-43A8-A9CB-2ED758518C9E}.Release|x64.Build.0 = Release|Any CPU
		{7944AA31-16BA-43A8-A9CB-2ED758518C9E}.Release|x86.ActiveCfg = Release|Any CPU
		{7944AA31-16BA-43A8-A9CB-2ED758518C9E}.Release|x86.Build.0 = Release|Any CPU
		{9C383F09-8936-42ED-B9A6-ED3300AECB1C}.Debug|Any CPU.ActiveCfg = Debug|Any CPU
		{9C383F09-8936-42ED-B9A6-ED3300AECB1C}.Debug|Any CPU.Build.0 = Debug|Any CPU
		{9C383F09-8936-42ED-B9A6-ED3300AECB1C}.Debug|x64.ActiveCfg = Debug|Any CPU
		{9C383F09-8936-42ED-B9A6-ED3300AECB1C}.Debug|x64.Build.0 = Debug|Any CPU
		{9C383F09-8936-42ED-B9A6-ED3300AECB1C}.Debug|x86.ActiveCfg = Debug|Any CPU
		{9C383F09-8936-42ED-B9A6-ED3300AECB1C}.Debug|x86.Build.0 = Debug|Any CPU
		{9C383F09-8936-42ED-B9A6-ED3300AECB1C}.Release|Any CPU.ActiveCfg = Release|Any CPU
		{9C383F09-8936-42ED-B9A6-ED3300AECB1C}.Release|Any CPU.Build.0 = Release|Any CPU
		{9C383F09-8936-42ED-B9A6-ED3300AECB1C}.Release|x64.ActiveCfg = Release|Any CPU
		{9C383F09-8936-42ED-B9A6-ED3300AECB1C}.Release|x64.Build.0 = Release|Any CPU
		{9C383F09-8936-42ED-B9A6-ED3300AECB1C}.Release|x86.ActiveCfg = Release|Any CPU
		{9C383F09-8936-42ED-B9A6-ED3300AECB1C}.Release|x86.Build.0 = Release|Any CPU
		{5E5AF23F-61F6-4B44-B682-2D141B54DF5C}.Debug|Any CPU.ActiveCfg = Debug|Any CPU
		{5E5AF23F-61F6-4B44-B682-2D141B54DF5C}.Debug|Any CPU.Build.0 = Debug|Any CPU
		{5E5AF23F-61F6-4B44-B682-2D141B54DF5C}.Debug|x64.ActiveCfg = Debug|Any CPU
		{5E5AF23F-61F6-4B44-B682-2D141B54DF5C}.Debug|x64.Build.0 = Debug|Any CPU
		{5E5AF23F-61F6-4B44-B682-2D141B54DF5C}.Debug|x86.ActiveCfg = Debug|Any CPU
		{5E5AF23F-61F6-4B44-B682-2D141B54DF5C}.Debug|x86.Build.0 = Debug|Any CPU
		{5E5AF23F-61F6-4B44-B682-2D141B54DF5C}.Release|Any CPU.ActiveCfg = Release|Any CPU
		{5E5AF23F-61F6-4B44-B682-2D141B54DF5C}.Release|Any CPU.Build.0 = Release|Any CPU
		{5E5AF23F-61F6-4B44-B682-2D141B54DF5C}.Release|x64.ActiveCfg = Release|Any CPU
		{5E5AF23F-61F6-4B44-B682-2D141B54DF5C}.Release|x64.Build.0 = Release|Any CPU
		{5E5AF23F-61F6-4B44-B682-2D141B54DF5C}.Release|x86.ActiveCfg = Release|Any CPU
		{5E5AF23F-61F6-4B44-B682-2D141B54DF5C}.Release|x86.Build.0 = Release|Any CPU
		{C0A85A7D-9D7F-4A6C-BA33-9E79050CF522}.Debug|Any CPU.ActiveCfg = Debug|Any CPU
		{C0A85A7D-9D7F-4A6C-BA33-9E79050CF522}.Debug|Any CPU.Build.0 = Debug|Any CPU
		{C0A85A7D-9D7F-4A6C-BA33-9E79050CF522}.Debug|x64.ActiveCfg = Debug|Any CPU
		{C0A85A7D-9D7F-4A6C-BA33-9E79050CF522}.Debug|x64.Build.0 = Debug|Any CPU
		{C0A85A7D-9D7F-4A6C-BA33-9E79050CF522}.Debug|x86.ActiveCfg = Debug|Any CPU
		{C0A85A7D-9D7F-4A6C-BA33-9E79050CF522}.Debug|x86.Build.0 = Debug|Any CPU
		{C0A85A7D-9D7F-4A6C-BA33-9E79050CF522}.Release|Any CPU.ActiveCfg = Release|Any CPU
		{C0A85A7D-9D7F-4A6C-BA33-9E79050CF522}.Release|Any CPU.Build.0 = Release|Any CPU
		{C0A85A7D-9D7F-4A6C-BA33-9E79050CF522}.Release|x64.ActiveCfg = Release|Any CPU
		{C0A85A7D-9D7F-4A6C-BA33-9E79050CF522}.Release|x64.Build.0 = Release|Any CPU
		{C0A85A7D-9D7F-4A6C-BA33-9E79050CF522}.Release|x86.ActiveCfg = Release|Any CPU
		{C0A85A7D-9D7F-4A6C-BA33-9E79050CF522}.Release|x86.Build.0 = Release|Any CPU
		{23C68B10-36FD-41DE-AAA3-77BEDFD63945}.Debug|Any CPU.ActiveCfg = Debug|Any CPU
		{23C68B10-36FD-41DE-AAA3-77BEDFD63945}.Debug|Any CPU.Build.0 = Debug|Any CPU
		{23C68B10-36FD-41DE-AAA3-77BEDFD63945}.Debug|x64.ActiveCfg = Debug|Any CPU
		{23C68B10-36FD-41DE-AAA3-77BEDFD63945}.Debug|x64.Build.0 = Debug|Any CPU
		{23C68B10-36FD-41DE-AAA3-77BEDFD63945}.Debug|x86.ActiveCfg = Debug|Any CPU
		{23C68B10-36FD-41DE-AAA3-77BEDFD63945}.Debug|x86.Build.0 = Debug|Any CPU
		{23C68B10-36FD-41DE-AAA3-77BEDFD63945}.Release|Any CPU.ActiveCfg = Release|Any CPU
		{23C68B10-36FD-41DE-AAA3-77BEDFD63945}.Release|Any CPU.Build.0 = Release|Any CPU
		{23C68B10-36FD-41DE-AAA3-77BEDFD63945}.Release|x64.ActiveCfg = Release|Any CPU
		{23C68B10-36FD-41DE-AAA3-77BEDFD63945}.Release|x64.Build.0 = Release|Any CPU
		{23C68B10-36FD-41DE-AAA3-77BEDFD63945}.Release|x86.ActiveCfg = Release|Any CPU
		{23C68B10-36FD-41DE-AAA3-77BEDFD63945}.Release|x86.Build.0 = Release|Any CPU
		{8302F65E-035F-45D7-B894-915B68B72711}.Debug|Any CPU.ActiveCfg = Debug|Any CPU
		{8302F65E-035F-45D7-B894-915B68B72711}.Debug|Any CPU.Build.0 = Debug|Any CPU
		{8302F65E-035F-45D7-B894-915B68B72711}.Debug|x64.ActiveCfg = Debug|Any CPU
		{8302F65E-035F-45D7-B894-915B68B72711}.Debug|x64.Build.0 = Debug|Any CPU
		{8302F65E-035F-45D7-B894-915B68B72711}.Debug|x86.ActiveCfg = Debug|Any CPU
		{8302F65E-035F-45D7-B894-915B68B72711}.Debug|x86.Build.0 = Debug|Any CPU
		{8302F65E-035F-45D7-B894-915B68B72711}.Release|Any CPU.ActiveCfg = Release|Any CPU
		{8302F65E-035F-45D7-B894-915B68B72711}.Release|Any CPU.Build.0 = Release|Any CPU
		{8302F65E-035F-45D7-B894-915B68B72711}.Release|x64.ActiveCfg = Release|Any CPU
		{8302F65E-035F-45D7-B894-915B68B72711}.Release|x64.Build.0 = Release|Any CPU
		{8302F65E-035F-45D7-B894-915B68B72711}.Release|x86.ActiveCfg = Release|Any CPU
		{8302F65E-035F-45D7-B894-915B68B72711}.Release|x86.Build.0 = Release|Any CPU
		{89DED7A5-7334-4852-A1FC-9266AD0EF388}.Debug|Any CPU.ActiveCfg = Debug|Any CPU
		{89DED7A5-7334-4852-A1FC-9266AD0EF388}.Debug|Any CPU.Build.0 = Debug|Any CPU
		{89DED7A5-7334-4852-A1FC-9266AD0EF388}.Debug|x64.ActiveCfg = Debug|Any CPU
		{89DED7A5-7334-4852-A1FC-9266AD0EF388}.Debug|x64.Build.0 = Debug|Any CPU
		{89DED7A5-7334-4852-A1FC-9266AD0EF388}.Debug|x86.ActiveCfg = Debug|Any CPU
		{89DED7A5-7334-4852-A1FC-9266AD0EF388}.Debug|x86.Build.0 = Debug|Any CPU
		{89DED7A5-7334-4852-A1FC-9266AD0EF388}.Release|Any CPU.ActiveCfg = Release|Any CPU
		{89DED7A5-7334-4852-A1FC-9266AD0EF388}.Release|Any CPU.Build.0 = Release|Any CPU
		{89DED7A5-7334-4852-A1FC-9266AD0EF388}.Release|x64.ActiveCfg = Release|Any CPU
		{89DED7A5-7334-4852-A1FC-9266AD0EF388}.Release|x64.Build.0 = Release|Any CPU
		{89DED7A5-7334-4852-A1FC-9266AD0EF388}.Release|x86.ActiveCfg = Release|Any CPU
		{89DED7A5-7334-4852-A1FC-9266AD0EF388}.Release|x86.Build.0 = Release|Any CPU
		{8909AB97-EDD6-4AB2-B733-A543ACB957CA}.Debug|Any CPU.ActiveCfg = Debug|Any CPU
		{8909AB97-EDD6-4AB2-B733-A543ACB957CA}.Debug|Any CPU.Build.0 = Debug|Any CPU
		{8909AB97-EDD6-4AB2-B733-A543ACB957CA}.Debug|x64.ActiveCfg = Debug|Any CPU
		{8909AB97-EDD6-4AB2-B733-A543ACB957CA}.Debug|x64.Build.0 = Debug|Any CPU
		{8909AB97-EDD6-4AB2-B733-A543ACB957CA}.Debug|x86.ActiveCfg = Debug|Any CPU
		{8909AB97-EDD6-4AB2-B733-A543ACB957CA}.Debug|x86.Build.0 = Debug|Any CPU
		{8909AB97-EDD6-4AB2-B733-A543ACB957CA}.Release|Any CPU.ActiveCfg = Release|Any CPU
		{8909AB97-EDD6-4AB2-B733-A543ACB957CA}.Release|Any CPU.Build.0 = Release|Any CPU
		{8909AB97-EDD6-4AB2-B733-A543ACB957CA}.Release|x64.ActiveCfg = Release|Any CPU
		{8909AB97-EDD6-4AB2-B733-A543ACB957CA}.Release|x64.Build.0 = Release|Any CPU
		{8909AB97-EDD6-4AB2-B733-A543ACB957CA}.Release|x86.ActiveCfg = Release|Any CPU
		{8909AB97-EDD6-4AB2-B733-A543ACB957CA}.Release|x86.Build.0 = Release|Any CPU
		{AA837BCA-A2D6-4F74-95BC-1F6A66146562}.Debug|Any CPU.ActiveCfg = Debug|Any CPU
		{AA837BCA-A2D6-4F74-95BC-1F6A66146562}.Debug|Any CPU.Build.0 = Debug|Any CPU
		{AA837BCA-A2D6-4F74-95BC-1F6A66146562}.Debug|x64.ActiveCfg = Debug|Any CPU
		{AA837BCA-A2D6-4F74-95BC-1F6A66146562}.Debug|x64.Build.0 = Debug|Any CPU
		{AA837BCA-A2D6-4F74-95BC-1F6A66146562}.Debug|x86.ActiveCfg = Debug|Any CPU
		{AA837BCA-A2D6-4F74-95BC-1F6A66146562}.Debug|x86.Build.0 = Debug|Any CPU
		{AA837BCA-A2D6-4F74-95BC-1F6A66146562}.Release|Any CPU.ActiveCfg = Release|Any CPU
		{AA837BCA-A2D6-4F74-95BC-1F6A66146562}.Release|Any CPU.Build.0 = Release|Any CPU
		{AA837BCA-A2D6-4F74-95BC-1F6A66146562}.Release|x64.ActiveCfg = Release|Any CPU
		{AA837BCA-A2D6-4F74-95BC-1F6A66146562}.Release|x64.Build.0 = Release|Any CPU
		{AA837BCA-A2D6-4F74-95BC-1F6A66146562}.Release|x86.ActiveCfg = Release|Any CPU
		{AA837BCA-A2D6-4F74-95BC-1F6A66146562}.Release|x86.Build.0 = Release|Any CPU
		{53FB25E0-C8CB-4D65-8D94-6FA627BF9760}.Debug|Any CPU.ActiveCfg = Debug|Any CPU
		{53FB25E0-C8CB-4D65-8D94-6FA627BF9760}.Debug|Any CPU.Build.0 = Debug|Any CPU
		{53FB25E0-C8CB-4D65-8D94-6FA627BF9760}.Debug|x64.ActiveCfg = Debug|Any CPU
		{53FB25E0-C8CB-4D65-8D94-6FA627BF9760}.Debug|x64.Build.0 = Debug|Any CPU
		{53FB25E0-C8CB-4D65-8D94-6FA627BF9760}.Debug|x86.ActiveCfg = Debug|Any CPU
		{53FB25E0-C8CB-4D65-8D94-6FA627BF9760}.Debug|x86.Build.0 = Debug|Any CPU
		{53FB25E0-C8CB-4D65-8D94-6FA627BF9760}.Release|Any CPU.ActiveCfg = Release|Any CPU
		{53FB25E0-C8CB-4D65-8D94-6FA627BF9760}.Release|Any CPU.Build.0 = Release|Any CPU
		{53FB25E0-C8CB-4D65-8D94-6FA627BF9760}.Release|x64.ActiveCfg = Release|Any CPU
		{53FB25E0-C8CB-4D65-8D94-6FA627BF9760}.Release|x64.Build.0 = Release|Any CPU
		{53FB25E0-C8CB-4D65-8D94-6FA627BF9760}.Release|x86.ActiveCfg = Release|Any CPU
		{53FB25E0-C8CB-4D65-8D94-6FA627BF9760}.Release|x86.Build.0 = Release|Any CPU
		{833A65BC-5B37-468D-8BB4-2343CEFDFA5D}.Debug|Any CPU.ActiveCfg = Debug|Any CPU
		{833A65BC-5B37-468D-8BB4-2343CEFDFA5D}.Debug|Any CPU.Build.0 = Debug|Any CPU
		{833A65BC-5B37-468D-8BB4-2343CEFDFA5D}.Debug|x64.ActiveCfg = Debug|Any CPU
		{833A65BC-5B37-468D-8BB4-2343CEFDFA5D}.Debug|x64.Build.0 = Debug|Any CPU
		{833A65BC-5B37-468D-8BB4-2343CEFDFA5D}.Debug|x86.ActiveCfg = Debug|Any CPU
		{833A65BC-5B37-468D-8BB4-2343CEFDFA5D}.Debug|x86.Build.0 = Debug|Any CPU
		{833A65BC-5B37-468D-8BB4-2343CEFDFA5D}.Release|Any CPU.ActiveCfg = Release|Any CPU
		{833A65BC-5B37-468D-8BB4-2343CEFDFA5D}.Release|Any CPU.Build.0 = Release|Any CPU
		{833A65BC-5B37-468D-8BB4-2343CEFDFA5D}.Release|x64.ActiveCfg = Release|Any CPU
		{833A65BC-5B37-468D-8BB4-2343CEFDFA5D}.Release|x64.Build.0 = Release|Any CPU
		{833A65BC-5B37-468D-8BB4-2343CEFDFA5D}.Release|x86.ActiveCfg = Release|Any CPU
		{833A65BC-5B37-468D-8BB4-2343CEFDFA5D}.Release|x86.Build.0 = Release|Any CPU
		{C42C352E-F3E2-41F6-A446-0CACDA5096AF}.Debug|Any CPU.ActiveCfg = Debug|Any CPU
		{C42C352E-F3E2-41F6-A446-0CACDA5096AF}.Debug|Any CPU.Build.0 = Debug|Any CPU
		{C42C352E-F3E2-41F6-A446-0CACDA5096AF}.Debug|x64.ActiveCfg = Debug|Any CPU
		{C42C352E-F3E2-41F6-A446-0CACDA5096AF}.Debug|x64.Build.0 = Debug|Any CPU
		{C42C352E-F3E2-41F6-A446-0CACDA5096AF}.Debug|x86.ActiveCfg = Debug|Any CPU
		{C42C352E-F3E2-41F6-A446-0CACDA5096AF}.Debug|x86.Build.0 = Debug|Any CPU
		{C42C352E-F3E2-41F6-A446-0CACDA5096AF}.Release|Any CPU.ActiveCfg = Release|Any CPU
		{C42C352E-F3E2-41F6-A446-0CACDA5096AF}.Release|Any CPU.Build.0 = Release|Any CPU
		{C42C352E-F3E2-41F6-A446-0CACDA5096AF}.Release|x64.ActiveCfg = Release|Any CPU
		{C42C352E-F3E2-41F6-A446-0CACDA5096AF}.Release|x64.Build.0 = Release|Any CPU
		{C42C352E-F3E2-41F6-A446-0CACDA5096AF}.Release|x86.ActiveCfg = Release|Any CPU
		{C42C352E-F3E2-41F6-A446-0CACDA5096AF}.Release|x86.Build.0 = Release|Any CPU
		{EF313B39-68CF-45D1-9094-BDDCCAC9DB2D}.Debug|Any CPU.ActiveCfg = Debug|Any CPU
		{EF313B39-68CF-45D1-9094-BDDCCAC9DB2D}.Debug|Any CPU.Build.0 = Debug|Any CPU
		{EF313B39-68CF-45D1-9094-BDDCCAC9DB2D}.Debug|x64.ActiveCfg = Debug|Any CPU
		{EF313B39-68CF-45D1-9094-BDDCCAC9DB2D}.Debug|x64.Build.0 = Debug|Any CPU
		{EF313B39-68CF-45D1-9094-BDDCCAC9DB2D}.Debug|x86.ActiveCfg = Debug|Any CPU
		{EF313B39-68CF-45D1-9094-BDDCCAC9DB2D}.Debug|x86.Build.0 = Debug|Any CPU
		{EF313B39-68CF-45D1-9094-BDDCCAC9DB2D}.Release|Any CPU.ActiveCfg = Release|Any CPU
		{EF313B39-68CF-45D1-9094-BDDCCAC9DB2D}.Release|Any CPU.Build.0 = Release|Any CPU
		{EF313B39-68CF-45D1-9094-BDDCCAC9DB2D}.Release|x64.ActiveCfg = Release|Any CPU
		{EF313B39-68CF-45D1-9094-BDDCCAC9DB2D}.Release|x64.Build.0 = Release|Any CPU
		{EF313B39-68CF-45D1-9094-BDDCCAC9DB2D}.Release|x86.ActiveCfg = Release|Any CPU
		{EF313B39-68CF-45D1-9094-BDDCCAC9DB2D}.Release|x86.Build.0 = Release|Any CPU
		{8A936050-5B84-4711-A235-2BA36A445B26}.Debug|Any CPU.ActiveCfg = Debug|Any CPU
		{8A936050-5B84-4711-A235-2BA36A445B26}.Debug|Any CPU.Build.0 = Debug|Any CPU
		{8A936050-5B84-4711-A235-2BA36A445B26}.Debug|x64.ActiveCfg = Debug|Any CPU
		{8A936050-5B84-4711-A235-2BA36A445B26}.Debug|x64.Build.0 = Debug|Any CPU
		{8A936050-5B84-4711-A235-2BA36A445B26}.Debug|x86.ActiveCfg = Debug|Any CPU
		{8A936050-5B84-4711-A235-2BA36A445B26}.Debug|x86.Build.0 = Debug|Any CPU
		{8A936050-5B84-4711-A235-2BA36A445B26}.Release|Any CPU.ActiveCfg = Release|Any CPU
		{8A936050-5B84-4711-A235-2BA36A445B26}.Release|Any CPU.Build.0 = Release|Any CPU
		{8A936050-5B84-4711-A235-2BA36A445B26}.Release|x64.ActiveCfg = Release|Any CPU
		{8A936050-5B84-4711-A235-2BA36A445B26}.Release|x64.Build.0 = Release|Any CPU
		{8A936050-5B84-4711-A235-2BA36A445B26}.Release|x86.ActiveCfg = Release|Any CPU
		{8A936050-5B84-4711-A235-2BA36A445B26}.Release|x86.Build.0 = Release|Any CPU
		{8120B952-D9BC-450A-B691-C030177CD24D}.Debug|Any CPU.ActiveCfg = Debug|Any CPU
		{8120B952-D9BC-450A-B691-C030177CD24D}.Debug|Any CPU.Build.0 = Debug|Any CPU
		{8120B952-D9BC-450A-B691-C030177CD24D}.Debug|x64.ActiveCfg = Debug|Any CPU
		{8120B952-D9BC-450A-B691-C030177CD24D}.Debug|x64.Build.0 = Debug|Any CPU
		{8120B952-D9BC-450A-B691-C030177CD24D}.Debug|x86.ActiveCfg = Debug|Any CPU
		{8120B952-D9BC-450A-B691-C030177CD24D}.Debug|x86.Build.0 = Debug|Any CPU
		{8120B952-D9BC-450A-B691-C030177CD24D}.Release|Any CPU.ActiveCfg = Release|Any CPU
		{8120B952-D9BC-450A-B691-C030177CD24D}.Release|Any CPU.Build.0 = Release|Any CPU
		{8120B952-D9BC-450A-B691-C030177CD24D}.Release|x64.ActiveCfg = Release|Any CPU
		{8120B952-D9BC-450A-B691-C030177CD24D}.Release|x64.Build.0 = Release|Any CPU
		{8120B952-D9BC-450A-B691-C030177CD24D}.Release|x86.ActiveCfg = Release|Any CPU
		{8120B952-D9BC-450A-B691-C030177CD24D}.Release|x86.Build.0 = Release|Any CPU
		{E3C25A1C-2754-4134-8780-1F0A247D6850}.Debug|Any CPU.ActiveCfg = Debug|Any CPU
		{E3C25A1C-2754-4134-8780-1F0A247D6850}.Debug|Any CPU.Build.0 = Debug|Any CPU
		{E3C25A1C-2754-4134-8780-1F0A247D6850}.Debug|x64.ActiveCfg = Debug|Any CPU
		{E3C25A1C-2754-4134-8780-1F0A247D6850}.Debug|x64.Build.0 = Debug|Any CPU
		{E3C25A1C-2754-4134-8780-1F0A247D6850}.Debug|x86.ActiveCfg = Debug|Any CPU
		{E3C25A1C-2754-4134-8780-1F0A247D6850}.Debug|x86.Build.0 = Debug|Any CPU
		{E3C25A1C-2754-4134-8780-1F0A247D6850}.Release|Any CPU.ActiveCfg = Release|Any CPU
		{E3C25A1C-2754-4134-8780-1F0A247D6850}.Release|Any CPU.Build.0 = Release|Any CPU
		{E3C25A1C-2754-4134-8780-1F0A247D6850}.Release|x64.ActiveCfg = Release|Any CPU
		{E3C25A1C-2754-4134-8780-1F0A247D6850}.Release|x64.Build.0 = Release|Any CPU
		{E3C25A1C-2754-4134-8780-1F0A247D6850}.Release|x86.ActiveCfg = Release|Any CPU
		{E3C25A1C-2754-4134-8780-1F0A247D6850}.Release|x86.Build.0 = Release|Any CPU
		{5323D32E-0CF2-41B6-AF91-37F744AC1554}.Debug|Any CPU.ActiveCfg = Debug|Any CPU
		{5323D32E-0CF2-41B6-AF91-37F744AC1554}.Debug|Any CPU.Build.0 = Debug|Any CPU
		{5323D32E-0CF2-41B6-AF91-37F744AC1554}.Debug|x64.ActiveCfg = Debug|Any CPU
		{5323D32E-0CF2-41B6-AF91-37F744AC1554}.Debug|x64.Build.0 = Debug|Any CPU
		{5323D32E-0CF2-41B6-AF91-37F744AC1554}.Debug|x86.ActiveCfg = Debug|Any CPU
		{5323D32E-0CF2-41B6-AF91-37F744AC1554}.Debug|x86.Build.0 = Debug|Any CPU
		{5323D32E-0CF2-41B6-AF91-37F744AC1554}.Release|Any CPU.ActiveCfg = Release|Any CPU
		{5323D32E-0CF2-41B6-AF91-37F744AC1554}.Release|Any CPU.Build.0 = Release|Any CPU
		{5323D32E-0CF2-41B6-AF91-37F744AC1554}.Release|x64.ActiveCfg = Release|Any CPU
		{5323D32E-0CF2-41B6-AF91-37F744AC1554}.Release|x64.Build.0 = Release|Any CPU
		{5323D32E-0CF2-41B6-AF91-37F744AC1554}.Release|x86.ActiveCfg = Release|Any CPU
		{5323D32E-0CF2-41B6-AF91-37F744AC1554}.Release|x86.Build.0 = Release|Any CPU
		{22E99FEC-8DFC-4E87-90EE-BC7F6E988DAD}.Debug|Any CPU.ActiveCfg = Debug|Any CPU
		{22E99FEC-8DFC-4E87-90EE-BC7F6E988DAD}.Debug|Any CPU.Build.0 = Debug|Any CPU
		{22E99FEC-8DFC-4E87-90EE-BC7F6E988DAD}.Debug|x64.ActiveCfg = Debug|Any CPU
		{22E99FEC-8DFC-4E87-90EE-BC7F6E988DAD}.Debug|x64.Build.0 = Debug|Any CPU
		{22E99FEC-8DFC-4E87-90EE-BC7F6E988DAD}.Debug|x86.ActiveCfg = Debug|Any CPU
		{22E99FEC-8DFC-4E87-90EE-BC7F6E988DAD}.Debug|x86.Build.0 = Debug|Any CPU
		{22E99FEC-8DFC-4E87-90EE-BC7F6E988DAD}.Release|Any CPU.ActiveCfg = Release|Any CPU
		{22E99FEC-8DFC-4E87-90EE-BC7F6E988DAD}.Release|Any CPU.Build.0 = Release|Any CPU
		{22E99FEC-8DFC-4E87-90EE-BC7F6E988DAD}.Release|x64.ActiveCfg = Release|Any CPU
		{22E99FEC-8DFC-4E87-90EE-BC7F6E988DAD}.Release|x64.Build.0 = Release|Any CPU
		{22E99FEC-8DFC-4E87-90EE-BC7F6E988DAD}.Release|x86.ActiveCfg = Release|Any CPU
		{22E99FEC-8DFC-4E87-90EE-BC7F6E988DAD}.Release|x86.Build.0 = Release|Any CPU
		{0E546413-BBF8-40B3-8534-8D1D986AA888}.Debug|Any CPU.ActiveCfg = Debug|Any CPU
		{0E546413-BBF8-40B3-8534-8D1D986AA888}.Debug|Any CPU.Build.0 = Debug|Any CPU
		{0E546413-BBF8-40B3-8534-8D1D986AA888}.Debug|x64.ActiveCfg = Debug|Any CPU
		{0E546413-BBF8-40B3-8534-8D1D986AA888}.Debug|x64.Build.0 = Debug|Any CPU
		{0E546413-BBF8-40B3-8534-8D1D986AA888}.Debug|x86.ActiveCfg = Debug|Any CPU
		{0E546413-BBF8-40B3-8534-8D1D986AA888}.Debug|x86.Build.0 = Debug|Any CPU
		{0E546413-BBF8-40B3-8534-8D1D986AA888}.Release|Any CPU.ActiveCfg = Release|Any CPU
		{0E546413-BBF8-40B3-8534-8D1D986AA888}.Release|Any CPU.Build.0 = Release|Any CPU
		{0E546413-BBF8-40B3-8534-8D1D986AA888}.Release|x64.ActiveCfg = Release|Any CPU
		{0E546413-BBF8-40B3-8534-8D1D986AA888}.Release|x64.Build.0 = Release|Any CPU
		{0E546413-BBF8-40B3-8534-8D1D986AA888}.Release|x86.ActiveCfg = Release|Any CPU
		{0E546413-BBF8-40B3-8534-8D1D986AA888}.Release|x86.Build.0 = Release|Any CPU
		{D92ADA88-361B-480A-81D2-AE1F7B2E0660}.Debug|Any CPU.ActiveCfg = Debug|Any CPU
		{D92ADA88-361B-480A-81D2-AE1F7B2E0660}.Debug|Any CPU.Build.0 = Debug|Any CPU
		{D92ADA88-361B-480A-81D2-AE1F7B2E0660}.Debug|x64.ActiveCfg = Debug|Any CPU
		{D92ADA88-361B-480A-81D2-AE1F7B2E0660}.Debug|x64.Build.0 = Debug|Any CPU
		{D92ADA88-361B-480A-81D2-AE1F7B2E0660}.Debug|x86.ActiveCfg = Debug|Any CPU
		{D92ADA88-361B-480A-81D2-AE1F7B2E0660}.Debug|x86.Build.0 = Debug|Any CPU
		{D92ADA88-361B-480A-81D2-AE1F7B2E0660}.Release|Any CPU.ActiveCfg = Release|Any CPU
		{D92ADA88-361B-480A-81D2-AE1F7B2E0660}.Release|Any CPU.Build.0 = Release|Any CPU
		{D92ADA88-361B-480A-81D2-AE1F7B2E0660}.Release|x64.ActiveCfg = Release|Any CPU
		{D92ADA88-361B-480A-81D2-AE1F7B2E0660}.Release|x64.Build.0 = Release|Any CPU
		{D92ADA88-361B-480A-81D2-AE1F7B2E0660}.Release|x86.ActiveCfg = Release|Any CPU
		{D92ADA88-361B-480A-81D2-AE1F7B2E0660}.Release|x86.Build.0 = Release|Any CPU
		{4FB42026-81C2-47B3-99A4-751452E64814}.Debug|Any CPU.ActiveCfg = Debug|Any CPU
		{4FB42026-81C2-47B3-99A4-751452E64814}.Debug|Any CPU.Build.0 = Debug|Any CPU
		{4FB42026-81C2-47B3-99A4-751452E64814}.Debug|x64.ActiveCfg = Debug|Any CPU
		{4FB42026-81C2-47B3-99A4-751452E64814}.Debug|x64.Build.0 = Debug|Any CPU
		{4FB42026-81C2-47B3-99A4-751452E64814}.Debug|x86.ActiveCfg = Debug|Any CPU
		{4FB42026-81C2-47B3-99A4-751452E64814}.Debug|x86.Build.0 = Debug|Any CPU
		{4FB42026-81C2-47B3-99A4-751452E64814}.Release|Any CPU.ActiveCfg = Release|Any CPU
		{4FB42026-81C2-47B3-99A4-751452E64814}.Release|Any CPU.Build.0 = Release|Any CPU
		{4FB42026-81C2-47B3-99A4-751452E64814}.Release|x64.ActiveCfg = Release|Any CPU
		{4FB42026-81C2-47B3-99A4-751452E64814}.Release|x64.Build.0 = Release|Any CPU
		{4FB42026-81C2-47B3-99A4-751452E64814}.Release|x86.ActiveCfg = Release|Any CPU
		{4FB42026-81C2-47B3-99A4-751452E64814}.Release|x86.Build.0 = Release|Any CPU
		{EEEE504F-24AC-4932-9B28-F684AB20FB50}.Debug|Any CPU.ActiveCfg = Debug|Any CPU
		{EEEE504F-24AC-4932-9B28-F684AB20FB50}.Debug|Any CPU.Build.0 = Debug|Any CPU
		{EEEE504F-24AC-4932-9B28-F684AB20FB50}.Debug|x64.ActiveCfg = Debug|Any CPU
		{EEEE504F-24AC-4932-9B28-F684AB20FB50}.Debug|x64.Build.0 = Debug|Any CPU
		{EEEE504F-24AC-4932-9B28-F684AB20FB50}.Debug|x86.ActiveCfg = Debug|Any CPU
		{EEEE504F-24AC-4932-9B28-F684AB20FB50}.Debug|x86.Build.0 = Debug|Any CPU
		{EEEE504F-24AC-4932-9B28-F684AB20FB50}.Release|Any CPU.ActiveCfg = Release|Any CPU
		{EEEE504F-24AC-4932-9B28-F684AB20FB50}.Release|Any CPU.Build.0 = Release|Any CPU
		{EEEE504F-24AC-4932-9B28-F684AB20FB50}.Release|x64.ActiveCfg = Release|Any CPU
		{EEEE504F-24AC-4932-9B28-F684AB20FB50}.Release|x64.Build.0 = Release|Any CPU
		{EEEE504F-24AC-4932-9B28-F684AB20FB50}.Release|x86.ActiveCfg = Release|Any CPU
		{EEEE504F-24AC-4932-9B28-F684AB20FB50}.Release|x86.Build.0 = Release|Any CPU
		{3AF8D59E-D10A-46DE-97A6-0A6C156F22CD}.Debug|Any CPU.ActiveCfg = Debug|Any CPU
		{3AF8D59E-D10A-46DE-97A6-0A6C156F22CD}.Debug|Any CPU.Build.0 = Debug|Any CPU
		{3AF8D59E-D10A-46DE-97A6-0A6C156F22CD}.Debug|x64.ActiveCfg = Debug|Any CPU
		{3AF8D59E-D10A-46DE-97A6-0A6C156F22CD}.Debug|x64.Build.0 = Debug|Any CPU
		{3AF8D59E-D10A-46DE-97A6-0A6C156F22CD}.Debug|x86.ActiveCfg = Debug|Any CPU
		{3AF8D59E-D10A-46DE-97A6-0A6C156F22CD}.Debug|x86.Build.0 = Debug|Any CPU
		{3AF8D59E-D10A-46DE-97A6-0A6C156F22CD}.Release|Any CPU.ActiveCfg = Release|Any CPU
		{3AF8D59E-D10A-46DE-97A6-0A6C156F22CD}.Release|Any CPU.Build.0 = Release|Any CPU
		{3AF8D59E-D10A-46DE-97A6-0A6C156F22CD}.Release|x64.ActiveCfg = Release|Any CPU
		{3AF8D59E-D10A-46DE-97A6-0A6C156F22CD}.Release|x64.Build.0 = Release|Any CPU
		{3AF8D59E-D10A-46DE-97A6-0A6C156F22CD}.Release|x86.ActiveCfg = Release|Any CPU
		{3AF8D59E-D10A-46DE-97A6-0A6C156F22CD}.Release|x86.Build.0 = Release|Any CPU
		{08C1D823-E8E1-4D86-8F73-A9F3AE8FEFC7}.Debug|Any CPU.ActiveCfg = Debug|Any CPU
		{08C1D823-E8E1-4D86-8F73-A9F3AE8FEFC7}.Debug|Any CPU.Build.0 = Debug|Any CPU
		{08C1D823-E8E1-4D86-8F73-A9F3AE8FEFC7}.Debug|x64.ActiveCfg = Debug|Any CPU
		{08C1D823-E8E1-4D86-8F73-A9F3AE8FEFC7}.Debug|x64.Build.0 = Debug|Any CPU
		{08C1D823-E8E1-4D86-8F73-A9F3AE8FEFC7}.Debug|x86.ActiveCfg = Debug|Any CPU
		{08C1D823-E8E1-4D86-8F73-A9F3AE8FEFC7}.Debug|x86.Build.0 = Debug|Any CPU
		{08C1D823-E8E1-4D86-8F73-A9F3AE8FEFC7}.Release|Any CPU.ActiveCfg = Release|Any CPU
		{08C1D823-E8E1-4D86-8F73-A9F3AE8FEFC7}.Release|Any CPU.Build.0 = Release|Any CPU
		{08C1D823-E8E1-4D86-8F73-A9F3AE8FEFC7}.Release|x64.ActiveCfg = Release|Any CPU
		{08C1D823-E8E1-4D86-8F73-A9F3AE8FEFC7}.Release|x64.Build.0 = Release|Any CPU
		{08C1D823-E8E1-4D86-8F73-A9F3AE8FEFC7}.Release|x86.ActiveCfg = Release|Any CPU
		{08C1D823-E8E1-4D86-8F73-A9F3AE8FEFC7}.Release|x86.Build.0 = Release|Any CPU
	EndGlobalSection
	GlobalSection(SolutionProperties) = preSolution
		HideSolutionNode = FALSE
	EndGlobalSection
	GlobalSection(NestedProjects) = preSolution
		{0E7E06C1-C223-4975-A9DB-D338EBF0A9BC} = {058BCE2A-8F81-4404-83D3-844CE030E513}
		{06B9857A-02A6-430D-B579-98A762C281D3} = {058BCE2A-8F81-4404-83D3-844CE030E513}
		{ADAB2C6B-10FE-4B31-BCD2-E2EFA69D5A66} = {5734E9DC-CF67-4337-B28E-695280598B88}
		{66119997-5949-45D6-9175-F1C7C599A8F5} = {5734E9DC-CF67-4337-B28E-695280598B88}
		{D1D2622E-ACF7-479C-ABC8-E1B94E41D9D5} = {5734E9DC-CF67-4337-B28E-695280598B88}
		{09F5EB90-1063-4338-A146-25F7BE8BFF43} = {5734E9DC-CF67-4337-B28E-695280598B88}
		{1CA8D3D3-B6A6-4006-AA96-671CB41D6391} = {058BCE2A-8F81-4404-83D3-844CE030E513}
		{CCB5075B-C50A-4CD1-983A-2D51DC2430F4} = {5734E9DC-CF67-4337-B28E-695280598B88}
		{89C49FF5-9441-4DE8-A33F-1B2852401A54} = {058BCE2A-8F81-4404-83D3-844CE030E513}
		{9F16EBDF-4546-43C2-82B8-7D698F7A1E89} = {5734E9DC-CF67-4337-B28E-695280598B88}
		{0E9B466C-1151-4AE9-A55A-6377A25F8235} = {058BCE2A-8F81-4404-83D3-844CE030E513}
		{33D5FB92-074E-4C13-BFD6-21184DD0013A} = {5734E9DC-CF67-4337-B28E-695280598B88}
		{EF3149F4-59C1-4896-989E-59D9D5F9050A} = {058BCE2A-8F81-4404-83D3-844CE030E513}
		{FA2462FE-A439-48C5-976D-491F73C25CE1} = {5734E9DC-CF67-4337-B28E-695280598B88}
		{7944AA31-16BA-43A8-A9CB-2ED758518C9E} = {058BCE2A-8F81-4404-83D3-844CE030E513}
		{9C383F09-8936-42ED-B9A6-ED3300AECB1C} = {058BCE2A-8F81-4404-83D3-844CE030E513}
		{5E5AF23F-61F6-4B44-B682-2D141B54DF5C} = {058BCE2A-8F81-4404-83D3-844CE030E513}
		{C0A85A7D-9D7F-4A6C-BA33-9E79050CF522} = {058BCE2A-8F81-4404-83D3-844CE030E513}
		{23C68B10-36FD-41DE-AAA3-77BEDFD63945} = {5734E9DC-CF67-4337-B28E-695280598B88}
		{8302F65E-035F-45D7-B894-915B68B72711} = {058BCE2A-8F81-4404-83D3-844CE030E513}
		{89DED7A5-7334-4852-A1FC-9266AD0EF388} = {5734E9DC-CF67-4337-B28E-695280598B88}
		{8909AB97-EDD6-4AB2-B733-A543ACB957CA} = {058BCE2A-8F81-4404-83D3-844CE030E513}
		{AA837BCA-A2D6-4F74-95BC-1F6A66146562} = {5734E9DC-CF67-4337-B28E-695280598B88}
		{53FB25E0-C8CB-4D65-8D94-6FA627BF9760} = {058BCE2A-8F81-4404-83D3-844CE030E513}
		{833A65BC-5B37-468D-8BB4-2343CEFDFA5D} = {5734E9DC-CF67-4337-B28E-695280598B88}
		{C42C352E-F3E2-41F6-A446-0CACDA5096AF} = {058BCE2A-8F81-4404-83D3-844CE030E513}
		{EF313B39-68CF-45D1-9094-BDDCCAC9DB2D} = {5734E9DC-CF67-4337-B28E-695280598B88}
		{8A936050-5B84-4711-A235-2BA36A445B26} = {058BCE2A-8F81-4404-83D3-844CE030E513}
		{8120B952-D9BC-450A-B691-C030177CD24D} = {5734E9DC-CF67-4337-B28E-695280598B88}
		{E3C25A1C-2754-4134-8780-1F0A247D6850} = {058BCE2A-8F81-4404-83D3-844CE030E513}
		{5323D32E-0CF2-41B6-AF91-37F744AC1554} = {058BCE2A-8F81-4404-83D3-844CE030E513}
		{22E99FEC-8DFC-4E87-90EE-BC7F6E988DAD} = {5734E9DC-CF67-4337-B28E-695280598B88}
		{0E546413-BBF8-40B3-8534-8D1D986AA888} = {5734E9DC-CF67-4337-B28E-695280598B88}
		{D92ADA88-361B-480A-81D2-AE1F7B2E0660} = {5734E9DC-CF67-4337-B28E-695280598B88}
		{4FB42026-81C2-47B3-99A4-751452E64814} = {5734E9DC-CF67-4337-B28E-695280598B88}
		{EEEE504F-24AC-4932-9B28-F684AB20FB50} = {5734E9DC-CF67-4337-B28E-695280598B88}
		{3AF8D59E-D10A-46DE-97A6-0A6C156F22CD} = {AA791E28-7914-439A-B59A-580B8D8FE95D}
		{08C1D823-E8E1-4D86-8F73-A9F3AE8FEFC7} = {058BCE2A-8F81-4404-83D3-844CE030E513}
	EndGlobalSection
	GlobalSection(ExtensibilityGlobals) = postSolution
		SolutionGuid = {781C77FF-8818-4AF3-BCAF-C82B52FFF0C0}
	EndGlobalSection
EndGlobal
