Microsoft Visual Studio Solution File, Format Version 12.00
# Visual Studio 14
VisualStudioVersion = 14.0.24720.0
MinimumVisualStudioVersion = 10.0.40219.1
Project("{2150E333-8FDC-42A3-9474-1A3956D46DE8}") = "src", "src", "{5734E9DC-CF67-4337-B28E-695280598B88}"
EndProject
Project("{8BB2217D-0F2D-49D1-97BC-3654ED321F3B}") = "Nancy", "src\Nancy\Nancy.xproj", "{87C7C329-1824-4AC7-AF25-3D06068A01F6}"
EndProject
Project("{2150E333-8FDC-42A3-9474-1A3956D46DE8}") = "build", "build", "{AAB0D92A-7B90-478A-8360-3E6A20BD0B71}"
	ProjectSection(SolutionItems) = preProject
		global.json = global.json
		NuGet.config = NuGet.config
	EndProjectSection
EndProject
Project("{8BB2217D-0F2D-49D1-97BC-3654ED321F3B}") = "Nancy.Authentication.Basic", "src\Nancy.Authentication.Basic\Nancy.Authentication.Basic.xproj", "{0C3B1176-A01D-4EDD-A0B8-17F04C513025}"
EndProject
Project("{8BB2217D-0F2D-49D1-97BC-3654ED321F3B}") = "Nancy.Authentication.Forms", "src\Nancy.Authentication.Forms\Nancy.Authentication.Forms.xproj", "{52B05C75-46F1-4C1B-B660-EDD88BA38924}"
EndProject
Project("{8BB2217D-0F2D-49D1-97BC-3654ED321F3B}") = "Nancy.Authentication.Stateless", "src\Nancy.Authentication.Stateless\Nancy.Authentication.Stateless.xproj", "{7C8CD644-8C3E-491D-9583-CCDD352223C8}"
EndProject
Project("{8BB2217D-0F2D-49D1-97BC-3654ED321F3B}") = "Nancy.Embedded", "src\Nancy.Embedded\Nancy.Embedded.xproj", "{A4DEDD2F-5565-404A-B60F-98217221518D}"
EndProject
Project("{8BB2217D-0F2D-49D1-97BC-3654ED321F3B}") = "Nancy.Encryption.MachineKey", "src\Nancy.Encryption.MachineKey\Nancy.Encryption.MachineKey.xproj", "{186CAB00-195D-490F-873B-0B2B0FB546F2}"
EndProject
Project("{8BB2217D-0F2D-49D1-97BC-3654ED321F3B}") = "Nancy.Hosting.Aspnet", "src\Nancy.Hosting.Aspnet\Nancy.Hosting.Aspnet.xproj", "{4262AB60-E51D-43D1-AE63-D60ED24CF04F}"
EndProject
Project("{8BB2217D-0F2D-49D1-97BC-3654ED321F3B}") = "Nancy.Hosting.Self", "src\Nancy.Hosting.Self\Nancy.Hosting.Self.xproj", "{A3A80C91-557A-44DE-BD0F-AC3E96903424}"
EndProject
Project("{8BB2217D-0F2D-49D1-97BC-3654ED321F3B}") = "Nancy.Metadata.Modules", "src\Nancy.Metadata.Modules\Nancy.Metadata.Modules.xproj", "{AD0737D9-12D7-449F-9B2D-A3045731C946}"
EndProject
Project("{8BB2217D-0F2D-49D1-97BC-3654ED321F3B}") = "Nancy.Owin", "src\Nancy.Owin\Nancy.Owin.xproj", "{BAA9CBDF-F6B7-4C85-8A22-6A316A4ACC46}"
EndProject
Project("{8BB2217D-0F2D-49D1-97BC-3654ED321F3B}") = "Nancy.Testing", "src\Nancy.Testing\Nancy.Testing.xproj", "{E948F38F-4F8B-41FE-8F49-4792F4EC2531}"
EndProject
Project("{8BB2217D-0F2D-49D1-97BC-3654ED321F3B}") = "Nancy.Validation.DataAnnotations", "src\Nancy.Validation.DataAnnotations\Nancy.Validation.DataAnnotations.xproj", "{21FB2D6B-2525-4A24-BF66-D34941C7FA88}"
EndProject
Project("{8BB2217D-0F2D-49D1-97BC-3654ED321F3B}") = "Nancy.Validation.FluentValidation", "src\Nancy.Validation.FluentValidation\Nancy.Validation.FluentValidation.xproj", "{35B9DD79-D65A-423C-9DC0-59DCF3BF2E98}"
EndProject
Project("{8BB2217D-0F2D-49D1-97BC-3654ED321F3B}") = "Nancy.ViewEngines.DotLiquid", "src\Nancy.ViewEngines.DotLiquid\Nancy.ViewEngines.DotLiquid.xproj", "{98FEBB4D-CFF9-4318-B2F0-C5DCC5436A47}"
EndProject
Project("{8BB2217D-0F2D-49D1-97BC-3654ED321F3B}") = "Nancy.ViewEngines.Markdown", "src\Nancy.ViewEngines.Markdown\Nancy.ViewEngines.Markdown.xproj", "{CFA5BBCB-B41B-47C0-A4D2-FA243FC6ECC6}"
EndProject
Project("{8BB2217D-0F2D-49D1-97BC-3654ED321F3B}") = "Nancy.ViewEngines.Nustache", "src\Nancy.ViewEngines.Nustache\Nancy.ViewEngines.Nustache.xproj", "{32E22782-7A5E-4546-B2DB-F3628EA36361}"
EndProject
Project("{8BB2217D-0F2D-49D1-97BC-3654ED321F3B}") = "Nancy.ViewEngines.Razor", "src\Nancy.ViewEngines.Razor\Nancy.ViewEngines.Razor.xproj", "{3A376B78-DD7D-4450-9FDE-F7236FAA6E63}"
EndProject
Project("{8BB2217D-0F2D-49D1-97BC-3654ED321F3B}") = "Nancy.ViewEngines.Razor.BuildProviders", "src\Nancy.ViewEngines.Razor.BuildProviders\Nancy.ViewEngines.Razor.BuildProviders.xproj", "{26DF3BE0-146B-43A6-B230-D5B33355F415}"
EndProject
Project("{8BB2217D-0F2D-49D1-97BC-3654ED321F3B}") = "Nancy.ViewEngines.Spark", "src\Nancy.ViewEngines.Spark\Nancy.ViewEngines.Spark.xproj", "{25E3AB38-D95E-4D11-B0F0-0F60571A97A0}"
EndProject
Project("{8BB2217D-0F2D-49D1-97BC-3654ED321F3B}") = "Nancy.Tests", "test\Nancy.Tests\Nancy.Tests.xproj", "{3BA7D452-98E5-47B0-BD1E-DC348E13A72A}"
EndProject
Project("{2150E333-8FDC-42A3-9474-1A3956D46DE8}") = "tests", "tests", "{F44224E5-8E58-4D52-A0F0-BCBA2ADC0A0B}"
EndProject
Project("{8BB2217D-0F2D-49D1-97BC-3654ED321F3B}") = "Nancy.Authentication.Basic.Tests", "test\Nancy.Authentication.Basic.Tests\Nancy.Authentication.Basic.Tests.xproj", "{51494B38-0D18-4B9D-AB75-39E804747D5F}"
EndProject
Project("{8BB2217D-0F2D-49D1-97BC-3654ED321F3B}") = "Nancy.Authentication.Forms.Tests", "test\Nancy.Authentication.Forms.Tests\Nancy.Authentication.Forms.Tests.xproj", "{93E15BE9-BF06-4F94-A42F-BFD664774DC5}"
EndProject
Project("{8BB2217D-0F2D-49D1-97BC-3654ED321F3B}") = "Nancy.Embedded.Tests", "test\Nancy.Embedded.Tests\Nancy.Embedded.Tests.xproj", "{838F9240-4541-4646-AAC2-0EAA6F05A654}"
EndProject
Project("{8BB2217D-0F2D-49D1-97BC-3654ED321F3B}") = "Nancy.Encryption.MachineKey.Tests", "test\Nancy.Encryption.MachineKey.Tests\Nancy.Encryption.MachineKey.Tests.xproj", "{FF8C9795-2AD5-45E6-851D-6BDF8A7841CE}"
EndProject
Project("{8BB2217D-0F2D-49D1-97BC-3654ED321F3B}") = "Nancy.Hosting.Aspnet.Tests", "test\Nancy.Hosting.Aspnet.Tests\Nancy.Hosting.Aspnet.Tests.xproj", "{98067EC0-5028-432F-B94A-99195D70B76F}"
EndProject
Project("{8BB2217D-0F2D-49D1-97BC-3654ED321F3B}") = "Nancy.Hosting.Self.Tests", "test\Nancy.Hosting.Self.Tests\Nancy.Hosting.Self.Tests.xproj", "{21AA5847-70DF-4C96-9AED-1C9A9AF9325C}"
EndProject
Project("{8BB2217D-0F2D-49D1-97BC-3654ED321F3B}") = "Nancy.Metadata.Modules.Tests", "test\Nancy.Metadata.Modules.Tests\Nancy.Metadata.Modules.Tests.xproj", "{E5047274-5A15-41C6-986F-A6A36588A012}"
EndProject
Project("{8BB2217D-0F2D-49D1-97BC-3654ED321F3B}") = "Nancy.Owin.Tests", "test\Nancy.Owin.Tests\Nancy.Owin.Tests.xproj", "{10771591-D09D-4FCC-990E-3982006FB1FA}"
EndProject
Project("{8BB2217D-0F2D-49D1-97BC-3654ED321F3B}") = "Nancy.Testing.Tests", "test\Nancy.Testing.Tests\Nancy.Testing.Tests.xproj", "{CEFF8372-2F7A-41CB-8F13-164ABBA8ACA2}"
EndProject
Project("{8BB2217D-0F2D-49D1-97BC-3654ED321F3B}") = "Nancy.Validation.DataAnnotatioins.Tests", "test\Nancy.Validation.DataAnnotatioins.Tests\Nancy.Validation.DataAnnotatioins.Tests.xproj", "{8830DBE0-2162-4F35-8D81-1577F17ABB10}"
EndProject
Project("{8BB2217D-0F2D-49D1-97BC-3654ED321F3B}") = "Nancy.Validation.FluentValidation.Tests", "test\Nancy.Validation.FluentValidation.Tests\Nancy.Validation.FluentValidation.Tests.xproj", "{8DD96D02-C6D3-435B-B0F7-2460161A250F}"
EndProject
Project("{8BB2217D-0F2D-49D1-97BC-3654ED321F3B}") = "Nancy.ViewEngines.DotLiquid.Tests", "test\Nancy.ViewEngines.DotLiquid.Tests\Nancy.ViewEngines.DotLiquid.Tests.xproj", "{91F4EA23-788B-4E54-A38E-FE738B3BF2F1}"
EndProject
Project("{8BB2217D-0F2D-49D1-97BC-3654ED321F3B}") = "Nancy.ViewEngines.Markdown.Tests", "test\Nancy.ViewEngines.Markdown.Tests\Nancy.ViewEngines.Markdown.Tests.xproj", "{C46BFAA7-F471-45A6-A5AC-FCF9390408EE}"
EndProject
Project("{8BB2217D-0F2D-49D1-97BC-3654ED321F3B}") = "Nancy.ViewEngines.Razor.Tests", "test\Nancy.ViewEngines.Razor.Tests\Nancy.ViewEngines.Razor.Tests.xproj", "{A24271FA-E058-42E0-BB7D-3C8C43DF4B04}"
EndProject
Project("{8BB2217D-0F2D-49D1-97BC-3654ED321F3B}") = "Nancy.ViewEngines.Razor.Tests.Models", "test\Nancy.ViewEngines.Razor.Tests.Models\Nancy.ViewEngines.Razor.Tests.Models.xproj", "{31FA18D3-24AD-4AB0-B297-5A2FD871989E}"
EndProject
Project("{2150E333-8FDC-42A3-9474-1A3956D46DE8}") = "samples", "samples", "{AA791E28-7914-439A-B59A-580B8D8FE95D}"
EndProject
Project("{8BB2217D-0F2D-49D1-97BC-3654ED321F3B}") = "Nancy.Demo.Hosting.Kestrel", "samples\Nancy.Demo.Hosting.Kestrel\Nancy.Demo.Hosting.Kestrel.xproj", "{9921E059-612B-4011-9AB6-FD30E69850A1}"
EndProject
Project("{8BB2217D-0F2D-49D1-97BC-3654ED321F3B}") = "Nancy.Tests.Functional", "test\Nancy.Tests.Functional\Nancy.Tests.Functional.xproj", "{742AC687-FC9A-4534-BB50-3D91738563A7}"
EndProject
Global
	GlobalSection(SolutionConfigurationPlatforms) = preSolution
		Debug|Any CPU = Debug|Any CPU
		Release|Any CPU = Release|Any CPU
	EndGlobalSection
	GlobalSection(ProjectConfigurationPlatforms) = postSolution
		{87C7C329-1824-4AC7-AF25-3D06068A01F6}.Debug|Any CPU.ActiveCfg = Debug|Any CPU
		{87C7C329-1824-4AC7-AF25-3D06068A01F6}.Debug|Any CPU.Build.0 = Debug|Any CPU
		{87C7C329-1824-4AC7-AF25-3D06068A01F6}.Release|Any CPU.ActiveCfg = Release|Any CPU
		{87C7C329-1824-4AC7-AF25-3D06068A01F6}.Release|Any CPU.Build.0 = Release|Any CPU
		{0C3B1176-A01D-4EDD-A0B8-17F04C513025}.Debug|Any CPU.ActiveCfg = Debug|Any CPU
		{0C3B1176-A01D-4EDD-A0B8-17F04C513025}.Debug|Any CPU.Build.0 = Debug|Any CPU
		{0C3B1176-A01D-4EDD-A0B8-17F04C513025}.Release|Any CPU.ActiveCfg = Release|Any CPU
		{0C3B1176-A01D-4EDD-A0B8-17F04C513025}.Release|Any CPU.Build.0 = Release|Any CPU
		{52B05C75-46F1-4C1B-B660-EDD88BA38924}.Debug|Any CPU.ActiveCfg = Debug|Any CPU
		{52B05C75-46F1-4C1B-B660-EDD88BA38924}.Debug|Any CPU.Build.0 = Debug|Any CPU
		{52B05C75-46F1-4C1B-B660-EDD88BA38924}.Release|Any CPU.ActiveCfg = Release|Any CPU
		{52B05C75-46F1-4C1B-B660-EDD88BA38924}.Release|Any CPU.Build.0 = Release|Any CPU
		{7C8CD644-8C3E-491D-9583-CCDD352223C8}.Debug|Any CPU.ActiveCfg = Debug|Any CPU
		{7C8CD644-8C3E-491D-9583-CCDD352223C8}.Debug|Any CPU.Build.0 = Debug|Any CPU
		{7C8CD644-8C3E-491D-9583-CCDD352223C8}.Release|Any CPU.ActiveCfg = Release|Any CPU
		{7C8CD644-8C3E-491D-9583-CCDD352223C8}.Release|Any CPU.Build.0 = Release|Any CPU
		{A4DEDD2F-5565-404A-B60F-98217221518D}.Debug|Any CPU.ActiveCfg = Debug|Any CPU
		{A4DEDD2F-5565-404A-B60F-98217221518D}.Debug|Any CPU.Build.0 = Debug|Any CPU
		{A4DEDD2F-5565-404A-B60F-98217221518D}.Release|Any CPU.ActiveCfg = Release|Any CPU
		{A4DEDD2F-5565-404A-B60F-98217221518D}.Release|Any CPU.Build.0 = Release|Any CPU
		{186CAB00-195D-490F-873B-0B2B0FB546F2}.Debug|Any CPU.ActiveCfg = Debug|Any CPU
		{186CAB00-195D-490F-873B-0B2B0FB546F2}.Debug|Any CPU.Build.0 = Debug|Any CPU
		{186CAB00-195D-490F-873B-0B2B0FB546F2}.Release|Any CPU.ActiveCfg = Release|Any CPU
		{186CAB00-195D-490F-873B-0B2B0FB546F2}.Release|Any CPU.Build.0 = Release|Any CPU
		{4262AB60-E51D-43D1-AE63-D60ED24CF04F}.Debug|Any CPU.ActiveCfg = Debug|Any CPU
		{4262AB60-E51D-43D1-AE63-D60ED24CF04F}.Debug|Any CPU.Build.0 = Debug|Any CPU
		{4262AB60-E51D-43D1-AE63-D60ED24CF04F}.Release|Any CPU.ActiveCfg = Release|Any CPU
		{4262AB60-E51D-43D1-AE63-D60ED24CF04F}.Release|Any CPU.Build.0 = Release|Any CPU
		{A3A80C91-557A-44DE-BD0F-AC3E96903424}.Debug|Any CPU.ActiveCfg = Debug|Any CPU
		{A3A80C91-557A-44DE-BD0F-AC3E96903424}.Debug|Any CPU.Build.0 = Debug|Any CPU
		{A3A80C91-557A-44DE-BD0F-AC3E96903424}.Release|Any CPU.ActiveCfg = Release|Any CPU
		{A3A80C91-557A-44DE-BD0F-AC3E96903424}.Release|Any CPU.Build.0 = Release|Any CPU
		{AD0737D9-12D7-449F-9B2D-A3045731C946}.Debug|Any CPU.ActiveCfg = Debug|Any CPU
		{AD0737D9-12D7-449F-9B2D-A3045731C946}.Debug|Any CPU.Build.0 = Debug|Any CPU
		{AD0737D9-12D7-449F-9B2D-A3045731C946}.Release|Any CPU.ActiveCfg = Release|Any CPU
		{AD0737D9-12D7-449F-9B2D-A3045731C946}.Release|Any CPU.Build.0 = Release|Any CPU
		{BAA9CBDF-F6B7-4C85-8A22-6A316A4ACC46}.Debug|Any CPU.ActiveCfg = Debug|Any CPU
		{BAA9CBDF-F6B7-4C85-8A22-6A316A4ACC46}.Debug|Any CPU.Build.0 = Debug|Any CPU
		{BAA9CBDF-F6B7-4C85-8A22-6A316A4ACC46}.Release|Any CPU.ActiveCfg = Release|Any CPU
		{BAA9CBDF-F6B7-4C85-8A22-6A316A4ACC46}.Release|Any CPU.Build.0 = Release|Any CPU
		{E948F38F-4F8B-41FE-8F49-4792F4EC2531}.Debug|Any CPU.ActiveCfg = Debug|Any CPU
		{E948F38F-4F8B-41FE-8F49-4792F4EC2531}.Debug|Any CPU.Build.0 = Debug|Any CPU
		{E948F38F-4F8B-41FE-8F49-4792F4EC2531}.Release|Any CPU.ActiveCfg = Release|Any CPU
		{E948F38F-4F8B-41FE-8F49-4792F4EC2531}.Release|Any CPU.Build.0 = Release|Any CPU
		{21FB2D6B-2525-4A24-BF66-D34941C7FA88}.Debug|Any CPU.ActiveCfg = Debug|Any CPU
		{21FB2D6B-2525-4A24-BF66-D34941C7FA88}.Debug|Any CPU.Build.0 = Debug|Any CPU
		{21FB2D6B-2525-4A24-BF66-D34941C7FA88}.Release|Any CPU.ActiveCfg = Release|Any CPU
		{21FB2D6B-2525-4A24-BF66-D34941C7FA88}.Release|Any CPU.Build.0 = Release|Any CPU
		{35B9DD79-D65A-423C-9DC0-59DCF3BF2E98}.Debug|Any CPU.ActiveCfg = Debug|Any CPU
		{35B9DD79-D65A-423C-9DC0-59DCF3BF2E98}.Debug|Any CPU.Build.0 = Debug|Any CPU
		{35B9DD79-D65A-423C-9DC0-59DCF3BF2E98}.Release|Any CPU.ActiveCfg = Release|Any CPU
		{35B9DD79-D65A-423C-9DC0-59DCF3BF2E98}.Release|Any CPU.Build.0 = Release|Any CPU
		{98FEBB4D-CFF9-4318-B2F0-C5DCC5436A47}.Debug|Any CPU.ActiveCfg = Debug|Any CPU
		{98FEBB4D-CFF9-4318-B2F0-C5DCC5436A47}.Debug|Any CPU.Build.0 = Debug|Any CPU
		{98FEBB4D-CFF9-4318-B2F0-C5DCC5436A47}.Release|Any CPU.ActiveCfg = Release|Any CPU
		{98FEBB4D-CFF9-4318-B2F0-C5DCC5436A47}.Release|Any CPU.Build.0 = Release|Any CPU
		{CFA5BBCB-B41B-47C0-A4D2-FA243FC6ECC6}.Debug|Any CPU.ActiveCfg = Debug|Any CPU
		{CFA5BBCB-B41B-47C0-A4D2-FA243FC6ECC6}.Debug|Any CPU.Build.0 = Debug|Any CPU
		{CFA5BBCB-B41B-47C0-A4D2-FA243FC6ECC6}.Release|Any CPU.ActiveCfg = Release|Any CPU
		{CFA5BBCB-B41B-47C0-A4D2-FA243FC6ECC6}.Release|Any CPU.Build.0 = Release|Any CPU
		{32E22782-7A5E-4546-B2DB-F3628EA36361}.Debug|Any CPU.ActiveCfg = Debug|Any CPU
		{32E22782-7A5E-4546-B2DB-F3628EA36361}.Debug|Any CPU.Build.0 = Debug|Any CPU
		{32E22782-7A5E-4546-B2DB-F3628EA36361}.Release|Any CPU.ActiveCfg = Release|Any CPU
		{32E22782-7A5E-4546-B2DB-F3628EA36361}.Release|Any CPU.Build.0 = Release|Any CPU
		{3A376B78-DD7D-4450-9FDE-F7236FAA6E63}.Debug|Any CPU.ActiveCfg = Debug|Any CPU
		{3A376B78-DD7D-4450-9FDE-F7236FAA6E63}.Debug|Any CPU.Build.0 = Debug|Any CPU
		{3A376B78-DD7D-4450-9FDE-F7236FAA6E63}.Release|Any CPU.ActiveCfg = Release|Any CPU
		{3A376B78-DD7D-4450-9FDE-F7236FAA6E63}.Release|Any CPU.Build.0 = Release|Any CPU
		{26DF3BE0-146B-43A6-B230-D5B33355F415}.Debug|Any CPU.ActiveCfg = Debug|Any CPU
		{26DF3BE0-146B-43A6-B230-D5B33355F415}.Debug|Any CPU.Build.0 = Debug|Any CPU
		{26DF3BE0-146B-43A6-B230-D5B33355F415}.Release|Any CPU.ActiveCfg = Release|Any CPU
		{26DF3BE0-146B-43A6-B230-D5B33355F415}.Release|Any CPU.Build.0 = Release|Any CPU
		{25E3AB38-D95E-4D11-B0F0-0F60571A97A0}.Debug|Any CPU.ActiveCfg = Debug|Any CPU
		{25E3AB38-D95E-4D11-B0F0-0F60571A97A0}.Debug|Any CPU.Build.0 = Debug|Any CPU
		{25E3AB38-D95E-4D11-B0F0-0F60571A97A0}.Release|Any CPU.ActiveCfg = Release|Any CPU
		{25E3AB38-D95E-4D11-B0F0-0F60571A97A0}.Release|Any CPU.Build.0 = Release|Any CPU
		{3BA7D452-98E5-47B0-BD1E-DC348E13A72A}.Debug|Any CPU.ActiveCfg = Debug|Any CPU
		{3BA7D452-98E5-47B0-BD1E-DC348E13A72A}.Debug|Any CPU.Build.0 = Debug|Any CPU
		{3BA7D452-98E5-47B0-BD1E-DC348E13A72A}.Release|Any CPU.ActiveCfg = Release|Any CPU
		{3BA7D452-98E5-47B0-BD1E-DC348E13A72A}.Release|Any CPU.Build.0 = Release|Any CPU
		{51494B38-0D18-4B9D-AB75-39E804747D5F}.Debug|Any CPU.ActiveCfg = Debug|Any CPU
		{51494B38-0D18-4B9D-AB75-39E804747D5F}.Debug|Any CPU.Build.0 = Debug|Any CPU
		{51494B38-0D18-4B9D-AB75-39E804747D5F}.Release|Any CPU.ActiveCfg = Release|Any CPU
		{51494B38-0D18-4B9D-AB75-39E804747D5F}.Release|Any CPU.Build.0 = Release|Any CPU
		{93E15BE9-BF06-4F94-A42F-BFD664774DC5}.Debug|Any CPU.ActiveCfg = Debug|Any CPU
		{93E15BE9-BF06-4F94-A42F-BFD664774DC5}.Debug|Any CPU.Build.0 = Debug|Any CPU
		{93E15BE9-BF06-4F94-A42F-BFD664774DC5}.Release|Any CPU.ActiveCfg = Release|Any CPU
		{93E15BE9-BF06-4F94-A42F-BFD664774DC5}.Release|Any CPU.Build.0 = Release|Any CPU
		{838F9240-4541-4646-AAC2-0EAA6F05A654}.Debug|Any CPU.ActiveCfg = Debug|Any CPU
		{838F9240-4541-4646-AAC2-0EAA6F05A654}.Debug|Any CPU.Build.0 = Debug|Any CPU
		{838F9240-4541-4646-AAC2-0EAA6F05A654}.Release|Any CPU.ActiveCfg = Release|Any CPU
		{838F9240-4541-4646-AAC2-0EAA6F05A654}.Release|Any CPU.Build.0 = Release|Any CPU
		{FF8C9795-2AD5-45E6-851D-6BDF8A7841CE}.Debug|Any CPU.ActiveCfg = Debug|Any CPU
		{FF8C9795-2AD5-45E6-851D-6BDF8A7841CE}.Debug|Any CPU.Build.0 = Debug|Any CPU
		{FF8C9795-2AD5-45E6-851D-6BDF8A7841CE}.Release|Any CPU.ActiveCfg = Release|Any CPU
		{FF8C9795-2AD5-45E6-851D-6BDF8A7841CE}.Release|Any CPU.Build.0 = Release|Any CPU
		{98067EC0-5028-432F-B94A-99195D70B76F}.Debug|Any CPU.ActiveCfg = Debug|Any CPU
		{98067EC0-5028-432F-B94A-99195D70B76F}.Debug|Any CPU.Build.0 = Debug|Any CPU
		{98067EC0-5028-432F-B94A-99195D70B76F}.Release|Any CPU.ActiveCfg = Release|Any CPU
		{98067EC0-5028-432F-B94A-99195D70B76F}.Release|Any CPU.Build.0 = Release|Any CPU
		{21AA5847-70DF-4C96-9AED-1C9A9AF9325C}.Debug|Any CPU.ActiveCfg = Debug|Any CPU
		{21AA5847-70DF-4C96-9AED-1C9A9AF9325C}.Debug|Any CPU.Build.0 = Debug|Any CPU
		{21AA5847-70DF-4C96-9AED-1C9A9AF9325C}.Release|Any CPU.ActiveCfg = Release|Any CPU
		{21AA5847-70DF-4C96-9AED-1C9A9AF9325C}.Release|Any CPU.Build.0 = Release|Any CPU
		{E5047274-5A15-41C6-986F-A6A36588A012}.Debug|Any CPU.ActiveCfg = Debug|Any CPU
		{E5047274-5A15-41C6-986F-A6A36588A012}.Debug|Any CPU.Build.0 = Debug|Any CPU
		{E5047274-5A15-41C6-986F-A6A36588A012}.Release|Any CPU.ActiveCfg = Release|Any CPU
		{E5047274-5A15-41C6-986F-A6A36588A012}.Release|Any CPU.Build.0 = Release|Any CPU
		{10771591-D09D-4FCC-990E-3982006FB1FA}.Debug|Any CPU.ActiveCfg = Debug|Any CPU
		{10771591-D09D-4FCC-990E-3982006FB1FA}.Debug|Any CPU.Build.0 = Debug|Any CPU
		{10771591-D09D-4FCC-990E-3982006FB1FA}.Release|Any CPU.ActiveCfg = Release|Any CPU
		{10771591-D09D-4FCC-990E-3982006FB1FA}.Release|Any CPU.Build.0 = Release|Any CPU
		{CEFF8372-2F7A-41CB-8F13-164ABBA8ACA2}.Debug|Any CPU.ActiveCfg = Debug|Any CPU
		{CEFF8372-2F7A-41CB-8F13-164ABBA8ACA2}.Debug|Any CPU.Build.0 = Debug|Any CPU
		{CEFF8372-2F7A-41CB-8F13-164ABBA8ACA2}.Release|Any CPU.ActiveCfg = Release|Any CPU
		{CEFF8372-2F7A-41CB-8F13-164ABBA8ACA2}.Release|Any CPU.Build.0 = Release|Any CPU
		{8830DBE0-2162-4F35-8D81-1577F17ABB10}.Debug|Any CPU.ActiveCfg = Debug|Any CPU
		{8830DBE0-2162-4F35-8D81-1577F17ABB10}.Debug|Any CPU.Build.0 = Debug|Any CPU
		{8830DBE0-2162-4F35-8D81-1577F17ABB10}.Release|Any CPU.ActiveCfg = Release|Any CPU
		{8830DBE0-2162-4F35-8D81-1577F17ABB10}.Release|Any CPU.Build.0 = Release|Any CPU
		{8DD96D02-C6D3-435B-B0F7-2460161A250F}.Debug|Any CPU.ActiveCfg = Debug|Any CPU
		{8DD96D02-C6D3-435B-B0F7-2460161A250F}.Debug|Any CPU.Build.0 = Debug|Any CPU
		{8DD96D02-C6D3-435B-B0F7-2460161A250F}.Release|Any CPU.ActiveCfg = Release|Any CPU
		{8DD96D02-C6D3-435B-B0F7-2460161A250F}.Release|Any CPU.Build.0 = Release|Any CPU
		{91F4EA23-788B-4E54-A38E-FE738B3BF2F1}.Debug|Any CPU.ActiveCfg = Debug|Any CPU
		{91F4EA23-788B-4E54-A38E-FE738B3BF2F1}.Debug|Any CPU.Build.0 = Debug|Any CPU
		{91F4EA23-788B-4E54-A38E-FE738B3BF2F1}.Release|Any CPU.ActiveCfg = Release|Any CPU
		{91F4EA23-788B-4E54-A38E-FE738B3BF2F1}.Release|Any CPU.Build.0 = Release|Any CPU
		{C46BFAA7-F471-45A6-A5AC-FCF9390408EE}.Debug|Any CPU.ActiveCfg = Debug|Any CPU
		{C46BFAA7-F471-45A6-A5AC-FCF9390408EE}.Debug|Any CPU.Build.0 = Debug|Any CPU
		{C46BFAA7-F471-45A6-A5AC-FCF9390408EE}.Release|Any CPU.ActiveCfg = Release|Any CPU
		{C46BFAA7-F471-45A6-A5AC-FCF9390408EE}.Release|Any CPU.Build.0 = Release|Any CPU
		{A24271FA-E058-42E0-BB7D-3C8C43DF4B04}.Debug|Any CPU.ActiveCfg = Debug|Any CPU
		{A24271FA-E058-42E0-BB7D-3C8C43DF4B04}.Debug|Any CPU.Build.0 = Debug|Any CPU
		{A24271FA-E058-42E0-BB7D-3C8C43DF4B04}.Release|Any CPU.ActiveCfg = Release|Any CPU
		{A24271FA-E058-42E0-BB7D-3C8C43DF4B04}.Release|Any CPU.Build.0 = Release|Any CPU
		{31FA18D3-24AD-4AB0-B297-5A2FD871989E}.Debug|Any CPU.ActiveCfg = Debug|Any CPU
		{31FA18D3-24AD-4AB0-B297-5A2FD871989E}.Debug|Any CPU.Build.0 = Debug|Any CPU
		{31FA18D3-24AD-4AB0-B297-5A2FD871989E}.Release|Any CPU.ActiveCfg = Release|Any CPU
		{31FA18D3-24AD-4AB0-B297-5A2FD871989E}.Release|Any CPU.Build.0 = Release|Any CPU
		{9921E059-612B-4011-9AB6-FD30E69850A1}.Debug|Any CPU.ActiveCfg = Debug|Any CPU
		{9921E059-612B-4011-9AB6-FD30E69850A1}.Debug|Any CPU.Build.0 = Debug|Any CPU
		{9921E059-612B-4011-9AB6-FD30E69850A1}.Release|Any CPU.ActiveCfg = Release|Any CPU
		{9921E059-612B-4011-9AB6-FD30E69850A1}.Release|Any CPU.Build.0 = Release|Any CPU
		{742AC687-FC9A-4534-BB50-3D91738563A7}.Debug|Any CPU.ActiveCfg = Debug|Any CPU
		{742AC687-FC9A-4534-BB50-3D91738563A7}.Debug|Any CPU.Build.0 = Debug|Any CPU
		{742AC687-FC9A-4534-BB50-3D91738563A7}.Release|Any CPU.ActiveCfg = Release|Any CPU
		{742AC687-FC9A-4534-BB50-3D91738563A7}.Release|Any CPU.Build.0 = Release|Any CPU
	EndGlobalSection
	GlobalSection(SolutionProperties) = preSolution
		HideSolutionNode = FALSE
	EndGlobalSection
	GlobalSection(NestedProjects) = preSolution
		{87C7C329-1824-4AC7-AF25-3D06068A01F6} = {5734E9DC-CF67-4337-B28E-695280598B88}
		{0C3B1176-A01D-4EDD-A0B8-17F04C513025} = {5734E9DC-CF67-4337-B28E-695280598B88}
		{52B05C75-46F1-4C1B-B660-EDD88BA38924} = {5734E9DC-CF67-4337-B28E-695280598B88}
		{7C8CD644-8C3E-491D-9583-CCDD352223C8} = {5734E9DC-CF67-4337-B28E-695280598B88}
		{A4DEDD2F-5565-404A-B60F-98217221518D} = {5734E9DC-CF67-4337-B28E-695280598B88}
		{186CAB00-195D-490F-873B-0B2B0FB546F2} = {5734E9DC-CF67-4337-B28E-695280598B88}
		{4262AB60-E51D-43D1-AE63-D60ED24CF04F} = {5734E9DC-CF67-4337-B28E-695280598B88}
		{A3A80C91-557A-44DE-BD0F-AC3E96903424} = {5734E9DC-CF67-4337-B28E-695280598B88}
		{AD0737D9-12D7-449F-9B2D-A3045731C946} = {5734E9DC-CF67-4337-B28E-695280598B88}
		{BAA9CBDF-F6B7-4C85-8A22-6A316A4ACC46} = {5734E9DC-CF67-4337-B28E-695280598B88}
		{E948F38F-4F8B-41FE-8F49-4792F4EC2531} = {5734E9DC-CF67-4337-B28E-695280598B88}
		{21FB2D6B-2525-4A24-BF66-D34941C7FA88} = {5734E9DC-CF67-4337-B28E-695280598B88}
		{35B9DD79-D65A-423C-9DC0-59DCF3BF2E98} = {5734E9DC-CF67-4337-B28E-695280598B88}
		{98FEBB4D-CFF9-4318-B2F0-C5DCC5436A47} = {5734E9DC-CF67-4337-B28E-695280598B88}
		{CFA5BBCB-B41B-47C0-A4D2-FA243FC6ECC6} = {5734E9DC-CF67-4337-B28E-695280598B88}
		{32E22782-7A5E-4546-B2DB-F3628EA36361} = {5734E9DC-CF67-4337-B28E-695280598B88}
		{3A376B78-DD7D-4450-9FDE-F7236FAA6E63} = {5734E9DC-CF67-4337-B28E-695280598B88}
		{26DF3BE0-146B-43A6-B230-D5B33355F415} = {5734E9DC-CF67-4337-B28E-695280598B88}
		{25E3AB38-D95E-4D11-B0F0-0F60571A97A0} = {5734E9DC-CF67-4337-B28E-695280598B88}
		{3BA7D452-98E5-47B0-BD1E-DC348E13A72A} = {F44224E5-8E58-4D52-A0F0-BCBA2ADC0A0B}
		{51494B38-0D18-4B9D-AB75-39E804747D5F} = {F44224E5-8E58-4D52-A0F0-BCBA2ADC0A0B}
		{93E15BE9-BF06-4F94-A42F-BFD664774DC5} = {F44224E5-8E58-4D52-A0F0-BCBA2ADC0A0B}
		{838F9240-4541-4646-AAC2-0EAA6F05A654} = {F44224E5-8E58-4D52-A0F0-BCBA2ADC0A0B}
		{FF8C9795-2AD5-45E6-851D-6BDF8A7841CE} = {F44224E5-8E58-4D52-A0F0-BCBA2ADC0A0B}
		{98067EC0-5028-432F-B94A-99195D70B76F} = {F44224E5-8E58-4D52-A0F0-BCBA2ADC0A0B}
		{21AA5847-70DF-4C96-9AED-1C9A9AF9325C} = {F44224E5-8E58-4D52-A0F0-BCBA2ADC0A0B}
		{E5047274-5A15-41C6-986F-A6A36588A012} = {F44224E5-8E58-4D52-A0F0-BCBA2ADC0A0B}
		{10771591-D09D-4FCC-990E-3982006FB1FA} = {F44224E5-8E58-4D52-A0F0-BCBA2ADC0A0B}
		{CEFF8372-2F7A-41CB-8F13-164ABBA8ACA2} = {F44224E5-8E58-4D52-A0F0-BCBA2ADC0A0B}
		{8830DBE0-2162-4F35-8D81-1577F17ABB10} = {F44224E5-8E58-4D52-A0F0-BCBA2ADC0A0B}
		{8DD96D02-C6D3-435B-B0F7-2460161A250F} = {F44224E5-8E58-4D52-A0F0-BCBA2ADC0A0B}
		{91F4EA23-788B-4E54-A38E-FE738B3BF2F1} = {F44224E5-8E58-4D52-A0F0-BCBA2ADC0A0B}
		{C46BFAA7-F471-45A6-A5AC-FCF9390408EE} = {F44224E5-8E58-4D52-A0F0-BCBA2ADC0A0B}
		{A24271FA-E058-42E0-BB7D-3C8C43DF4B04} = {F44224E5-8E58-4D52-A0F0-BCBA2ADC0A0B}
		{31FA18D3-24AD-4AB0-B297-5A2FD871989E} = {F44224E5-8E58-4D52-A0F0-BCBA2ADC0A0B}
		{9921E059-612B-4011-9AB6-FD30E69850A1} = {AA791E28-7914-439A-B59A-580B8D8FE95D}
		{742AC687-FC9A-4534-BB50-3D91738563A7} = {F44224E5-8E58-4D52-A0F0-BCBA2ADC0A0B}
	EndGlobalSection
EndGlobal
