
Microsoft Visual Studio Solution File, Format Version 11.00
# Visual Studio 2010
Project("{FAE04EC0-301F-11D3-BF4B-00C04F79EFBC}") = "Nancy", "Nancy\Nancy.csproj", "{34576216-0DCA-4B0F-A0DC-9075E75A676F}"
EndProject
Project("{FAE04EC0-301F-11D3-BF4B-00C04F79EFBC}") = "Nancy.Tests", "Nancy.Tests\Nancy.Tests.csproj", "{776D244D-BC4D-4BBB-A478-CAF2D04520E1}"
EndProject
Project("{FAE04EC0-301F-11D3-BF4B-00C04F79EFBC}") = "NancyTestRun", "C:\Users\Andreas\Documents\Visual Studio 2010\Projects\NancyTestRun\NancyTestRun\NancyTestRun.csproj", "{7A0DE207-F1B3-48D9-85A5-39B8C18954A7}"
EndProject
Global
	GlobalSection(SolutionConfigurationPlatforms) = preSolution
		Debug|Any CPU = Debug|Any CPU
		Release|Any CPU = Release|Any CPU
	EndGlobalSection
	GlobalSection(ProjectConfigurationPlatforms) = postSolution
		{34576216-0DCA-4B0F-A0DC-9075E75A676F}.Debug|Any CPU.ActiveCfg = Debug|Any CPU
		{34576216-0DCA-4B0F-A0DC-9075E75A676F}.Debug|Any CPU.Build.0 = Debug|Any CPU
		{34576216-0DCA-4B0F-A0DC-9075E75A676F}.Release|Any CPU.ActiveCfg = Release|Any CPU
		{34576216-0DCA-4B0F-A0DC-9075E75A676F}.Release|Any CPU.Build.0 = Release|Any CPU
		{776D244D-BC4D-4BBB-A478-CAF2D04520E1}.Debug|Any CPU.ActiveCfg = Debug|Any CPU
		{776D244D-BC4D-4BBB-A478-CAF2D04520E1}.Debug|Any CPU.Build.0 = Debug|Any CPU
		{776D244D-BC4D-4BBB-A478-CAF2D04520E1}.Release|Any CPU.ActiveCfg = Release|Any CPU
		{776D244D-BC4D-4BBB-A478-CAF2D04520E1}.Release|Any CPU.Build.0 = Release|Any CPU
		{7A0DE207-F1B3-48D9-85A5-39B8C18954A7}.Debug|Any CPU.ActiveCfg = Debug|Any CPU
		{7A0DE207-F1B3-48D9-85A5-39B8C18954A7}.Debug|Any CPU.Build.0 = Debug|Any CPU
		{7A0DE207-F1B3-48D9-85A5-39B8C18954A7}.Release|Any CPU.ActiveCfg = Release|Any CPU
		{7A0DE207-F1B3-48D9-85A5-39B8C18954A7}.Release|Any CPU.Build.0 = Release|Any CPU
	EndGlobalSection
	GlobalSection(SolutionProperties) = preSolution
		HideSolutionNode = FALSE
	EndGlobalSection
EndGlobal
