
Microsoft Visual Studio Solution File, Format Version 12.00
# Visual Studio 14
VisualStudioVersion = 14.0.23107.0
MinimumVisualStudioVersion = 10.0.40219.1
Project("{2150E333-8FDC-42A3-9474-1A3956D46DE8}") = "src", "src", "{E944109B-0B7A-4ADE-8602-004CEFA5897D}"
EndProject
Project("{2150E333-8FDC-42A3-9474-1A3956D46DE8}") = "tests", "tests", "{A427F9F8-0A6F-4EEA-837F-FCDAB6E7D4B3}"
EndProject
Project("{2150E333-8FDC-42A3-9474-1A3956D46DE8}") = "samples", "samples", "{4A24657F-9695-437B-9702-2541ED280628}"
EndProject
Project("{2150E333-8FDC-42A3-9474-1A3956D46DE8}") = "build", "build", "{C83115E9-B3B9-4848-9312-5C298CC1B924}"
EndProject
Project("{FAE04EC0-301F-11D3-BF4B-00C04F79EFBC}") = "Nancy", "Nancy\Nancy.csproj", "{34576216-0DCA-4B0F-A0DC-9075E75A676F}"
EndProject
Project("{FAE04EC0-301F-11D3-BF4B-00C04F79EFBC}") = "Nancy.Hosting.Wcf", "Nancy.Hosting.Wcf\Nancy.Hosting.Wcf.csproj", "{8B7EC9F2-44D2-426C-AE7F-801DC3238259}"
EndProject
Project("{FAE04EC0-301F-11D3-BF4B-00C04F79EFBC}") = "Nancy.ViewEngines.Razor", "Nancy.ViewEngines.Razor\Nancy.ViewEngines.Razor.csproj", "{2C6F51DF-015C-4DB6-B44C-0E5E4F25E2A9}"
EndProject
Project("{FAE04EC0-301F-11D3-BF4B-00C04F79EFBC}") = "Nancy.ViewEngines.Spark", "Nancy.ViewEngines.Spark\Nancy.ViewEngines.Spark.csproj", "{4B7E35DF-1569-4346-B180-A09615723095}"
EndProject
Project("{FAE04EC0-301F-11D3-BF4B-00C04F79EFBC}") = "Nancy.Hosting.Aspnet", "Nancy.Hosting.Aspnet\Nancy.Hosting.Aspnet.csproj", "{15B7F794-0BB2-4B66-AD78-4A951F1209B2}"
EndProject
Project("{FAE04EC0-301F-11D3-BF4B-00C04F79EFBC}") = "Nancy.Authentication.Forms", "Nancy.Authentication.Forms\Nancy.Authentication.Forms.csproj", "{E8B18958-7C8A-4FBA-AF00-3041C34A20CE}"
EndProject
Project("{FAE04EC0-301F-11D3-BF4B-00C04F79EFBC}") = "Nancy.Hosting.Self", "Nancy.Hosting.Self\Nancy.Hosting.Self.csproj", "{AA7F66EB-EC2C-47DE-855F-30B3E6EF2134}"
EndProject
Project("{FAE04EC0-301F-11D3-BF4B-00C04F79EFBC}") = "Nancy.Testing", "Nancy.Testing\Nancy.Testing.csproj", "{D79203C0-B672-4751-9C95-C3AB7D3FEFBE}"
EndProject
Project("{FAE04EC0-301F-11D3-BF4B-00C04F79EFBC}") = "Nancy.ViewEngines.DotLiquid", "Nancy.ViewEngines.DotLiquid\Nancy.ViewEngines.DotLiquid.csproj", "{B795886D-9D70-45B1-BFB5-AD54CBC9A447}"
EndProject
Project("{FAE04EC0-301F-11D3-BF4B-00C04F79EFBC}") = "Nancy.Authentication.Basic", "Nancy.Authentication.Basic\Nancy.Authentication.Basic.csproj", "{BD72B98D-C81A-4013-B606-94B4BA2273E5}"
EndProject
Project("{FAE04EC0-301F-11D3-BF4B-00C04F79EFBC}") = "Nancy.Tests", "Nancy.Tests\Nancy.Tests.csproj", "{776D244D-BC4D-4BBB-A478-CAF2D04520E1}"
EndProject
Project("{FAE04EC0-301F-11D3-BF4B-00C04F79EFBC}") = "Nancy.Hosting.Wcf.Tests", "Nancy.Hosting.Wcf.Tests\Nancy.Hosting.Wcf.Tests.csproj", "{3D44A461-3133-4B49-A74B-D25632A12FE5}"
EndProject
Project("{FAE04EC0-301F-11D3-BF4B-00C04F79EFBC}") = "Nancy.ViewEngines.Razor.Tests", "Nancy.ViewEngines.Razor.Tests\Nancy.ViewEngines.Razor.Tests.csproj", "{FE32460D-547C-4EB9-A768-541255CCAA83}"
EndProject
Project("{FAE04EC0-301F-11D3-BF4B-00C04F79EFBC}") = "Nancy.ViewEngines.Spark.Tests", "Nancy.ViewEngines.Spark.Tests\Nancy.ViewEngines.Spark.Tests.csproj", "{06F89662-C2F0-4C1D-8581-E0C4A615B7E2}"
EndProject
Project("{FAE04EC0-301F-11D3-BF4B-00C04F79EFBC}") = "Nancy.Hosting.Aspnet.Tests", "Nancy.Hosting.Aspnet.Tests\Nancy.Hosting.Aspnet.Tests.csproj", "{D0F1D7F4-0D48-49AE-9E33-005926B58B1D}"
EndProject
Project("{FAE04EC0-301F-11D3-BF4B-00C04F79EFBC}") = "Nancy.Authentication.Forms.Tests", "Nancy.Authentication.Forms.Tests\Nancy.Authentication.Forms.Tests.csproj", "{4E974051-38C2-4B5D-A6B1-F265A428A673}"
EndProject
Project("{FAE04EC0-301F-11D3-BF4B-00C04F79EFBC}") = "Nancy.Testing.Tests", "Nancy.Testing.Tests\Nancy.Testing.Tests.csproj", "{8EB9E15A-4B65-4C80-B834-9A7773750666}"
EndProject
Project("{FAE04EC0-301F-11D3-BF4B-00C04F79EFBC}") = "Nancy.ViewEngines.DotLiquid.Tests", "Nancy.ViewEngines.DotLiquid.Tests\Nancy.ViewEngines.DotLiquid.Tests.csproj", "{A3BF6450-DE9A-4C11-8E3C-66D9A8EC93F5}"
EndProject
Project("{FAE04EC0-301F-11D3-BF4B-00C04F79EFBC}") = "Nancy.Authentication.Basic.Tests", "Nancy.Authentication.Basic.Tests\Nancy.Authentication.Basic.Tests.csproj", "{2026DD2D-E041-4A14-8A04-D5B39B8B7C40}"
EndProject
Project("{FAE04EC0-301F-11D3-BF4B-00C04F79EFBC}") = "Nancy.Tests.Functional", "Nancy.Tests.Functional\Nancy.Tests.Functional.csproj", "{BDA5E175-07D7-4E6F-B46F-C2CF7D63E231}"
EndProject
Project("{FAE04EC0-301F-11D3-BF4B-00C04F79EFBC}") = "Nancy.Demo.Authentication", "Nancy.Demo.Authentication\Nancy.Demo.Authentication.csproj", "{5F2DD52D-471B-4946-8F7B-F050C88EFC52}"
EndProject
Project("{FAE04EC0-301F-11D3-BF4B-00C04F79EFBC}") = "Nancy.Demo.Authentication.Forms", "Nancy.Demo.Authentication.Forms\Nancy.Demo.Authentication.Forms.csproj", "{98940A30-1B48-4F71-A6BA-85F0AAF31A2F}"
EndProject
Project("{FAE04EC0-301F-11D3-BF4B-00C04F79EFBC}") = "Nancy.Demo.Bootstrapping.Aspnet", "Nancy.Demo.Bootstrapper.Aspnet\Nancy.Demo.Bootstrapping.Aspnet.csproj", "{EF660223-4DFD-4E36-BF36-9DD6AFB3F837}"
EndProject
Project("{FAE04EC0-301F-11D3-BF4B-00C04F79EFBC}") = "Nancy.Demo.Caching", "Nancy.Demo.Caching\Nancy.Demo.Caching.csproj", "{28F9EA8B-90F7-4974-BB40-0B7FA9309D02}"
EndProject
Project("{FAE04EC0-301F-11D3-BF4B-00C04F79EFBC}") = "Nancy.Demo.Hosting.Self", "Nancy.Demo.Hosting.Self\Nancy.Demo.Hosting.Self.csproj", "{0B3EA40E-F7D8-4E14-A30F-1536F41B62D1}"
EndProject
Project("{FAE04EC0-301F-11D3-BF4B-00C04F79EFBC}") = "Nancy.Demo.Hosting.Wcf", "Nancy.Demo.Hosting.Wcf\Nancy.Demo.Hosting.Wcf.csproj", "{EBB6F597-3273-4972-8B25-A809D2FC1F24}"
EndProject
Project("{FAE04EC0-301F-11D3-BF4B-00C04F79EFBC}") = "Nancy.Demo.Hosting.Aspnet", "Nancy.Demo.Hosting.Aspnet\Nancy.Demo.Hosting.Aspnet.csproj", "{E127FED3-01C0-41BA-BF83-D8DCDD827D6A}"
EndProject
Project("{FAE04EC0-301F-11D3-BF4B-00C04F79EFBC}") = "Nancy.Demo.Authentication.Forms.TestingDemo", "Nancy.Demo.Authentication.Forms.TestingDemo\Nancy.Demo.Authentication.Forms.TestingDemo.csproj", "{948A8EF6-D50C-45EA-9AFD-7A4723ADAB0B}"
EndProject
Project("{FAE04EC0-301F-11D3-BF4B-00C04F79EFBC}") = "Nancy.Demo.ModelBinding", "Nancy.Demo.ModelBinding\Nancy.Demo.ModelBinding.csproj", "{1258BFCD-3BAD-4373-B786-4D698EC3C157}"
EndProject
Project("{FAE04EC0-301F-11D3-BF4B-00C04F79EFBC}") = "Nancy.Demo.SuperSimpleViewEngine", "Nancy.Demo.SuperSimpleViewEngine\Nancy.Demo.SuperSimpleViewEngine.csproj", "{4885B9DF-D99C-4A1C-8606-259D32A58C33}"
EndProject
Project("{FAE04EC0-301F-11D3-BF4B-00C04F79EFBC}") = "Nancy.Demo.SparkViewEngine", "Nancy.Demo.SparkViewEngine\Nancy.Demo.SparkViewEngine.csproj", "{DE91D085-70DF-4892-B0E3-B849E9BF6AF5}"
EndProject
Project("{FAE04EC0-301F-11D3-BF4B-00C04F79EFBC}") = "Nancy.Demo.Authentication.Basic", "Nancy.Demo.Authentication.Basic\Nancy.Demo.Authentication.Basic.csproj", "{911196F4-B88F-4940-B1FD-D30F5290D06D}"
EndProject
Project("{FAE04EC0-301F-11D3-BF4B-00C04F79EFBC}") = "Nancy.ViewEngines.Nustache", "Nancy.ViewEngines.Nustache\Nancy.ViewEngines.Nustache.csproj", "{A1A9E636-A37C-4170-B2E4-99D4F69B415D}"
EndProject
Project("{FAE04EC0-301F-11D3-BF4B-00C04F79EFBC}") = "Nancy.Demo.Validation", "Nancy.Demo.Validation\Nancy.Demo.Validation.csproj", "{F417B81C-B914-4BFD-8299-6BBD11072B01}"
EndProject
Project("{FAE04EC0-301F-11D3-BF4B-00C04F79EFBC}") = "Nancy.Validation.DataAnnotations", "Nancy.Validation.DataAnnotations\Nancy.Validation.DataAnnotations.csproj", "{701765DC-F4F2-4943-A37F-6ED253198158}"
EndProject
Project("{FAE04EC0-301F-11D3-BF4B-00C04F79EFBC}") = "Nancy.Validation.FluentValidation", "Nancy.Validation.FluentValidation\Nancy.Validation.FluentValidation.csproj", "{01230F2A-D108-480C-B834-8CE0569FD3B3}"
EndProject
Project("{FAE04EC0-301F-11D3-BF4B-00C04F79EFBC}") = "Nancy.Validation.DataAnnotations.Tests", "Nancy.Validation.DataAnnotatioins.Tests\Nancy.Validation.DataAnnotations.Tests.csproj", "{8F9F910D-416E-4B28-BE59-D76670405F56}"
EndProject
Project("{FAE04EC0-301F-11D3-BF4B-00C04F79EFBC}") = "Nancy.Validation.FluentValidation.Tests", "Nancy.Validation.FluentValidation.Tests\Nancy.Validation.FluentValidation.Tests.csproj", "{FBC35268-377B-4DBE-87E3-B22D1314BEC6}"
EndProject
Project("{FAE04EC0-301F-11D3-BF4B-00C04F79EFBC}") = "Nancy.ViewEngines.Razor.Tests.Models", "Nancy.ViewEngines.Razor.Tests.Models\Nancy.ViewEngines.Razor.Tests.Models.csproj", "{3F18F5DA-93E0-4513-8BF4-BC8EE5C4117C}"
EndProject
Project("{FAE04EC0-301F-11D3-BF4B-00C04F79EFBC}") = "Nancy.ViewEngines.Razor.BuildProviders", "Nancy.ViewEngines.Razor.BuildProviders\Nancy.ViewEngines.Razor.BuildProviders.csproj", "{EDF3E264-2D0F-4440-99FF-45D279A598A9}"
EndProject
Project("{FAE04EC0-301F-11D3-BF4B-00C04F79EFBC}") = "Nancy.Hosting.Self.Tests", "Nancy.Hosting.Self.Tests\Nancy.Hosting.Self.Tests.csproj", "{CA24ED85-DD68-4C10-B80A-D81C6745FCB8}"
EndProject
Project("{FAE04EC0-301F-11D3-BF4B-00C04F79EFBC}") = "Nancy.Authentication.Stateless", "Nancy.Authentication.Stateless\Nancy.Authentication.Stateless.csproj", "{211560C3-FDDF-46D6-AB0C-F3BC04B173B5}"
EndProject
Project("{FAE04EC0-301F-11D3-BF4B-00C04F79EFBC}") = "Nancy.Demo.Authentication.Stateless.Website", "Nancy.Demo.Authentication.Stateless.Website\Nancy.Demo.Authentication.Stateless.Website.csproj", "{B5E3586D-81DE-49C3-83BC-062684795127}"
EndProject
Project("{FAE04EC0-301F-11D3-BF4B-00C04F79EFBC}") = "Nancy.Demo.Authentication.Stateless", "Nancy.Demo.Authentication.Stateless\Nancy.Demo.Authentication.Stateless.csproj", "{BAE74CD5-57C2-40E3-8F7A-EDE5721C2ACC}"
EndProject
Project("{FAE04EC0-301F-11D3-BF4B-00C04F79EFBC}") = "Nancy.Demo.Razor.Localization", "Nancy.Demo.Razor.Localization\Nancy.Demo.Razor.Localization.csproj", "{396F0BCE-5B51-4B6A-931E-312880C24725}"
EndProject
Project("{FAE04EC0-301F-11D3-BF4B-00C04F79EFBC}") = "Nancy.Encryption.MachineKey", "Nancy.Encryption.MachineKey\Nancy.Encryption.MachineKey.csproj", "{14A66047-5F67-4774-B0E3-195D1D25B6A5}"
EndProject
Project("{FAE04EC0-301F-11D3-BF4B-00C04F79EFBC}") = "Nancy.Encryption.MachineKey.Tests", "Nancy.Encryption.MachineKey.Tests\Nancy.Encryption.MachineKey.Tests.csproj", "{429873F5-1E53-4ECC-A9EC-7950C789C6DF}"
EndProject
Project("{FAE04EC0-301F-11D3-BF4B-00C04F79EFBC}") = "Nancy.Demo.CustomModule", "Nancy.Demo.CustomModule\Nancy.Demo.CustomModule.csproj", "{F56F3983-0C34-4AEC-B418-A8AFFA63F1C4}"
EndProject
Project("{FAE04EC0-301F-11D3-BF4B-00C04F79EFBC}") = "Nancy.Owin", "Nancy.Owin\Nancy.Owin.csproj", "{D6B2480C-2A52-4D02-9477-D387D7A486E5}"
EndProject
Project("{FAE04EC0-301F-11D3-BF4B-00C04F79EFBC}") = "Nancy.Embedded", "Nancy.Embedded\Nancy.Embedded.csproj", "{D8EBA39B-63AE-4A66-BD0E-F7F95E572135}"
EndProject
Project("{FAE04EC0-301F-11D3-BF4B-00C04F79EFBC}") = "Nancy.Embedded.Tests", "Nancy.Embedded.Tests\Nancy.Embedded.Tests.csproj", "{6EED2486-39BF-491D-B033-720DFCFD1211}"
EndProject
Project("{FAE04EC0-301F-11D3-BF4B-00C04F79EFBC}") = "Nancy.Demo.MarkdownViewEngine", "Nancy.Demo.MarkdownViewEngine\Nancy.Demo.MarkdownViewEngine.csproj", "{B6929D0B-5104-4C7E-979D-F4914E813FA6}"
EndProject
Project("{FAE04EC0-301F-11D3-BF4B-00C04F79EFBC}") = "Nancy.ViewEngines.Markdown.Tests", "Nancy.ViewEngines.Markdown.Tests\Nancy.ViewEngines.Markdown.Tests.csproj", "{8EE6F976-F11F-44B3-B065-F5AAA598B30D}"
EndProject
Project("{FAE04EC0-301F-11D3-BF4B-00C04F79EFBC}") = "Nancy.ViewEngines.Markdown", "Nancy.ViewEngines.Markdown\Nancy.ViewEngines.Markdown.csproj", "{864AF449-0902-44FC-BEEE-06BA9A6F4A8F}"
EndProject
Project("{FAE04EC0-301F-11D3-BF4B-00C04F79EFBC}") = "Nancy.Owin.Tests", "Nancy.Owin.Tests\Nancy.Owin.Tests.csproj", "{34DDDA42-4041-4F92-87A6-F0E8CE12C7E3}"
EndProject
Project("{FAE04EC0-301F-11D3-BF4B-00C04F79EFBC}") = "Nancy.Demo.ConstraintRouting", "Nancy.Demo.ConstraintRouting\Nancy.Demo.ConstraintRouting.csproj", "{972C2D45-49B6-4109-9A3A-0C8BC9225B95}"
EndProject
Project("{FAE04EC0-301F-11D3-BF4B-00C04F79EFBC}") = "Nancy.Metadata.Modules", "Nancy.Metadata.Modules\Nancy.Metadata.Modules.csproj", "{DC8AAA8B-7FD0-47C4-9413-3CC94088BCC4}"
EndProject
Project("{FAE04EC0-301F-11D3-BF4B-00C04F79EFBC}") = "Nancy.Metadata.Modules.Tests", "Nancy.Metadata.Modules.Tests\Nancy.Metadata.Modules.Tests.csproj", "{508A3A68-2012-4E62-925F-2F3083A013FC}"
EndProject
Project("{FAE04EC0-301F-11D3-BF4B-00C04F79EFBC}") = "Nancy.Demo.Hosting.Owin", "Nancy.Demo.Hosting.Owin\Nancy.Demo.Hosting.Owin.csproj", "{7959D79C-9E2B-4871-9470-6A6B527ABE5E}"
EndProject
Global
	GlobalSection(SolutionConfigurationPlatforms) = preSolution
		Debug|Any CPU = Debug|Any CPU
		Debug|x86 = Debug|x86
		MonoDebug|Any CPU = MonoDebug|Any CPU
		MonoDebug|x86 = MonoDebug|x86
		MonoRelease|Any CPU = MonoRelease|Any CPU
		MonoRelease|x86 = MonoRelease|x86
		Release|Any CPU = Release|Any CPU
		Release|x86 = Release|x86
	EndGlobalSection
	GlobalSection(ProjectConfigurationPlatforms) = postSolution
		{34576216-0DCA-4B0F-A0DC-9075E75A676F}.Debug|Any CPU.ActiveCfg = Debug|Any CPU
		{34576216-0DCA-4B0F-A0DC-9075E75A676F}.Debug|Any CPU.Build.0 = Debug|Any CPU
		{34576216-0DCA-4B0F-A0DC-9075E75A676F}.Debug|x86.ActiveCfg = Debug|Any CPU
		{34576216-0DCA-4B0F-A0DC-9075E75A676F}.MonoDebug|Any CPU.ActiveCfg = MonoDebug|Any CPU
		{34576216-0DCA-4B0F-A0DC-9075E75A676F}.MonoDebug|Any CPU.Build.0 = MonoDebug|Any CPU
		{34576216-0DCA-4B0F-A0DC-9075E75A676F}.MonoDebug|x86.ActiveCfg = MonoDebug|Any CPU
		{34576216-0DCA-4B0F-A0DC-9075E75A676F}.MonoRelease|Any CPU.ActiveCfg = MonoRelease|Any CPU
		{34576216-0DCA-4B0F-A0DC-9075E75A676F}.MonoRelease|Any CPU.Build.0 = MonoRelease|Any CPU
		{34576216-0DCA-4B0F-A0DC-9075E75A676F}.MonoRelease|x86.ActiveCfg = MonoRelease|Any CPU
		{34576216-0DCA-4B0F-A0DC-9075E75A676F}.Release|Any CPU.ActiveCfg = Release|Any CPU
		{34576216-0DCA-4B0F-A0DC-9075E75A676F}.Release|Any CPU.Build.0 = Release|Any CPU
		{34576216-0DCA-4B0F-A0DC-9075E75A676F}.Release|x86.ActiveCfg = Release|Any CPU
		{8B7EC9F2-44D2-426C-AE7F-801DC3238259}.Debug|Any CPU.ActiveCfg = Debug|Any CPU
		{8B7EC9F2-44D2-426C-AE7F-801DC3238259}.Debug|Any CPU.Build.0 = Debug|Any CPU
		{8B7EC9F2-44D2-426C-AE7F-801DC3238259}.Debug|x86.ActiveCfg = Debug|Any CPU
		{8B7EC9F2-44D2-426C-AE7F-801DC3238259}.MonoDebug|Any CPU.ActiveCfg = MonoDebug|Any CPU
		{8B7EC9F2-44D2-426C-AE7F-801DC3238259}.MonoDebug|x86.ActiveCfg = MonoDebug|Any CPU
		{8B7EC9F2-44D2-426C-AE7F-801DC3238259}.MonoRelease|Any CPU.ActiveCfg = MonoRelease|Any CPU
		{8B7EC9F2-44D2-426C-AE7F-801DC3238259}.MonoRelease|x86.ActiveCfg = MonoRelease|Any CPU
		{8B7EC9F2-44D2-426C-AE7F-801DC3238259}.Release|Any CPU.ActiveCfg = Release|Any CPU
		{8B7EC9F2-44D2-426C-AE7F-801DC3238259}.Release|Any CPU.Build.0 = Release|Any CPU
		{8B7EC9F2-44D2-426C-AE7F-801DC3238259}.Release|x86.ActiveCfg = Release|Any CPU
		{2C6F51DF-015C-4DB6-B44C-0E5E4F25E2A9}.Debug|Any CPU.ActiveCfg = Debug|Any CPU
		{2C6F51DF-015C-4DB6-B44C-0E5E4F25E2A9}.Debug|Any CPU.Build.0 = Debug|Any CPU
		{2C6F51DF-015C-4DB6-B44C-0E5E4F25E2A9}.Debug|x86.ActiveCfg = Debug|Any CPU
		{2C6F51DF-015C-4DB6-B44C-0E5E4F25E2A9}.MonoDebug|Any CPU.ActiveCfg = MonoDebug|Any CPU
		{2C6F51DF-015C-4DB6-B44C-0E5E4F25E2A9}.MonoDebug|Any CPU.Build.0 = MonoDebug|Any CPU
		{2C6F51DF-015C-4DB6-B44C-0E5E4F25E2A9}.MonoDebug|x86.ActiveCfg = MonoDebug|Any CPU
		{2C6F51DF-015C-4DB6-B44C-0E5E4F25E2A9}.MonoRelease|Any CPU.ActiveCfg = MonoRelease|Any CPU
		{2C6F51DF-015C-4DB6-B44C-0E5E4F25E2A9}.MonoRelease|Any CPU.Build.0 = MonoRelease|Any CPU
		{2C6F51DF-015C-4DB6-B44C-0E5E4F25E2A9}.MonoRelease|x86.ActiveCfg = MonoRelease|Any CPU
		{2C6F51DF-015C-4DB6-B44C-0E5E4F25E2A9}.Release|Any CPU.ActiveCfg = Release|Any CPU
		{2C6F51DF-015C-4DB6-B44C-0E5E4F25E2A9}.Release|Any CPU.Build.0 = Release|Any CPU
		{2C6F51DF-015C-4DB6-B44C-0E5E4F25E2A9}.Release|x86.ActiveCfg = Release|Any CPU
		{4B7E35DF-1569-4346-B180-A09615723095}.Debug|Any CPU.ActiveCfg = Debug|Any CPU
		{4B7E35DF-1569-4346-B180-A09615723095}.Debug|Any CPU.Build.0 = Debug|Any CPU
		{4B7E35DF-1569-4346-B180-A09615723095}.Debug|x86.ActiveCfg = Debug|Any CPU
		{4B7E35DF-1569-4346-B180-A09615723095}.MonoDebug|Any CPU.ActiveCfg = MonoDebug|Any CPU
		{4B7E35DF-1569-4346-B180-A09615723095}.MonoDebug|Any CPU.Build.0 = MonoDebug|Any CPU
		{4B7E35DF-1569-4346-B180-A09615723095}.MonoDebug|x86.ActiveCfg = MonoDebug|Any CPU
		{4B7E35DF-1569-4346-B180-A09615723095}.MonoRelease|Any CPU.ActiveCfg = MonoRelease|Any CPU
		{4B7E35DF-1569-4346-B180-A09615723095}.MonoRelease|Any CPU.Build.0 = MonoRelease|Any CPU
		{4B7E35DF-1569-4346-B180-A09615723095}.MonoRelease|x86.ActiveCfg = MonoRelease|Any CPU
		{4B7E35DF-1569-4346-B180-A09615723095}.Release|Any CPU.ActiveCfg = Release|Any CPU
		{4B7E35DF-1569-4346-B180-A09615723095}.Release|Any CPU.Build.0 = Release|Any CPU
		{4B7E35DF-1569-4346-B180-A09615723095}.Release|x86.ActiveCfg = Release|Any CPU
		{15B7F794-0BB2-4B66-AD78-4A951F1209B2}.Debug|Any CPU.ActiveCfg = Debug|Any CPU
		{15B7F794-0BB2-4B66-AD78-4A951F1209B2}.Debug|Any CPU.Build.0 = Debug|Any CPU
		{15B7F794-0BB2-4B66-AD78-4A951F1209B2}.Debug|x86.ActiveCfg = Debug|Any CPU
		{15B7F794-0BB2-4B66-AD78-4A951F1209B2}.MonoDebug|Any CPU.ActiveCfg = MonoDebug|Any CPU
		{15B7F794-0BB2-4B66-AD78-4A951F1209B2}.MonoDebug|Any CPU.Build.0 = MonoDebug|Any CPU
		{15B7F794-0BB2-4B66-AD78-4A951F1209B2}.MonoDebug|x86.ActiveCfg = MonoDebug|Any CPU
		{15B7F794-0BB2-4B66-AD78-4A951F1209B2}.MonoRelease|Any CPU.ActiveCfg = MonoRelease|Any CPU
		{15B7F794-0BB2-4B66-AD78-4A951F1209B2}.MonoRelease|Any CPU.Build.0 = MonoRelease|Any CPU
		{15B7F794-0BB2-4B66-AD78-4A951F1209B2}.MonoRelease|x86.ActiveCfg = MonoRelease|Any CPU
		{15B7F794-0BB2-4B66-AD78-4A951F1209B2}.Release|Any CPU.ActiveCfg = Release|Any CPU
		{15B7F794-0BB2-4B66-AD78-4A951F1209B2}.Release|Any CPU.Build.0 = Release|Any CPU
		{15B7F794-0BB2-4B66-AD78-4A951F1209B2}.Release|x86.ActiveCfg = Release|Any CPU
		{E8B18958-7C8A-4FBA-AF00-3041C34A20CE}.Debug|Any CPU.ActiveCfg = Debug|Any CPU
		{E8B18958-7C8A-4FBA-AF00-3041C34A20CE}.Debug|Any CPU.Build.0 = Debug|Any CPU
		{E8B18958-7C8A-4FBA-AF00-3041C34A20CE}.Debug|x86.ActiveCfg = Debug|Any CPU
		{E8B18958-7C8A-4FBA-AF00-3041C34A20CE}.MonoDebug|Any CPU.ActiveCfg = MonoDebug|Any CPU
		{E8B18958-7C8A-4FBA-AF00-3041C34A20CE}.MonoDebug|Any CPU.Build.0 = MonoDebug|Any CPU
		{E8B18958-7C8A-4FBA-AF00-3041C34A20CE}.MonoDebug|x86.ActiveCfg = MonoDebug|Any CPU
		{E8B18958-7C8A-4FBA-AF00-3041C34A20CE}.MonoRelease|Any CPU.ActiveCfg = MonoRelease|Any CPU
		{E8B18958-7C8A-4FBA-AF00-3041C34A20CE}.MonoRelease|Any CPU.Build.0 = MonoRelease|Any CPU
		{E8B18958-7C8A-4FBA-AF00-3041C34A20CE}.MonoRelease|x86.ActiveCfg = MonoRelease|Any CPU
		{E8B18958-7C8A-4FBA-AF00-3041C34A20CE}.Release|Any CPU.ActiveCfg = Release|Any CPU
		{E8B18958-7C8A-4FBA-AF00-3041C34A20CE}.Release|Any CPU.Build.0 = Release|Any CPU
		{E8B18958-7C8A-4FBA-AF00-3041C34A20CE}.Release|x86.ActiveCfg = Release|Any CPU
		{AA7F66EB-EC2C-47DE-855F-30B3E6EF2134}.Debug|Any CPU.ActiveCfg = Debug|Any CPU
		{AA7F66EB-EC2C-47DE-855F-30B3E6EF2134}.Debug|Any CPU.Build.0 = Debug|Any CPU
		{AA7F66EB-EC2C-47DE-855F-30B3E6EF2134}.Debug|x86.ActiveCfg = Debug|Any CPU
		{AA7F66EB-EC2C-47DE-855F-30B3E6EF2134}.MonoDebug|Any CPU.ActiveCfg = MonoDebug|Any CPU
		{AA7F66EB-EC2C-47DE-855F-30B3E6EF2134}.MonoDebug|Any CPU.Build.0 = MonoDebug|Any CPU
		{AA7F66EB-EC2C-47DE-855F-30B3E6EF2134}.MonoDebug|x86.ActiveCfg = MonoDebug|Any CPU
		{AA7F66EB-EC2C-47DE-855F-30B3E6EF2134}.MonoRelease|Any CPU.ActiveCfg = MonoRelease|Any CPU
		{AA7F66EB-EC2C-47DE-855F-30B3E6EF2134}.MonoRelease|Any CPU.Build.0 = MonoRelease|Any CPU
		{AA7F66EB-EC2C-47DE-855F-30B3E6EF2134}.MonoRelease|x86.ActiveCfg = MonoRelease|Any CPU
		{AA7F66EB-EC2C-47DE-855F-30B3E6EF2134}.Release|Any CPU.ActiveCfg = Release|Any CPU
		{AA7F66EB-EC2C-47DE-855F-30B3E6EF2134}.Release|Any CPU.Build.0 = Release|Any CPU
		{AA7F66EB-EC2C-47DE-855F-30B3E6EF2134}.Release|x86.ActiveCfg = Release|Any CPU
		{D79203C0-B672-4751-9C95-C3AB7D3FEFBE}.Debug|Any CPU.ActiveCfg = Debug|Any CPU
		{D79203C0-B672-4751-9C95-C3AB7D3FEFBE}.Debug|Any CPU.Build.0 = Debug|Any CPU
		{D79203C0-B672-4751-9C95-C3AB7D3FEFBE}.Debug|x86.ActiveCfg = Debug|Any CPU
		{D79203C0-B672-4751-9C95-C3AB7D3FEFBE}.MonoDebug|Any CPU.ActiveCfg = MonoDebug|Any CPU
		{D79203C0-B672-4751-9C95-C3AB7D3FEFBE}.MonoDebug|Any CPU.Build.0 = MonoDebug|Any CPU
		{D79203C0-B672-4751-9C95-C3AB7D3FEFBE}.MonoDebug|x86.ActiveCfg = MonoDebug|Any CPU
		{D79203C0-B672-4751-9C95-C3AB7D3FEFBE}.MonoRelease|Any CPU.ActiveCfg = MonoRelease|Any CPU
		{D79203C0-B672-4751-9C95-C3AB7D3FEFBE}.MonoRelease|Any CPU.Build.0 = MonoRelease|Any CPU
		{D79203C0-B672-4751-9C95-C3AB7D3FEFBE}.MonoRelease|x86.ActiveCfg = MonoRelease|Any CPU
		{D79203C0-B672-4751-9C95-C3AB7D3FEFBE}.Release|Any CPU.ActiveCfg = Release|Any CPU
		{D79203C0-B672-4751-9C95-C3AB7D3FEFBE}.Release|Any CPU.Build.0 = Release|Any CPU
		{D79203C0-B672-4751-9C95-C3AB7D3FEFBE}.Release|x86.ActiveCfg = Release|Any CPU
		{B795886D-9D70-45B1-BFB5-AD54CBC9A447}.Debug|Any CPU.ActiveCfg = Debug|Any CPU
		{B795886D-9D70-45B1-BFB5-AD54CBC9A447}.Debug|Any CPU.Build.0 = Debug|Any CPU
		{B795886D-9D70-45B1-BFB5-AD54CBC9A447}.Debug|x86.ActiveCfg = Debug|Any CPU
		{B795886D-9D70-45B1-BFB5-AD54CBC9A447}.MonoDebug|Any CPU.ActiveCfg = MonoDebug|Any CPU
		{B795886D-9D70-45B1-BFB5-AD54CBC9A447}.MonoDebug|Any CPU.Build.0 = MonoDebug|Any CPU
		{B795886D-9D70-45B1-BFB5-AD54CBC9A447}.MonoDebug|x86.ActiveCfg = MonoDebug|Any CPU
		{B795886D-9D70-45B1-BFB5-AD54CBC9A447}.MonoRelease|Any CPU.ActiveCfg = MonoRelease|Any CPU
		{B795886D-9D70-45B1-BFB5-AD54CBC9A447}.MonoRelease|Any CPU.Build.0 = MonoRelease|Any CPU
		{B795886D-9D70-45B1-BFB5-AD54CBC9A447}.MonoRelease|x86.ActiveCfg = MonoRelease|Any CPU
		{B795886D-9D70-45B1-BFB5-AD54CBC9A447}.Release|Any CPU.ActiveCfg = Release|Any CPU
		{B795886D-9D70-45B1-BFB5-AD54CBC9A447}.Release|Any CPU.Build.0 = Release|Any CPU
		{B795886D-9D70-45B1-BFB5-AD54CBC9A447}.Release|x86.ActiveCfg = Release|Any CPU
		{BD72B98D-C81A-4013-B606-94B4BA2273E5}.Debug|Any CPU.ActiveCfg = Debug|Any CPU
		{BD72B98D-C81A-4013-B606-94B4BA2273E5}.Debug|Any CPU.Build.0 = Debug|Any CPU
		{BD72B98D-C81A-4013-B606-94B4BA2273E5}.Debug|x86.ActiveCfg = Debug|Any CPU
		{BD72B98D-C81A-4013-B606-94B4BA2273E5}.MonoDebug|Any CPU.ActiveCfg = MonoDebug|Any CPU
		{BD72B98D-C81A-4013-B606-94B4BA2273E5}.MonoDebug|Any CPU.Build.0 = MonoDebug|Any CPU
		{BD72B98D-C81A-4013-B606-94B4BA2273E5}.MonoDebug|x86.ActiveCfg = MonoDebug|Any CPU
		{BD72B98D-C81A-4013-B606-94B4BA2273E5}.MonoRelease|Any CPU.ActiveCfg = MonoRelease|Any CPU
		{BD72B98D-C81A-4013-B606-94B4BA2273E5}.MonoRelease|Any CPU.Build.0 = MonoRelease|Any CPU
		{BD72B98D-C81A-4013-B606-94B4BA2273E5}.MonoRelease|x86.ActiveCfg = MonoRelease|Any CPU
		{BD72B98D-C81A-4013-B606-94B4BA2273E5}.Release|Any CPU.ActiveCfg = Release|Any CPU
		{BD72B98D-C81A-4013-B606-94B4BA2273E5}.Release|Any CPU.Build.0 = Release|Any CPU
		{BD72B98D-C81A-4013-B606-94B4BA2273E5}.Release|x86.ActiveCfg = Release|Any CPU
		{776D244D-BC4D-4BBB-A478-CAF2D04520E1}.Debug|Any CPU.ActiveCfg = Debug|Any CPU
		{776D244D-BC4D-4BBB-A478-CAF2D04520E1}.Debug|Any CPU.Build.0 = Debug|Any CPU
		{776D244D-BC4D-4BBB-A478-CAF2D04520E1}.Debug|x86.ActiveCfg = Debug|Any CPU
		{776D244D-BC4D-4BBB-A478-CAF2D04520E1}.MonoDebug|Any CPU.ActiveCfg = MonoDebug|Any CPU
		{776D244D-BC4D-4BBB-A478-CAF2D04520E1}.MonoDebug|Any CPU.Build.0 = MonoDebug|Any CPU
		{776D244D-BC4D-4BBB-A478-CAF2D04520E1}.MonoDebug|x86.ActiveCfg = MonoDebug|Any CPU
		{776D244D-BC4D-4BBB-A478-CAF2D04520E1}.MonoRelease|Any CPU.ActiveCfg = MonoRelease|Any CPU
		{776D244D-BC4D-4BBB-A478-CAF2D04520E1}.MonoRelease|Any CPU.Build.0 = MonoRelease|Any CPU
		{776D244D-BC4D-4BBB-A478-CAF2D04520E1}.MonoRelease|x86.ActiveCfg = MonoRelease|Any CPU
		{776D244D-BC4D-4BBB-A478-CAF2D04520E1}.Release|Any CPU.ActiveCfg = Release|Any CPU
		{776D244D-BC4D-4BBB-A478-CAF2D04520E1}.Release|Any CPU.Build.0 = Release|Any CPU
		{776D244D-BC4D-4BBB-A478-CAF2D04520E1}.Release|x86.ActiveCfg = Release|Any CPU
		{3D44A461-3133-4B49-A74B-D25632A12FE5}.Debug|Any CPU.ActiveCfg = Debug|Any CPU
		{3D44A461-3133-4B49-A74B-D25632A12FE5}.Debug|Any CPU.Build.0 = Debug|Any CPU
		{3D44A461-3133-4B49-A74B-D25632A12FE5}.Debug|x86.ActiveCfg = Debug|Any CPU
		{3D44A461-3133-4B49-A74B-D25632A12FE5}.MonoDebug|Any CPU.ActiveCfg = MonoDebug|Any CPU
		{3D44A461-3133-4B49-A74B-D25632A12FE5}.MonoDebug|x86.ActiveCfg = MonoDebug|Any CPU
		{3D44A461-3133-4B49-A74B-D25632A12FE5}.MonoRelease|Any CPU.ActiveCfg = MonoRelease|Any CPU
		{3D44A461-3133-4B49-A74B-D25632A12FE5}.MonoRelease|x86.ActiveCfg = MonoRelease|Any CPU
		{3D44A461-3133-4B49-A74B-D25632A12FE5}.Release|Any CPU.ActiveCfg = Release|Any CPU
		{3D44A461-3133-4B49-A74B-D25632A12FE5}.Release|Any CPU.Build.0 = Release|Any CPU
		{3D44A461-3133-4B49-A74B-D25632A12FE5}.Release|x86.ActiveCfg = Release|Any CPU
		{FE32460D-547C-4EB9-A768-541255CCAA83}.Debug|Any CPU.ActiveCfg = Debug|Any CPU
		{FE32460D-547C-4EB9-A768-541255CCAA83}.Debug|Any CPU.Build.0 = Debug|Any CPU
		{FE32460D-547C-4EB9-A768-541255CCAA83}.Debug|x86.ActiveCfg = Debug|Any CPU
		{FE32460D-547C-4EB9-A768-541255CCAA83}.MonoDebug|Any CPU.ActiveCfg = MonoDebug|Any CPU
		{FE32460D-547C-4EB9-A768-541255CCAA83}.MonoDebug|Any CPU.Build.0 = MonoDebug|Any CPU
		{FE32460D-547C-4EB9-A768-541255CCAA83}.MonoDebug|x86.ActiveCfg = MonoDebug|Any CPU
		{FE32460D-547C-4EB9-A768-541255CCAA83}.MonoRelease|Any CPU.ActiveCfg = MonoRelease|Any CPU
		{FE32460D-547C-4EB9-A768-541255CCAA83}.MonoRelease|Any CPU.Build.0 = MonoRelease|Any CPU
		{FE32460D-547C-4EB9-A768-541255CCAA83}.MonoRelease|x86.ActiveCfg = MonoRelease|Any CPU
		{FE32460D-547C-4EB9-A768-541255CCAA83}.Release|Any CPU.ActiveCfg = Release|Any CPU
		{FE32460D-547C-4EB9-A768-541255CCAA83}.Release|Any CPU.Build.0 = Release|Any CPU
		{FE32460D-547C-4EB9-A768-541255CCAA83}.Release|x86.ActiveCfg = Release|Any CPU
		{06F89662-C2F0-4C1D-8581-E0C4A615B7E2}.Debug|Any CPU.ActiveCfg = Debug|Any CPU
		{06F89662-C2F0-4C1D-8581-E0C4A615B7E2}.Debug|Any CPU.Build.0 = Debug|Any CPU
		{06F89662-C2F0-4C1D-8581-E0C4A615B7E2}.Debug|x86.ActiveCfg = Debug|Any CPU
		{06F89662-C2F0-4C1D-8581-E0C4A615B7E2}.MonoDebug|Any CPU.ActiveCfg = MonoDebug|Any CPU
		{06F89662-C2F0-4C1D-8581-E0C4A615B7E2}.MonoDebug|Any CPU.Build.0 = MonoDebug|Any CPU
		{06F89662-C2F0-4C1D-8581-E0C4A615B7E2}.MonoDebug|x86.ActiveCfg = MonoDebug|Any CPU
		{06F89662-C2F0-4C1D-8581-E0C4A615B7E2}.MonoRelease|Any CPU.ActiveCfg = MonoRelease|Any CPU
		{06F89662-C2F0-4C1D-8581-E0C4A615B7E2}.MonoRelease|Any CPU.Build.0 = MonoRelease|Any CPU
		{06F89662-C2F0-4C1D-8581-E0C4A615B7E2}.MonoRelease|x86.ActiveCfg = MonoRelease|Any CPU
		{06F89662-C2F0-4C1D-8581-E0C4A615B7E2}.Release|Any CPU.ActiveCfg = Release|Any CPU
		{06F89662-C2F0-4C1D-8581-E0C4A615B7E2}.Release|Any CPU.Build.0 = Release|Any CPU
		{06F89662-C2F0-4C1D-8581-E0C4A615B7E2}.Release|x86.ActiveCfg = Release|Any CPU
		{D0F1D7F4-0D48-49AE-9E33-005926B58B1D}.Debug|Any CPU.ActiveCfg = Debug|Any CPU
		{D0F1D7F4-0D48-49AE-9E33-005926B58B1D}.Debug|Any CPU.Build.0 = Debug|Any CPU
		{D0F1D7F4-0D48-49AE-9E33-005926B58B1D}.Debug|x86.ActiveCfg = Debug|Any CPU
		{D0F1D7F4-0D48-49AE-9E33-005926B58B1D}.MonoDebug|Any CPU.ActiveCfg = MonoDebug|Any CPU
		{D0F1D7F4-0D48-49AE-9E33-005926B58B1D}.MonoDebug|Any CPU.Build.0 = MonoDebug|Any CPU
		{D0F1D7F4-0D48-49AE-9E33-005926B58B1D}.MonoDebug|x86.ActiveCfg = MonoDebug|Any CPU
		{D0F1D7F4-0D48-49AE-9E33-005926B58B1D}.MonoRelease|Any CPU.ActiveCfg = MonoRelease|Any CPU
		{D0F1D7F4-0D48-49AE-9E33-005926B58B1D}.MonoRelease|Any CPU.Build.0 = MonoRelease|Any CPU
		{D0F1D7F4-0D48-49AE-9E33-005926B58B1D}.MonoRelease|x86.ActiveCfg = MonoRelease|Any CPU
		{D0F1D7F4-0D48-49AE-9E33-005926B58B1D}.Release|Any CPU.ActiveCfg = Release|Any CPU
		{D0F1D7F4-0D48-49AE-9E33-005926B58B1D}.Release|Any CPU.Build.0 = Release|Any CPU
		{D0F1D7F4-0D48-49AE-9E33-005926B58B1D}.Release|x86.ActiveCfg = Release|Any CPU
		{4E974051-38C2-4B5D-A6B1-F265A428A673}.Debug|Any CPU.ActiveCfg = Debug|Any CPU
		{4E974051-38C2-4B5D-A6B1-F265A428A673}.Debug|Any CPU.Build.0 = Debug|Any CPU
		{4E974051-38C2-4B5D-A6B1-F265A428A673}.Debug|x86.ActiveCfg = Debug|Any CPU
		{4E974051-38C2-4B5D-A6B1-F265A428A673}.MonoDebug|Any CPU.ActiveCfg = MonoDebug|Any CPU
		{4E974051-38C2-4B5D-A6B1-F265A428A673}.MonoDebug|Any CPU.Build.0 = MonoDebug|Any CPU
		{4E974051-38C2-4B5D-A6B1-F265A428A673}.MonoDebug|x86.ActiveCfg = MonoDebug|Any CPU
		{4E974051-38C2-4B5D-A6B1-F265A428A673}.MonoRelease|Any CPU.ActiveCfg = MonoRelease|Any CPU
		{4E974051-38C2-4B5D-A6B1-F265A428A673}.MonoRelease|Any CPU.Build.0 = MonoRelease|Any CPU
		{4E974051-38C2-4B5D-A6B1-F265A428A673}.MonoRelease|x86.ActiveCfg = MonoRelease|Any CPU
		{4E974051-38C2-4B5D-A6B1-F265A428A673}.Release|Any CPU.ActiveCfg = Release|Any CPU
		{4E974051-38C2-4B5D-A6B1-F265A428A673}.Release|Any CPU.Build.0 = Release|Any CPU
		{4E974051-38C2-4B5D-A6B1-F265A428A673}.Release|x86.ActiveCfg = Release|Any CPU
		{8EB9E15A-4B65-4C80-B834-9A7773750666}.Debug|Any CPU.ActiveCfg = Debug|Any CPU
		{8EB9E15A-4B65-4C80-B834-9A7773750666}.Debug|Any CPU.Build.0 = Debug|Any CPU
		{8EB9E15A-4B65-4C80-B834-9A7773750666}.Debug|x86.ActiveCfg = Debug|Any CPU
		{8EB9E15A-4B65-4C80-B834-9A7773750666}.MonoDebug|Any CPU.ActiveCfg = MonoDebug|Any CPU
		{8EB9E15A-4B65-4C80-B834-9A7773750666}.MonoDebug|Any CPU.Build.0 = MonoDebug|Any CPU
		{8EB9E15A-4B65-4C80-B834-9A7773750666}.MonoDebug|x86.ActiveCfg = MonoDebug|Any CPU
		{8EB9E15A-4B65-4C80-B834-9A7773750666}.MonoRelease|Any CPU.ActiveCfg = MonoRelease|Any CPU
		{8EB9E15A-4B65-4C80-B834-9A7773750666}.MonoRelease|Any CPU.Build.0 = MonoRelease|Any CPU
		{8EB9E15A-4B65-4C80-B834-9A7773750666}.MonoRelease|x86.ActiveCfg = MonoRelease|Any CPU
		{8EB9E15A-4B65-4C80-B834-9A7773750666}.Release|Any CPU.ActiveCfg = Release|Any CPU
		{8EB9E15A-4B65-4C80-B834-9A7773750666}.Release|Any CPU.Build.0 = Release|Any CPU
		{8EB9E15A-4B65-4C80-B834-9A7773750666}.Release|x86.ActiveCfg = Release|Any CPU
		{A3BF6450-DE9A-4C11-8E3C-66D9A8EC93F5}.Debug|Any CPU.ActiveCfg = Debug|Any CPU
		{A3BF6450-DE9A-4C11-8E3C-66D9A8EC93F5}.Debug|Any CPU.Build.0 = Debug|Any CPU
		{A3BF6450-DE9A-4C11-8E3C-66D9A8EC93F5}.Debug|x86.ActiveCfg = Debug|Any CPU
		{A3BF6450-DE9A-4C11-8E3C-66D9A8EC93F5}.MonoDebug|Any CPU.ActiveCfg = MonoDebug|Any CPU
		{A3BF6450-DE9A-4C11-8E3C-66D9A8EC93F5}.MonoDebug|x86.ActiveCfg = MonoDebug|Any CPU
		{A3BF6450-DE9A-4C11-8E3C-66D9A8EC93F5}.MonoRelease|Any CPU.ActiveCfg = MonoRelease|Any CPU
		{A3BF6450-DE9A-4C11-8E3C-66D9A8EC93F5}.MonoRelease|x86.ActiveCfg = MonoRelease|Any CPU
		{A3BF6450-DE9A-4C11-8E3C-66D9A8EC93F5}.Release|Any CPU.ActiveCfg = Release|Any CPU
		{A3BF6450-DE9A-4C11-8E3C-66D9A8EC93F5}.Release|Any CPU.Build.0 = Release|Any CPU
		{A3BF6450-DE9A-4C11-8E3C-66D9A8EC93F5}.Release|x86.ActiveCfg = Release|Any CPU
		{2026DD2D-E041-4A14-8A04-D5B39B8B7C40}.Debug|Any CPU.ActiveCfg = Debug|Any CPU
		{2026DD2D-E041-4A14-8A04-D5B39B8B7C40}.Debug|Any CPU.Build.0 = Debug|Any CPU
		{2026DD2D-E041-4A14-8A04-D5B39B8B7C40}.Debug|x86.ActiveCfg = Debug|Any CPU
		{2026DD2D-E041-4A14-8A04-D5B39B8B7C40}.MonoDebug|Any CPU.ActiveCfg = MonoDebug|Any CPU
		{2026DD2D-E041-4A14-8A04-D5B39B8B7C40}.MonoDebug|Any CPU.Build.0 = MonoDebug|Any CPU
		{2026DD2D-E041-4A14-8A04-D5B39B8B7C40}.MonoDebug|x86.ActiveCfg = MonoDebug|Any CPU
		{2026DD2D-E041-4A14-8A04-D5B39B8B7C40}.MonoRelease|Any CPU.ActiveCfg = MonoRelease|Any CPU
		{2026DD2D-E041-4A14-8A04-D5B39B8B7C40}.MonoRelease|Any CPU.Build.0 = MonoRelease|Any CPU
		{2026DD2D-E041-4A14-8A04-D5B39B8B7C40}.MonoRelease|x86.ActiveCfg = MonoRelease|Any CPU
		{2026DD2D-E041-4A14-8A04-D5B39B8B7C40}.Release|Any CPU.ActiveCfg = Release|Any CPU
		{2026DD2D-E041-4A14-8A04-D5B39B8B7C40}.Release|Any CPU.Build.0 = Release|Any CPU
		{2026DD2D-E041-4A14-8A04-D5B39B8B7C40}.Release|x86.ActiveCfg = Release|Any CPU
		{BDA5E175-07D7-4E6F-B46F-C2CF7D63E231}.Debug|Any CPU.ActiveCfg = Debug|Any CPU
		{BDA5E175-07D7-4E6F-B46F-C2CF7D63E231}.Debug|Any CPU.Build.0 = Debug|Any CPU
		{BDA5E175-07D7-4E6F-B46F-C2CF7D63E231}.Debug|x86.ActiveCfg = Debug|Any CPU
		{BDA5E175-07D7-4E6F-B46F-C2CF7D63E231}.MonoDebug|Any CPU.ActiveCfg = MonoDebug|Any CPU
		{BDA5E175-07D7-4E6F-B46F-C2CF7D63E231}.MonoDebug|Any CPU.Build.0 = MonoDebug|Any CPU
		{BDA5E175-07D7-4E6F-B46F-C2CF7D63E231}.MonoDebug|x86.ActiveCfg = MonoDebug|Any CPU
		{BDA5E175-07D7-4E6F-B46F-C2CF7D63E231}.MonoRelease|Any CPU.ActiveCfg = MonoRelease|Any CPU
		{BDA5E175-07D7-4E6F-B46F-C2CF7D63E231}.MonoRelease|Any CPU.Build.0 = MonoRelease|Any CPU
		{BDA5E175-07D7-4E6F-B46F-C2CF7D63E231}.MonoRelease|x86.ActiveCfg = MonoRelease|Any CPU
		{BDA5E175-07D7-4E6F-B46F-C2CF7D63E231}.Release|Any CPU.ActiveCfg = Release|Any CPU
		{BDA5E175-07D7-4E6F-B46F-C2CF7D63E231}.Release|Any CPU.Build.0 = Release|Any CPU
		{BDA5E175-07D7-4E6F-B46F-C2CF7D63E231}.Release|x86.ActiveCfg = Release|Any CPU
		{5F2DD52D-471B-4946-8F7B-F050C88EFC52}.Debug|Any CPU.ActiveCfg = Debug|Any CPU
		{5F2DD52D-471B-4946-8F7B-F050C88EFC52}.Debug|Any CPU.Build.0 = Debug|Any CPU
		{5F2DD52D-471B-4946-8F7B-F050C88EFC52}.Debug|x86.ActiveCfg = Debug|Any CPU
		{5F2DD52D-471B-4946-8F7B-F050C88EFC52}.MonoDebug|Any CPU.ActiveCfg = MonoDebug|Any CPU
		{5F2DD52D-471B-4946-8F7B-F050C88EFC52}.MonoDebug|Any CPU.Build.0 = MonoDebug|Any CPU
		{5F2DD52D-471B-4946-8F7B-F050C88EFC52}.MonoDebug|x86.ActiveCfg = MonoDebug|Any CPU
		{5F2DD52D-471B-4946-8F7B-F050C88EFC52}.MonoRelease|Any CPU.ActiveCfg = MonoRelease|Any CPU
		{5F2DD52D-471B-4946-8F7B-F050C88EFC52}.MonoRelease|Any CPU.Build.0 = MonoRelease|Any CPU
		{5F2DD52D-471B-4946-8F7B-F050C88EFC52}.MonoRelease|x86.ActiveCfg = MonoRelease|Any CPU
		{5F2DD52D-471B-4946-8F7B-F050C88EFC52}.Release|Any CPU.ActiveCfg = Release|Any CPU
		{5F2DD52D-471B-4946-8F7B-F050C88EFC52}.Release|Any CPU.Build.0 = Release|Any CPU
		{5F2DD52D-471B-4946-8F7B-F050C88EFC52}.Release|x86.ActiveCfg = Release|Any CPU
		{98940A30-1B48-4F71-A6BA-85F0AAF31A2F}.Debug|Any CPU.ActiveCfg = Debug|Any CPU
		{98940A30-1B48-4F71-A6BA-85F0AAF31A2F}.Debug|Any CPU.Build.0 = Debug|Any CPU
		{98940A30-1B48-4F71-A6BA-85F0AAF31A2F}.Debug|x86.ActiveCfg = Debug|Any CPU
		{98940A30-1B48-4F71-A6BA-85F0AAF31A2F}.MonoDebug|Any CPU.ActiveCfg = MonoDebug|Any CPU
		{98940A30-1B48-4F71-A6BA-85F0AAF31A2F}.MonoDebug|Any CPU.Build.0 = MonoDebug|Any CPU
		{98940A30-1B48-4F71-A6BA-85F0AAF31A2F}.MonoDebug|x86.ActiveCfg = MonoDebug|Any CPU
		{98940A30-1B48-4F71-A6BA-85F0AAF31A2F}.MonoRelease|Any CPU.ActiveCfg = MonoRelease|Any CPU
		{98940A30-1B48-4F71-A6BA-85F0AAF31A2F}.MonoRelease|Any CPU.Build.0 = MonoRelease|Any CPU
		{98940A30-1B48-4F71-A6BA-85F0AAF31A2F}.MonoRelease|x86.ActiveCfg = MonoRelease|Any CPU
		{98940A30-1B48-4F71-A6BA-85F0AAF31A2F}.Release|Any CPU.ActiveCfg = Release|Any CPU
		{98940A30-1B48-4F71-A6BA-85F0AAF31A2F}.Release|Any CPU.Build.0 = Release|Any CPU
		{98940A30-1B48-4F71-A6BA-85F0AAF31A2F}.Release|x86.ActiveCfg = Release|Any CPU
		{EF660223-4DFD-4E36-BF36-9DD6AFB3F837}.Debug|Any CPU.ActiveCfg = Debug|Any CPU
		{EF660223-4DFD-4E36-BF36-9DD6AFB3F837}.Debug|Any CPU.Build.0 = Debug|Any CPU
		{EF660223-4DFD-4E36-BF36-9DD6AFB3F837}.Debug|x86.ActiveCfg = Debug|Any CPU
		{EF660223-4DFD-4E36-BF36-9DD6AFB3F837}.MonoDebug|Any CPU.ActiveCfg = MonoDebug|Any CPU
		{EF660223-4DFD-4E36-BF36-9DD6AFB3F837}.MonoDebug|Any CPU.Build.0 = MonoDebug|Any CPU
		{EF660223-4DFD-4E36-BF36-9DD6AFB3F837}.MonoDebug|x86.ActiveCfg = MonoDebug|Any CPU
		{EF660223-4DFD-4E36-BF36-9DD6AFB3F837}.MonoRelease|Any CPU.ActiveCfg = MonoRelease|Any CPU
		{EF660223-4DFD-4E36-BF36-9DD6AFB3F837}.MonoRelease|Any CPU.Build.0 = MonoRelease|Any CPU
		{EF660223-4DFD-4E36-BF36-9DD6AFB3F837}.MonoRelease|x86.ActiveCfg = MonoRelease|Any CPU
		{EF660223-4DFD-4E36-BF36-9DD6AFB3F837}.Release|Any CPU.ActiveCfg = Release|Any CPU
		{EF660223-4DFD-4E36-BF36-9DD6AFB3F837}.Release|Any CPU.Build.0 = Release|Any CPU
		{EF660223-4DFD-4E36-BF36-9DD6AFB3F837}.Release|x86.ActiveCfg = Release|Any CPU
		{28F9EA8B-90F7-4974-BB40-0B7FA9309D02}.Debug|Any CPU.ActiveCfg = Debug|Any CPU
		{28F9EA8B-90F7-4974-BB40-0B7FA9309D02}.Debug|Any CPU.Build.0 = Debug|Any CPU
		{28F9EA8B-90F7-4974-BB40-0B7FA9309D02}.Debug|x86.ActiveCfg = Debug|Any CPU
		{28F9EA8B-90F7-4974-BB40-0B7FA9309D02}.MonoDebug|Any CPU.ActiveCfg = MonoDebug|Any CPU
		{28F9EA8B-90F7-4974-BB40-0B7FA9309D02}.MonoDebug|Any CPU.Build.0 = MonoDebug|Any CPU
		{28F9EA8B-90F7-4974-BB40-0B7FA9309D02}.MonoDebug|x86.ActiveCfg = MonoDebug|Any CPU
		{28F9EA8B-90F7-4974-BB40-0B7FA9309D02}.MonoRelease|Any CPU.ActiveCfg = MonoRelease|Any CPU
		{28F9EA8B-90F7-4974-BB40-0B7FA9309D02}.MonoRelease|Any CPU.Build.0 = MonoRelease|Any CPU
		{28F9EA8B-90F7-4974-BB40-0B7FA9309D02}.MonoRelease|x86.ActiveCfg = MonoRelease|Any CPU
		{28F9EA8B-90F7-4974-BB40-0B7FA9309D02}.Release|Any CPU.ActiveCfg = Release|Any CPU
		{28F9EA8B-90F7-4974-BB40-0B7FA9309D02}.Release|Any CPU.Build.0 = Release|Any CPU
		{28F9EA8B-90F7-4974-BB40-0B7FA9309D02}.Release|x86.ActiveCfg = Release|Any CPU
		{0B3EA40E-F7D8-4E14-A30F-1536F41B62D1}.Debug|Any CPU.ActiveCfg = Debug|x86
		{0B3EA40E-F7D8-4E14-A30F-1536F41B62D1}.Debug|Any CPU.Build.0 = Debug|x86
		{0B3EA40E-F7D8-4E14-A30F-1536F41B62D1}.Debug|x86.ActiveCfg = Debug|x86
		{0B3EA40E-F7D8-4E14-A30F-1536F41B62D1}.Debug|x86.Build.0 = Debug|x86
		{0B3EA40E-F7D8-4E14-A30F-1536F41B62D1}.MonoDebug|Any CPU.ActiveCfg = MonoDebug|x86
		{0B3EA40E-F7D8-4E14-A30F-1536F41B62D1}.MonoDebug|Any CPU.Build.0 = MonoDebug|x86
		{0B3EA40E-F7D8-4E14-A30F-1536F41B62D1}.MonoDebug|x86.ActiveCfg = MonoDebug|x86
		{0B3EA40E-F7D8-4E14-A30F-1536F41B62D1}.MonoDebug|x86.Build.0 = MonoDebug|x86
		{0B3EA40E-F7D8-4E14-A30F-1536F41B62D1}.MonoRelease|Any CPU.ActiveCfg = MonoRelease|x86
		{0B3EA40E-F7D8-4E14-A30F-1536F41B62D1}.MonoRelease|Any CPU.Build.0 = MonoRelease|x86
		{0B3EA40E-F7D8-4E14-A30F-1536F41B62D1}.MonoRelease|x86.ActiveCfg = MonoRelease|x86
		{0B3EA40E-F7D8-4E14-A30F-1536F41B62D1}.MonoRelease|x86.Build.0 = MonoRelease|x86
		{0B3EA40E-F7D8-4E14-A30F-1536F41B62D1}.Release|Any CPU.ActiveCfg = Release|x86
		{0B3EA40E-F7D8-4E14-A30F-1536F41B62D1}.Release|Any CPU.Build.0 = Release|x86
		{0B3EA40E-F7D8-4E14-A30F-1536F41B62D1}.Release|x86.ActiveCfg = Release|x86
		{0B3EA40E-F7D8-4E14-A30F-1536F41B62D1}.Release|x86.Build.0 = Release|x86
		{EBB6F597-3273-4972-8B25-A809D2FC1F24}.Debug|Any CPU.ActiveCfg = Debug|x86
		{EBB6F597-3273-4972-8B25-A809D2FC1F24}.Debug|Any CPU.Build.0 = Debug|x86
		{EBB6F597-3273-4972-8B25-A809D2FC1F24}.Debug|x86.ActiveCfg = Debug|x86
		{EBB6F597-3273-4972-8B25-A809D2FC1F24}.Debug|x86.Build.0 = Debug|x86
		{EBB6F597-3273-4972-8B25-A809D2FC1F24}.MonoDebug|Any CPU.ActiveCfg = MonoDebug|x86
		{EBB6F597-3273-4972-8B25-A809D2FC1F24}.MonoDebug|x86.ActiveCfg = MonoDebug|x86
		{EBB6F597-3273-4972-8B25-A809D2FC1F24}.MonoDebug|x86.Build.0 = MonoDebug|x86
		{EBB6F597-3273-4972-8B25-A809D2FC1F24}.MonoRelease|Any CPU.ActiveCfg = MonoRelease|x86
		{EBB6F597-3273-4972-8B25-A809D2FC1F24}.MonoRelease|x86.ActiveCfg = MonoRelease|x86
		{EBB6F597-3273-4972-8B25-A809D2FC1F24}.MonoRelease|x86.Build.0 = MonoRelease|x86
		{EBB6F597-3273-4972-8B25-A809D2FC1F24}.Release|Any CPU.ActiveCfg = Release|x86
		{EBB6F597-3273-4972-8B25-A809D2FC1F24}.Release|Any CPU.Build.0 = Release|x86
		{EBB6F597-3273-4972-8B25-A809D2FC1F24}.Release|x86.ActiveCfg = Release|x86
		{EBB6F597-3273-4972-8B25-A809D2FC1F24}.Release|x86.Build.0 = Release|x86
		{E127FED3-01C0-41BA-BF83-D8DCDD827D6A}.Debug|Any CPU.ActiveCfg = Debug|Any CPU
		{E127FED3-01C0-41BA-BF83-D8DCDD827D6A}.Debug|Any CPU.Build.0 = Debug|Any CPU
		{E127FED3-01C0-41BA-BF83-D8DCDD827D6A}.Debug|x86.ActiveCfg = Debug|Any CPU
		{E127FED3-01C0-41BA-BF83-D8DCDD827D6A}.MonoDebug|Any CPU.ActiveCfg = MonoDebug|Any CPU
		{E127FED3-01C0-41BA-BF83-D8DCDD827D6A}.MonoDebug|Any CPU.Build.0 = MonoDebug|Any CPU
		{E127FED3-01C0-41BA-BF83-D8DCDD827D6A}.MonoDebug|x86.ActiveCfg = MonoDebug|Any CPU
		{E127FED3-01C0-41BA-BF83-D8DCDD827D6A}.MonoRelease|Any CPU.ActiveCfg = MonoRelease|Any CPU
		{E127FED3-01C0-41BA-BF83-D8DCDD827D6A}.MonoRelease|Any CPU.Build.0 = MonoRelease|Any CPU
		{E127FED3-01C0-41BA-BF83-D8DCDD827D6A}.MonoRelease|x86.ActiveCfg = MonoRelease|Any CPU
		{E127FED3-01C0-41BA-BF83-D8DCDD827D6A}.Release|Any CPU.ActiveCfg = Release|Any CPU
		{E127FED3-01C0-41BA-BF83-D8DCDD827D6A}.Release|Any CPU.Build.0 = Release|Any CPU
		{E127FED3-01C0-41BA-BF83-D8DCDD827D6A}.Release|x86.ActiveCfg = Release|Any CPU
		{948A8EF6-D50C-45EA-9AFD-7A4723ADAB0B}.Debug|Any CPU.ActiveCfg = Debug|Any CPU
		{948A8EF6-D50C-45EA-9AFD-7A4723ADAB0B}.Debug|Any CPU.Build.0 = Debug|Any CPU
		{948A8EF6-D50C-45EA-9AFD-7A4723ADAB0B}.Debug|x86.ActiveCfg = Debug|Any CPU
		{948A8EF6-D50C-45EA-9AFD-7A4723ADAB0B}.MonoDebug|Any CPU.ActiveCfg = MonoDebug|Any CPU
		{948A8EF6-D50C-45EA-9AFD-7A4723ADAB0B}.MonoDebug|Any CPU.Build.0 = MonoDebug|Any CPU
		{948A8EF6-D50C-45EA-9AFD-7A4723ADAB0B}.MonoDebug|x86.ActiveCfg = MonoDebug|Any CPU
		{948A8EF6-D50C-45EA-9AFD-7A4723ADAB0B}.MonoRelease|Any CPU.ActiveCfg = MonoRelease|Any CPU
		{948A8EF6-D50C-45EA-9AFD-7A4723ADAB0B}.MonoRelease|Any CPU.Build.0 = MonoRelease|Any CPU
		{948A8EF6-D50C-45EA-9AFD-7A4723ADAB0B}.MonoRelease|x86.ActiveCfg = MonoRelease|Any CPU
		{948A8EF6-D50C-45EA-9AFD-7A4723ADAB0B}.Release|Any CPU.ActiveCfg = Release|Any CPU
		{948A8EF6-D50C-45EA-9AFD-7A4723ADAB0B}.Release|Any CPU.Build.0 = Release|Any CPU
		{948A8EF6-D50C-45EA-9AFD-7A4723ADAB0B}.Release|x86.ActiveCfg = Release|Any CPU
		{1258BFCD-3BAD-4373-B786-4D698EC3C157}.Debug|Any CPU.ActiveCfg = Debug|Any CPU
		{1258BFCD-3BAD-4373-B786-4D698EC3C157}.Debug|Any CPU.Build.0 = Debug|Any CPU
		{1258BFCD-3BAD-4373-B786-4D698EC3C157}.Debug|x86.ActiveCfg = Debug|Any CPU
		{1258BFCD-3BAD-4373-B786-4D698EC3C157}.MonoDebug|Any CPU.ActiveCfg = MonoDebug|Any CPU
		{1258BFCD-3BAD-4373-B786-4D698EC3C157}.MonoDebug|Any CPU.Build.0 = MonoDebug|Any CPU
		{1258BFCD-3BAD-4373-B786-4D698EC3C157}.MonoDebug|x86.ActiveCfg = MonoDebug|Any CPU
		{1258BFCD-3BAD-4373-B786-4D698EC3C157}.MonoRelease|Any CPU.ActiveCfg = MonoRelease|Any CPU
		{1258BFCD-3BAD-4373-B786-4D698EC3C157}.MonoRelease|Any CPU.Build.0 = MonoRelease|Any CPU
		{1258BFCD-3BAD-4373-B786-4D698EC3C157}.MonoRelease|x86.ActiveCfg = MonoRelease|Any CPU
		{1258BFCD-3BAD-4373-B786-4D698EC3C157}.Release|Any CPU.ActiveCfg = Release|Any CPU
		{1258BFCD-3BAD-4373-B786-4D698EC3C157}.Release|Any CPU.Build.0 = Release|Any CPU
		{1258BFCD-3BAD-4373-B786-4D698EC3C157}.Release|x86.ActiveCfg = Release|Any CPU
		{4885B9DF-D99C-4A1C-8606-259D32A58C33}.Debug|Any CPU.ActiveCfg = Debug|Any CPU
		{4885B9DF-D99C-4A1C-8606-259D32A58C33}.Debug|Any CPU.Build.0 = Debug|Any CPU
		{4885B9DF-D99C-4A1C-8606-259D32A58C33}.Debug|x86.ActiveCfg = Debug|Any CPU
		{4885B9DF-D99C-4A1C-8606-259D32A58C33}.MonoDebug|Any CPU.ActiveCfg = MonoDebug|Any CPU
		{4885B9DF-D99C-4A1C-8606-259D32A58C33}.MonoDebug|Any CPU.Build.0 = MonoDebug|Any CPU
		{4885B9DF-D99C-4A1C-8606-259D32A58C33}.MonoDebug|x86.ActiveCfg = MonoDebug|Any CPU
		{4885B9DF-D99C-4A1C-8606-259D32A58C33}.MonoRelease|Any CPU.ActiveCfg = MonoRelease|Any CPU
		{4885B9DF-D99C-4A1C-8606-259D32A58C33}.MonoRelease|Any CPU.Build.0 = MonoRelease|Any CPU
		{4885B9DF-D99C-4A1C-8606-259D32A58C33}.MonoRelease|x86.ActiveCfg = MonoRelease|Any CPU
		{4885B9DF-D99C-4A1C-8606-259D32A58C33}.Release|Any CPU.ActiveCfg = Release|Any CPU
		{4885B9DF-D99C-4A1C-8606-259D32A58C33}.Release|Any CPU.Build.0 = Release|Any CPU
		{4885B9DF-D99C-4A1C-8606-259D32A58C33}.Release|x86.ActiveCfg = Release|Any CPU
		{DE91D085-70DF-4892-B0E3-B849E9BF6AF5}.Debug|Any CPU.ActiveCfg = Debug|Any CPU
		{DE91D085-70DF-4892-B0E3-B849E9BF6AF5}.Debug|Any CPU.Build.0 = Debug|Any CPU
		{DE91D085-70DF-4892-B0E3-B849E9BF6AF5}.Debug|x86.ActiveCfg = Debug|Any CPU
		{DE91D085-70DF-4892-B0E3-B849E9BF6AF5}.MonoDebug|Any CPU.ActiveCfg = MonoDebug|Any CPU
		{DE91D085-70DF-4892-B0E3-B849E9BF6AF5}.MonoDebug|Any CPU.Build.0 = MonoDebug|Any CPU
		{DE91D085-70DF-4892-B0E3-B849E9BF6AF5}.MonoDebug|x86.ActiveCfg = MonoDebug|Any CPU
		{DE91D085-70DF-4892-B0E3-B849E9BF6AF5}.MonoRelease|Any CPU.ActiveCfg = MonoRelease|Any CPU
		{DE91D085-70DF-4892-B0E3-B849E9BF6AF5}.MonoRelease|Any CPU.Build.0 = MonoRelease|Any CPU
		{DE91D085-70DF-4892-B0E3-B849E9BF6AF5}.MonoRelease|x86.ActiveCfg = MonoRelease|Any CPU
		{DE91D085-70DF-4892-B0E3-B849E9BF6AF5}.Release|Any CPU.ActiveCfg = Release|Any CPU
		{DE91D085-70DF-4892-B0E3-B849E9BF6AF5}.Release|Any CPU.Build.0 = Release|Any CPU
		{DE91D085-70DF-4892-B0E3-B849E9BF6AF5}.Release|x86.ActiveCfg = Release|Any CPU
		{911196F4-B88F-4940-B1FD-D30F5290D06D}.Debug|Any CPU.ActiveCfg = Debug|Any CPU
		{911196F4-B88F-4940-B1FD-D30F5290D06D}.Debug|Any CPU.Build.0 = Debug|Any CPU
		{911196F4-B88F-4940-B1FD-D30F5290D06D}.Debug|x86.ActiveCfg = Debug|Any CPU
		{911196F4-B88F-4940-B1FD-D30F5290D06D}.MonoDebug|Any CPU.ActiveCfg = MonoDebug|Any CPU
		{911196F4-B88F-4940-B1FD-D30F5290D06D}.MonoDebug|Any CPU.Build.0 = MonoDebug|Any CPU
		{911196F4-B88F-4940-B1FD-D30F5290D06D}.MonoDebug|x86.ActiveCfg = MonoDebug|Any CPU
		{911196F4-B88F-4940-B1FD-D30F5290D06D}.MonoRelease|Any CPU.ActiveCfg = MonoRelease|Any CPU
		{911196F4-B88F-4940-B1FD-D30F5290D06D}.MonoRelease|Any CPU.Build.0 = MonoRelease|Any CPU
		{911196F4-B88F-4940-B1FD-D30F5290D06D}.MonoRelease|x86.ActiveCfg = MonoRelease|Any CPU
		{911196F4-B88F-4940-B1FD-D30F5290D06D}.Release|Any CPU.ActiveCfg = Release|Any CPU
		{911196F4-B88F-4940-B1FD-D30F5290D06D}.Release|Any CPU.Build.0 = Release|Any CPU
		{911196F4-B88F-4940-B1FD-D30F5290D06D}.Release|x86.ActiveCfg = Release|Any CPU
		{A1A9E636-A37C-4170-B2E4-99D4F69B415D}.Debug|Any CPU.ActiveCfg = Debug|Any CPU
		{A1A9E636-A37C-4170-B2E4-99D4F69B415D}.Debug|Any CPU.Build.0 = Debug|Any CPU
		{A1A9E636-A37C-4170-B2E4-99D4F69B415D}.Debug|x86.ActiveCfg = Debug|Any CPU
		{A1A9E636-A37C-4170-B2E4-99D4F69B415D}.MonoDebug|Any CPU.ActiveCfg = MonoDebug|Any CPU
		{A1A9E636-A37C-4170-B2E4-99D4F69B415D}.MonoDebug|Any CPU.Build.0 = MonoDebug|Any CPU
		{A1A9E636-A37C-4170-B2E4-99D4F69B415D}.MonoDebug|x86.ActiveCfg = MonoDebug|Any CPU
		{A1A9E636-A37C-4170-B2E4-99D4F69B415D}.MonoRelease|Any CPU.ActiveCfg = MonoRelease|Any CPU
		{A1A9E636-A37C-4170-B2E4-99D4F69B415D}.MonoRelease|Any CPU.Build.0 = MonoRelease|Any CPU
		{A1A9E636-A37C-4170-B2E4-99D4F69B415D}.MonoRelease|x86.ActiveCfg = MonoRelease|Any CPU
		{A1A9E636-A37C-4170-B2E4-99D4F69B415D}.Release|Any CPU.ActiveCfg = Release|Any CPU
		{A1A9E636-A37C-4170-B2E4-99D4F69B415D}.Release|Any CPU.Build.0 = Release|Any CPU
		{A1A9E636-A37C-4170-B2E4-99D4F69B415D}.Release|x86.ActiveCfg = Release|Any CPU
		{F417B81C-B914-4BFD-8299-6BBD11072B01}.Debug|Any CPU.ActiveCfg = Debug|Any CPU
		{F417B81C-B914-4BFD-8299-6BBD11072B01}.Debug|Any CPU.Build.0 = Debug|Any CPU
		{F417B81C-B914-4BFD-8299-6BBD11072B01}.Debug|x86.ActiveCfg = Debug|Any CPU
		{F417B81C-B914-4BFD-8299-6BBD11072B01}.MonoDebug|Any CPU.ActiveCfg = MonoDebug|Any CPU
		{F417B81C-B914-4BFD-8299-6BBD11072B01}.MonoDebug|Any CPU.Build.0 = MonoDebug|Any CPU
		{F417B81C-B914-4BFD-8299-6BBD11072B01}.MonoDebug|x86.ActiveCfg = Debug|Any CPU
		{F417B81C-B914-4BFD-8299-6BBD11072B01}.MonoRelease|Any CPU.ActiveCfg = MonoRelease|Any CPU
		{F417B81C-B914-4BFD-8299-6BBD11072B01}.MonoRelease|Any CPU.Build.0 = MonoRelease|Any CPU
		{F417B81C-B914-4BFD-8299-6BBD11072B01}.MonoRelease|x86.ActiveCfg = Release|Any CPU
		{F417B81C-B914-4BFD-8299-6BBD11072B01}.Release|Any CPU.ActiveCfg = Release|Any CPU
		{F417B81C-B914-4BFD-8299-6BBD11072B01}.Release|Any CPU.Build.0 = Release|Any CPU
		{F417B81C-B914-4BFD-8299-6BBD11072B01}.Release|x86.ActiveCfg = Release|Any CPU
		{701765DC-F4F2-4943-A37F-6ED253198158}.Debug|Any CPU.ActiveCfg = Debug|Any CPU
		{701765DC-F4F2-4943-A37F-6ED253198158}.Debug|Any CPU.Build.0 = Debug|Any CPU
		{701765DC-F4F2-4943-A37F-6ED253198158}.Debug|x86.ActiveCfg = Debug|Any CPU
		{701765DC-F4F2-4943-A37F-6ED253198158}.MonoDebug|Any CPU.ActiveCfg = MonoDebug|Any CPU
		{701765DC-F4F2-4943-A37F-6ED253198158}.MonoDebug|Any CPU.Build.0 = MonoDebug|Any CPU
		{701765DC-F4F2-4943-A37F-6ED253198158}.MonoDebug|x86.ActiveCfg = Debug|Any CPU
		{701765DC-F4F2-4943-A37F-6ED253198158}.MonoRelease|Any CPU.ActiveCfg = MonoRelease|Any CPU
		{701765DC-F4F2-4943-A37F-6ED253198158}.MonoRelease|Any CPU.Build.0 = MonoRelease|Any CPU
		{701765DC-F4F2-4943-A37F-6ED253198158}.MonoRelease|x86.ActiveCfg = Release|Any CPU
		{701765DC-F4F2-4943-A37F-6ED253198158}.Release|Any CPU.ActiveCfg = Release|Any CPU
		{701765DC-F4F2-4943-A37F-6ED253198158}.Release|Any CPU.Build.0 = Release|Any CPU
		{701765DC-F4F2-4943-A37F-6ED253198158}.Release|x86.ActiveCfg = Release|Any CPU
		{01230F2A-D108-480C-B834-8CE0569FD3B3}.Debug|Any CPU.ActiveCfg = Debug|Any CPU
		{01230F2A-D108-480C-B834-8CE0569FD3B3}.Debug|Any CPU.Build.0 = Debug|Any CPU
		{01230F2A-D108-480C-B834-8CE0569FD3B3}.Debug|x86.ActiveCfg = Debug|Any CPU
		{01230F2A-D108-480C-B834-8CE0569FD3B3}.MonoDebug|Any CPU.ActiveCfg = MonoDebug|Any CPU
		{01230F2A-D108-480C-B834-8CE0569FD3B3}.MonoDebug|Any CPU.Build.0 = MonoDebug|Any CPU
		{01230F2A-D108-480C-B834-8CE0569FD3B3}.MonoDebug|x86.ActiveCfg = Debug|Any CPU
		{01230F2A-D108-480C-B834-8CE0569FD3B3}.MonoRelease|Any CPU.ActiveCfg = MonoRelease|Any CPU
		{01230F2A-D108-480C-B834-8CE0569FD3B3}.MonoRelease|Any CPU.Build.0 = MonoRelease|Any CPU
		{01230F2A-D108-480C-B834-8CE0569FD3B3}.MonoRelease|x86.ActiveCfg = Release|Any CPU
		{01230F2A-D108-480C-B834-8CE0569FD3B3}.Release|Any CPU.ActiveCfg = Release|Any CPU
		{01230F2A-D108-480C-B834-8CE0569FD3B3}.Release|Any CPU.Build.0 = Release|Any CPU
		{01230F2A-D108-480C-B834-8CE0569FD3B3}.Release|x86.ActiveCfg = Release|Any CPU
		{8F9F910D-416E-4B28-BE59-D76670405F56}.Debug|Any CPU.ActiveCfg = Debug|Any CPU
		{8F9F910D-416E-4B28-BE59-D76670405F56}.Debug|Any CPU.Build.0 = Debug|Any CPU
		{8F9F910D-416E-4B28-BE59-D76670405F56}.Debug|x86.ActiveCfg = Debug|Any CPU
		{8F9F910D-416E-4B28-BE59-D76670405F56}.MonoDebug|Any CPU.ActiveCfg = MonoDebug|Any CPU
		{8F9F910D-416E-4B28-BE59-D76670405F56}.MonoDebug|Any CPU.Build.0 = MonoDebug|Any CPU
		{8F9F910D-416E-4B28-BE59-D76670405F56}.MonoDebug|x86.ActiveCfg = Debug|Any CPU
		{8F9F910D-416E-4B28-BE59-D76670405F56}.MonoRelease|Any CPU.ActiveCfg = MonoRelease|Any CPU
		{8F9F910D-416E-4B28-BE59-D76670405F56}.MonoRelease|Any CPU.Build.0 = MonoRelease|Any CPU
		{8F9F910D-416E-4B28-BE59-D76670405F56}.MonoRelease|x86.ActiveCfg = Release|Any CPU
		{8F9F910D-416E-4B28-BE59-D76670405F56}.Release|Any CPU.ActiveCfg = Release|Any CPU
		{8F9F910D-416E-4B28-BE59-D76670405F56}.Release|Any CPU.Build.0 = Release|Any CPU
		{8F9F910D-416E-4B28-BE59-D76670405F56}.Release|x86.ActiveCfg = Release|Any CPU
		{FBC35268-377B-4DBE-87E3-B22D1314BEC6}.Debug|Any CPU.ActiveCfg = Debug|Any CPU
		{FBC35268-377B-4DBE-87E3-B22D1314BEC6}.Debug|Any CPU.Build.0 = Debug|Any CPU
		{FBC35268-377B-4DBE-87E3-B22D1314BEC6}.Debug|x86.ActiveCfg = Debug|Any CPU
		{FBC35268-377B-4DBE-87E3-B22D1314BEC6}.MonoDebug|Any CPU.ActiveCfg = MonoDebug|Any CPU
		{FBC35268-377B-4DBE-87E3-B22D1314BEC6}.MonoDebug|Any CPU.Build.0 = MonoDebug|Any CPU
		{FBC35268-377B-4DBE-87E3-B22D1314BEC6}.MonoDebug|x86.ActiveCfg = Debug|Any CPU
		{FBC35268-377B-4DBE-87E3-B22D1314BEC6}.MonoRelease|Any CPU.ActiveCfg = MonoRelease|Any CPU
		{FBC35268-377B-4DBE-87E3-B22D1314BEC6}.MonoRelease|Any CPU.Build.0 = MonoRelease|Any CPU
		{FBC35268-377B-4DBE-87E3-B22D1314BEC6}.MonoRelease|x86.ActiveCfg = Release|Any CPU
		{FBC35268-377B-4DBE-87E3-B22D1314BEC6}.Release|Any CPU.ActiveCfg = Release|Any CPU
		{FBC35268-377B-4DBE-87E3-B22D1314BEC6}.Release|Any CPU.Build.0 = Release|Any CPU
		{FBC35268-377B-4DBE-87E3-B22D1314BEC6}.Release|x86.ActiveCfg = Release|Any CPU
		{3F18F5DA-93E0-4513-8BF4-BC8EE5C4117C}.Debug|Any CPU.ActiveCfg = Debug|Any CPU
		{3F18F5DA-93E0-4513-8BF4-BC8EE5C4117C}.Debug|Any CPU.Build.0 = Debug|Any CPU
		{3F18F5DA-93E0-4513-8BF4-BC8EE5C4117C}.Debug|x86.ActiveCfg = Debug|Any CPU
		{3F18F5DA-93E0-4513-8BF4-BC8EE5C4117C}.MonoDebug|Any CPU.ActiveCfg = MonoDebug|Any CPU
		{3F18F5DA-93E0-4513-8BF4-BC8EE5C4117C}.MonoDebug|Any CPU.Build.0 = MonoDebug|Any CPU
		{3F18F5DA-93E0-4513-8BF4-BC8EE5C4117C}.MonoDebug|x86.ActiveCfg = Debug|Any CPU
		{3F18F5DA-93E0-4513-8BF4-BC8EE5C4117C}.MonoRelease|Any CPU.ActiveCfg = MonoRelease|Any CPU
		{3F18F5DA-93E0-4513-8BF4-BC8EE5C4117C}.MonoRelease|Any CPU.Build.0 = MonoRelease|Any CPU
		{3F18F5DA-93E0-4513-8BF4-BC8EE5C4117C}.MonoRelease|x86.ActiveCfg = Release|Any CPU
		{3F18F5DA-93E0-4513-8BF4-BC8EE5C4117C}.Release|Any CPU.ActiveCfg = Release|Any CPU
		{3F18F5DA-93E0-4513-8BF4-BC8EE5C4117C}.Release|Any CPU.Build.0 = Release|Any CPU
		{3F18F5DA-93E0-4513-8BF4-BC8EE5C4117C}.Release|x86.ActiveCfg = Release|Any CPU
		{EDF3E264-2D0F-4440-99FF-45D279A598A9}.Debug|Any CPU.ActiveCfg = Debug|Any CPU
		{EDF3E264-2D0F-4440-99FF-45D279A598A9}.Debug|Any CPU.Build.0 = Debug|Any CPU
		{EDF3E264-2D0F-4440-99FF-45D279A598A9}.Debug|x86.ActiveCfg = Debug|Any CPU
		{EDF3E264-2D0F-4440-99FF-45D279A598A9}.MonoDebug|Any CPU.ActiveCfg = MonoDebug|Any CPU
		{EDF3E264-2D0F-4440-99FF-45D279A598A9}.MonoDebug|Any CPU.Build.0 = MonoDebug|Any CPU
		{EDF3E264-2D0F-4440-99FF-45D279A598A9}.MonoDebug|x86.ActiveCfg = MonoDebug|Any CPU
		{EDF3E264-2D0F-4440-99FF-45D279A598A9}.MonoRelease|Any CPU.ActiveCfg = MonoRelease|Any CPU
		{EDF3E264-2D0F-4440-99FF-45D279A598A9}.MonoRelease|Any CPU.Build.0 = MonoRelease|Any CPU
		{EDF3E264-2D0F-4440-99FF-45D279A598A9}.MonoRelease|x86.ActiveCfg = MonoRelease|Any CPU
		{EDF3E264-2D0F-4440-99FF-45D279A598A9}.Release|Any CPU.ActiveCfg = Release|Any CPU
		{EDF3E264-2D0F-4440-99FF-45D279A598A9}.Release|Any CPU.Build.0 = Release|Any CPU
		{EDF3E264-2D0F-4440-99FF-45D279A598A9}.Release|x86.ActiveCfg = Release|Any CPU
		{CA24ED85-DD68-4C10-B80A-D81C6745FCB8}.Debug|Any CPU.ActiveCfg = Debug|Any CPU
		{CA24ED85-DD68-4C10-B80A-D81C6745FCB8}.Debug|Any CPU.Build.0 = Debug|Any CPU
		{CA24ED85-DD68-4C10-B80A-D81C6745FCB8}.Debug|x86.ActiveCfg = Debug|Any CPU
		{CA24ED85-DD68-4C10-B80A-D81C6745FCB8}.MonoDebug|Any CPU.ActiveCfg = MonoDebug|Any CPU
		{CA24ED85-DD68-4C10-B80A-D81C6745FCB8}.MonoDebug|Any CPU.Build.0 = MonoDebug|Any CPU
		{CA24ED85-DD68-4C10-B80A-D81C6745FCB8}.MonoDebug|x86.ActiveCfg = Debug|Any CPU
		{CA24ED85-DD68-4C10-B80A-D81C6745FCB8}.MonoRelease|Any CPU.ActiveCfg = MonoRelease|Any CPU
		{CA24ED85-DD68-4C10-B80A-D81C6745FCB8}.MonoRelease|Any CPU.Build.0 = MonoRelease|Any CPU
		{CA24ED85-DD68-4C10-B80A-D81C6745FCB8}.MonoRelease|x86.ActiveCfg = Release|Any CPU
		{CA24ED85-DD68-4C10-B80A-D81C6745FCB8}.Release|Any CPU.ActiveCfg = Release|Any CPU
		{CA24ED85-DD68-4C10-B80A-D81C6745FCB8}.Release|Any CPU.Build.0 = Release|Any CPU
		{CA24ED85-DD68-4C10-B80A-D81C6745FCB8}.Release|x86.ActiveCfg = Release|Any CPU
		{211560C3-FDDF-46D6-AB0C-F3BC04B173B5}.Debug|Any CPU.ActiveCfg = Debug|Any CPU
		{211560C3-FDDF-46D6-AB0C-F3BC04B173B5}.Debug|Any CPU.Build.0 = Debug|Any CPU
		{211560C3-FDDF-46D6-AB0C-F3BC04B173B5}.Debug|x86.ActiveCfg = Debug|Any CPU
		{211560C3-FDDF-46D6-AB0C-F3BC04B173B5}.MonoDebug|Any CPU.ActiveCfg = MonoDebug|Any CPU
		{211560C3-FDDF-46D6-AB0C-F3BC04B173B5}.MonoDebug|Any CPU.Build.0 = MonoDebug|Any CPU
		{211560C3-FDDF-46D6-AB0C-F3BC04B173B5}.MonoDebug|x86.ActiveCfg = Debug|Any CPU
		{211560C3-FDDF-46D6-AB0C-F3BC04B173B5}.MonoRelease|Any CPU.ActiveCfg = MonoRelease|Any CPU
		{211560C3-FDDF-46D6-AB0C-F3BC04B173B5}.MonoRelease|Any CPU.Build.0 = MonoRelease|Any CPU
		{211560C3-FDDF-46D6-AB0C-F3BC04B173B5}.MonoRelease|x86.ActiveCfg = Release|Any CPU
		{211560C3-FDDF-46D6-AB0C-F3BC04B173B5}.Release|Any CPU.ActiveCfg = Release|Any CPU
		{211560C3-FDDF-46D6-AB0C-F3BC04B173B5}.Release|Any CPU.Build.0 = Release|Any CPU
		{211560C3-FDDF-46D6-AB0C-F3BC04B173B5}.Release|x86.ActiveCfg = Release|Any CPU
		{B5E3586D-81DE-49C3-83BC-062684795127}.Debug|Any CPU.ActiveCfg = Debug|Any CPU
		{B5E3586D-81DE-49C3-83BC-062684795127}.Debug|Any CPU.Build.0 = Debug|Any CPU
		{B5E3586D-81DE-49C3-83BC-062684795127}.Debug|x86.ActiveCfg = Debug|Any CPU
		{B5E3586D-81DE-49C3-83BC-062684795127}.MonoDebug|Any CPU.ActiveCfg = MonoDebug|Any CPU
		{B5E3586D-81DE-49C3-83BC-062684795127}.MonoDebug|Any CPU.Build.0 = MonoDebug|Any CPU
		{B5E3586D-81DE-49C3-83BC-062684795127}.MonoDebug|x86.ActiveCfg = Debug|Any CPU
		{B5E3586D-81DE-49C3-83BC-062684795127}.MonoRelease|Any CPU.ActiveCfg = MonoRelease|Any CPU
		{B5E3586D-81DE-49C3-83BC-062684795127}.MonoRelease|Any CPU.Build.0 = MonoRelease|Any CPU
		{B5E3586D-81DE-49C3-83BC-062684795127}.MonoRelease|x86.ActiveCfg = Release|Any CPU
		{B5E3586D-81DE-49C3-83BC-062684795127}.Release|Any CPU.ActiveCfg = Release|Any CPU
		{B5E3586D-81DE-49C3-83BC-062684795127}.Release|Any CPU.Build.0 = Release|Any CPU
		{B5E3586D-81DE-49C3-83BC-062684795127}.Release|x86.ActiveCfg = Release|Any CPU
		{BAE74CD5-57C2-40E3-8F7A-EDE5721C2ACC}.Debug|Any CPU.ActiveCfg = Debug|Any CPU
		{BAE74CD5-57C2-40E3-8F7A-EDE5721C2ACC}.Debug|Any CPU.Build.0 = Debug|Any CPU
		{BAE74CD5-57C2-40E3-8F7A-EDE5721C2ACC}.Debug|x86.ActiveCfg = Debug|Any CPU
		{BAE74CD5-57C2-40E3-8F7A-EDE5721C2ACC}.MonoDebug|Any CPU.ActiveCfg = MonoDebug|Any CPU
		{BAE74CD5-57C2-40E3-8F7A-EDE5721C2ACC}.MonoDebug|Any CPU.Build.0 = MonoDebug|Any CPU
		{BAE74CD5-57C2-40E3-8F7A-EDE5721C2ACC}.MonoDebug|x86.ActiveCfg = Debug|Any CPU
		{BAE74CD5-57C2-40E3-8F7A-EDE5721C2ACC}.MonoRelease|Any CPU.ActiveCfg = MonoRelease|Any CPU
		{BAE74CD5-57C2-40E3-8F7A-EDE5721C2ACC}.MonoRelease|Any CPU.Build.0 = MonoRelease|Any CPU
		{BAE74CD5-57C2-40E3-8F7A-EDE5721C2ACC}.MonoRelease|x86.ActiveCfg = Release|Any CPU
		{BAE74CD5-57C2-40E3-8F7A-EDE5721C2ACC}.Release|Any CPU.ActiveCfg = Release|Any CPU
		{BAE74CD5-57C2-40E3-8F7A-EDE5721C2ACC}.Release|Any CPU.Build.0 = Release|Any CPU
		{BAE74CD5-57C2-40E3-8F7A-EDE5721C2ACC}.Release|x86.ActiveCfg = Release|Any CPU
		{396F0BCE-5B51-4B6A-931E-312880C24725}.Debug|Any CPU.ActiveCfg = Debug|Any CPU
		{396F0BCE-5B51-4B6A-931E-312880C24725}.Debug|Any CPU.Build.0 = Debug|Any CPU
		{396F0BCE-5B51-4B6A-931E-312880C24725}.Debug|x86.ActiveCfg = Debug|Any CPU
		{396F0BCE-5B51-4B6A-931E-312880C24725}.MonoDebug|Any CPU.ActiveCfg = MonoDebug|Any CPU
		{396F0BCE-5B51-4B6A-931E-312880C24725}.MonoDebug|Any CPU.Build.0 = MonoDebug|Any CPU
		{396F0BCE-5B51-4B6A-931E-312880C24725}.MonoDebug|x86.ActiveCfg = Debug|Any CPU
		{396F0BCE-5B51-4B6A-931E-312880C24725}.MonoRelease|Any CPU.ActiveCfg = MonoRelease|Any CPU
		{396F0BCE-5B51-4B6A-931E-312880C24725}.MonoRelease|Any CPU.Build.0 = MonoRelease|Any CPU
		{396F0BCE-5B51-4B6A-931E-312880C24725}.MonoRelease|x86.ActiveCfg = Release|Any CPU
		{396F0BCE-5B51-4B6A-931E-312880C24725}.Release|Any CPU.ActiveCfg = Release|Any CPU
		{396F0BCE-5B51-4B6A-931E-312880C24725}.Release|Any CPU.Build.0 = Release|Any CPU
		{396F0BCE-5B51-4B6A-931E-312880C24725}.Release|x86.ActiveCfg = Release|Any CPU
		{14A66047-5F67-4774-B0E3-195D1D25B6A5}.Debug|Any CPU.ActiveCfg = Debug|Any CPU
		{14A66047-5F67-4774-B0E3-195D1D25B6A5}.Debug|Any CPU.Build.0 = Debug|Any CPU
		{14A66047-5F67-4774-B0E3-195D1D25B6A5}.Debug|x86.ActiveCfg = Debug|Any CPU
		{14A66047-5F67-4774-B0E3-195D1D25B6A5}.MonoDebug|Any CPU.ActiveCfg = MonoDebug|Any CPU
		{14A66047-5F67-4774-B0E3-195D1D25B6A5}.MonoDebug|x86.ActiveCfg = Debug|Any CPU
		{14A66047-5F67-4774-B0E3-195D1D25B6A5}.MonoRelease|Any CPU.ActiveCfg = MonoRelease|Any CPU
		{14A66047-5F67-4774-B0E3-195D1D25B6A5}.MonoRelease|x86.ActiveCfg = Release|Any CPU
		{14A66047-5F67-4774-B0E3-195D1D25B6A5}.Release|Any CPU.ActiveCfg = Release|Any CPU
		{14A66047-5F67-4774-B0E3-195D1D25B6A5}.Release|Any CPU.Build.0 = Release|Any CPU
		{14A66047-5F67-4774-B0E3-195D1D25B6A5}.Release|x86.ActiveCfg = Release|Any CPU
		{429873F5-1E53-4ECC-A9EC-7950C789C6DF}.Debug|Any CPU.ActiveCfg = Debug|Any CPU
		{429873F5-1E53-4ECC-A9EC-7950C789C6DF}.Debug|Any CPU.Build.0 = Debug|Any CPU
		{429873F5-1E53-4ECC-A9EC-7950C789C6DF}.Debug|x86.ActiveCfg = Debug|Any CPU
		{429873F5-1E53-4ECC-A9EC-7950C789C6DF}.MonoDebug|Any CPU.ActiveCfg = MonoDebug|Any CPU
		{429873F5-1E53-4ECC-A9EC-7950C789C6DF}.MonoDebug|x86.ActiveCfg = Debug|Any CPU
		{429873F5-1E53-4ECC-A9EC-7950C789C6DF}.MonoRelease|Any CPU.ActiveCfg = MonoRelease|Any CPU
		{429873F5-1E53-4ECC-A9EC-7950C789C6DF}.MonoRelease|x86.ActiveCfg = Release|Any CPU
		{429873F5-1E53-4ECC-A9EC-7950C789C6DF}.Release|Any CPU.ActiveCfg = Release|Any CPU
		{429873F5-1E53-4ECC-A9EC-7950C789C6DF}.Release|Any CPU.Build.0 = Release|Any CPU
		{429873F5-1E53-4ECC-A9EC-7950C789C6DF}.Release|x86.ActiveCfg = Release|Any CPU
		{F56F3983-0C34-4AEC-B418-A8AFFA63F1C4}.Debug|Any CPU.ActiveCfg = Debug|Any CPU
		{F56F3983-0C34-4AEC-B418-A8AFFA63F1C4}.Debug|Any CPU.Build.0 = Debug|Any CPU
		{F56F3983-0C34-4AEC-B418-A8AFFA63F1C4}.Debug|x86.ActiveCfg = Debug|Any CPU
		{F56F3983-0C34-4AEC-B418-A8AFFA63F1C4}.MonoDebug|Any CPU.ActiveCfg = MonoDebug|Any CPU
		{F56F3983-0C34-4AEC-B418-A8AFFA63F1C4}.MonoDebug|Any CPU.Build.0 = MonoDebug|Any CPU
		{F56F3983-0C34-4AEC-B418-A8AFFA63F1C4}.MonoDebug|x86.ActiveCfg = Debug|Any CPU
		{F56F3983-0C34-4AEC-B418-A8AFFA63F1C4}.MonoRelease|Any CPU.ActiveCfg = MonoRelease|Any CPU
		{F56F3983-0C34-4AEC-B418-A8AFFA63F1C4}.MonoRelease|Any CPU.Build.0 = MonoRelease|Any CPU
		{F56F3983-0C34-4AEC-B418-A8AFFA63F1C4}.MonoRelease|x86.ActiveCfg = Release|Any CPU
		{F56F3983-0C34-4AEC-B418-A8AFFA63F1C4}.Release|Any CPU.ActiveCfg = Release|Any CPU
		{F56F3983-0C34-4AEC-B418-A8AFFA63F1C4}.Release|Any CPU.Build.0 = Release|Any CPU
		{F56F3983-0C34-4AEC-B418-A8AFFA63F1C4}.Release|x86.ActiveCfg = Release|Any CPU
		{D6B2480C-2A52-4D02-9477-D387D7A486E5}.Debug|Any CPU.ActiveCfg = Debug|Any CPU
		{D6B2480C-2A52-4D02-9477-D387D7A486E5}.Debug|Any CPU.Build.0 = Debug|Any CPU
		{D6B2480C-2A52-4D02-9477-D387D7A486E5}.Debug|x86.ActiveCfg = Debug|Any CPU
		{D6B2480C-2A52-4D02-9477-D387D7A486E5}.MonoDebug|Any CPU.ActiveCfg = MonoDebug|Any CPU
		{D6B2480C-2A52-4D02-9477-D387D7A486E5}.MonoDebug|Any CPU.Build.0 = MonoDebug|Any CPU
		{D6B2480C-2A52-4D02-9477-D387D7A486E5}.MonoDebug|x86.ActiveCfg = Debug|Any CPU
		{D6B2480C-2A52-4D02-9477-D387D7A486E5}.MonoRelease|Any CPU.ActiveCfg = MonoRelease|Any CPU
		{D6B2480C-2A52-4D02-9477-D387D7A486E5}.MonoRelease|Any CPU.Build.0 = MonoRelease|Any CPU
		{D6B2480C-2A52-4D02-9477-D387D7A486E5}.MonoRelease|x86.ActiveCfg = Release|Any CPU
		{D6B2480C-2A52-4D02-9477-D387D7A486E5}.Release|Any CPU.ActiveCfg = Release|Any CPU
		{D6B2480C-2A52-4D02-9477-D387D7A486E5}.Release|Any CPU.Build.0 = Release|Any CPU
		{D6B2480C-2A52-4D02-9477-D387D7A486E5}.Release|x86.ActiveCfg = Release|Any CPU
		{D8EBA39B-63AE-4A66-BD0E-F7F95E572135}.Debug|Any CPU.ActiveCfg = Debug|Any CPU
		{D8EBA39B-63AE-4A66-BD0E-F7F95E572135}.Debug|Any CPU.Build.0 = Debug|Any CPU
		{D8EBA39B-63AE-4A66-BD0E-F7F95E572135}.Debug|x86.ActiveCfg = Debug|Any CPU
		{D8EBA39B-63AE-4A66-BD0E-F7F95E572135}.MonoDebug|Any CPU.ActiveCfg = Debug|Any CPU
		{D8EBA39B-63AE-4A66-BD0E-F7F95E572135}.MonoDebug|Any CPU.Build.0 = Debug|Any CPU
		{D8EBA39B-63AE-4A66-BD0E-F7F95E572135}.MonoDebug|x86.ActiveCfg = Debug|Any CPU
		{D8EBA39B-63AE-4A66-BD0E-F7F95E572135}.MonoRelease|Any CPU.ActiveCfg = Release|Any CPU
		{D8EBA39B-63AE-4A66-BD0E-F7F95E572135}.MonoRelease|Any CPU.Build.0 = Release|Any CPU
		{D8EBA39B-63AE-4A66-BD0E-F7F95E572135}.MonoRelease|x86.ActiveCfg = Release|Any CPU
		{D8EBA39B-63AE-4A66-BD0E-F7F95E572135}.Release|Any CPU.ActiveCfg = Release|Any CPU
		{D8EBA39B-63AE-4A66-BD0E-F7F95E572135}.Release|Any CPU.Build.0 = Release|Any CPU
		{D8EBA39B-63AE-4A66-BD0E-F7F95E572135}.Release|x86.ActiveCfg = Release|Any CPU
		{6EED2486-39BF-491D-B033-720DFCFD1211}.Debug|Any CPU.ActiveCfg = Debug|Any CPU
		{6EED2486-39BF-491D-B033-720DFCFD1211}.Debug|Any CPU.Build.0 = Debug|Any CPU
		{6EED2486-39BF-491D-B033-720DFCFD1211}.Debug|x86.ActiveCfg = Debug|Any CPU
		{6EED2486-39BF-491D-B033-720DFCFD1211}.MonoDebug|Any CPU.ActiveCfg = Debug|Any CPU
		{6EED2486-39BF-491D-B033-720DFCFD1211}.MonoDebug|Any CPU.Build.0 = Debug|Any CPU
		{6EED2486-39BF-491D-B033-720DFCFD1211}.MonoDebug|x86.ActiveCfg = Debug|Any CPU
		{6EED2486-39BF-491D-B033-720DFCFD1211}.MonoRelease|Any CPU.ActiveCfg = Release|Any CPU
		{6EED2486-39BF-491D-B033-720DFCFD1211}.MonoRelease|Any CPU.Build.0 = Release|Any CPU
		{6EED2486-39BF-491D-B033-720DFCFD1211}.MonoRelease|x86.ActiveCfg = Release|Any CPU
		{6EED2486-39BF-491D-B033-720DFCFD1211}.Release|Any CPU.ActiveCfg = Release|Any CPU
		{6EED2486-39BF-491D-B033-720DFCFD1211}.Release|Any CPU.Build.0 = Release|Any CPU
		{6EED2486-39BF-491D-B033-720DFCFD1211}.Release|x86.ActiveCfg = Release|Any CPU
		{B6929D0B-5104-4C7E-979D-F4914E813FA6}.Debug|Any CPU.ActiveCfg = Debug|Any CPU
		{B6929D0B-5104-4C7E-979D-F4914E813FA6}.Debug|Any CPU.Build.0 = Debug|Any CPU
		{B6929D0B-5104-4C7E-979D-F4914E813FA6}.Debug|x86.ActiveCfg = Debug|Any CPU
		{B6929D0B-5104-4C7E-979D-F4914E813FA6}.MonoDebug|Any CPU.ActiveCfg = MonoDevelop|Any CPU
		{B6929D0B-5104-4C7E-979D-F4914E813FA6}.MonoDebug|Any CPU.Build.0 = MonoDevelop|Any CPU
		{B6929D0B-5104-4C7E-979D-F4914E813FA6}.MonoDebug|x86.ActiveCfg = Debug|Any CPU
		{B6929D0B-5104-4C7E-979D-F4914E813FA6}.MonoRelease|Any CPU.ActiveCfg = Release|Any CPU
		{B6929D0B-5104-4C7E-979D-F4914E813FA6}.MonoRelease|Any CPU.Build.0 = Release|Any CPU
		{B6929D0B-5104-4C7E-979D-F4914E813FA6}.MonoRelease|x86.ActiveCfg = Release|Any CPU
		{B6929D0B-5104-4C7E-979D-F4914E813FA6}.Release|Any CPU.ActiveCfg = Release|Any CPU
		{B6929D0B-5104-4C7E-979D-F4914E813FA6}.Release|Any CPU.Build.0 = Release|Any CPU
		{B6929D0B-5104-4C7E-979D-F4914E813FA6}.Release|x86.ActiveCfg = Release|Any CPU
		{8EE6F976-F11F-44B3-B065-F5AAA598B30D}.Debug|Any CPU.ActiveCfg = Debug|Any CPU
		{8EE6F976-F11F-44B3-B065-F5AAA598B30D}.Debug|Any CPU.Build.0 = Debug|Any CPU
		{8EE6F976-F11F-44B3-B065-F5AAA598B30D}.Debug|x86.ActiveCfg = Debug|Any CPU
		{8EE6F976-F11F-44B3-B065-F5AAA598B30D}.MonoDebug|Any CPU.ActiveCfg = MonoDevelop|Any CPU
		{8EE6F976-F11F-44B3-B065-F5AAA598B30D}.MonoDebug|Any CPU.Build.0 = MonoDevelop|Any CPU
		{8EE6F976-F11F-44B3-B065-F5AAA598B30D}.MonoDebug|x86.ActiveCfg = Debug|Any CPU
		{8EE6F976-F11F-44B3-B065-F5AAA598B30D}.MonoRelease|Any CPU.ActiveCfg = Release|Any CPU
		{8EE6F976-F11F-44B3-B065-F5AAA598B30D}.MonoRelease|Any CPU.Build.0 = Release|Any CPU
		{8EE6F976-F11F-44B3-B065-F5AAA598B30D}.MonoRelease|x86.ActiveCfg = Release|Any CPU
		{8EE6F976-F11F-44B3-B065-F5AAA598B30D}.Release|Any CPU.ActiveCfg = Release|Any CPU
		{8EE6F976-F11F-44B3-B065-F5AAA598B30D}.Release|Any CPU.Build.0 = Release|Any CPU
		{8EE6F976-F11F-44B3-B065-F5AAA598B30D}.Release|x86.ActiveCfg = Release|Any CPU
		{864AF449-0902-44FC-BEEE-06BA9A6F4A8F}.Debug|Any CPU.ActiveCfg = Debug|Any CPU
		{864AF449-0902-44FC-BEEE-06BA9A6F4A8F}.Debug|Any CPU.Build.0 = Debug|Any CPU
		{864AF449-0902-44FC-BEEE-06BA9A6F4A8F}.Debug|x86.ActiveCfg = Debug|Any CPU
		{864AF449-0902-44FC-BEEE-06BA9A6F4A8F}.MonoDebug|Any CPU.ActiveCfg = MonoRelease|Any CPU
		{864AF449-0902-44FC-BEEE-06BA9A6F4A8F}.MonoDebug|Any CPU.Build.0 = MonoRelease|Any CPU
		{864AF449-0902-44FC-BEEE-06BA9A6F4A8F}.MonoDebug|x86.ActiveCfg = Debug|Any CPU
		{864AF449-0902-44FC-BEEE-06BA9A6F4A8F}.MonoRelease|Any CPU.ActiveCfg = Release|Any CPU
		{864AF449-0902-44FC-BEEE-06BA9A6F4A8F}.MonoRelease|Any CPU.Build.0 = Release|Any CPU
		{864AF449-0902-44FC-BEEE-06BA9A6F4A8F}.MonoRelease|x86.ActiveCfg = Release|Any CPU
		{864AF449-0902-44FC-BEEE-06BA9A6F4A8F}.Release|Any CPU.ActiveCfg = Release|Any CPU
		{864AF449-0902-44FC-BEEE-06BA9A6F4A8F}.Release|Any CPU.Build.0 = Release|Any CPU
		{864AF449-0902-44FC-BEEE-06BA9A6F4A8F}.Release|x86.ActiveCfg = Release|Any CPU
		{34DDDA42-4041-4F92-87A6-F0E8CE12C7E3}.Debug|Any CPU.ActiveCfg = Debug|Any CPU
		{34DDDA42-4041-4F92-87A6-F0E8CE12C7E3}.Debug|Any CPU.Build.0 = Debug|Any CPU
		{34DDDA42-4041-4F92-87A6-F0E8CE12C7E3}.Debug|x86.ActiveCfg = Debug|Any CPU
		{34DDDA42-4041-4F92-87A6-F0E8CE12C7E3}.MonoDebug|Any CPU.ActiveCfg = MonoDebug|Any CPU
		{34DDDA42-4041-4F92-87A6-F0E8CE12C7E3}.MonoDebug|Any CPU.Build.0 = MonoDebug|Any CPU
		{34DDDA42-4041-4F92-87A6-F0E8CE12C7E3}.MonoDebug|x86.ActiveCfg = MonoDebug|Any CPU
		{34DDDA42-4041-4F92-87A6-F0E8CE12C7E3}.MonoRelease|Any CPU.ActiveCfg = MonoRelease|Any CPU
		{34DDDA42-4041-4F92-87A6-F0E8CE12C7E3}.MonoRelease|Any CPU.Build.0 = MonoRelease|Any CPU
		{34DDDA42-4041-4F92-87A6-F0E8CE12C7E3}.MonoRelease|x86.ActiveCfg = MonoRelease|Any CPU
		{34DDDA42-4041-4F92-87A6-F0E8CE12C7E3}.Release|Any CPU.ActiveCfg = Release|Any CPU
		{34DDDA42-4041-4F92-87A6-F0E8CE12C7E3}.Release|Any CPU.Build.0 = Release|Any CPU
		{34DDDA42-4041-4F92-87A6-F0E8CE12C7E3}.Release|x86.ActiveCfg = Release|Any CPU
		{972C2D45-49B6-4109-9A3A-0C8BC9225B95}.Debug|Any CPU.ActiveCfg = Debug|Any CPU
		{972C2D45-49B6-4109-9A3A-0C8BC9225B95}.Debug|Any CPU.Build.0 = Debug|Any CPU
		{972C2D45-49B6-4109-9A3A-0C8BC9225B95}.Debug|x86.ActiveCfg = Debug|Any CPU
		{972C2D45-49B6-4109-9A3A-0C8BC9225B95}.MonoDebug|Any CPU.ActiveCfg = MonoDebug|Any CPU
		{972C2D45-49B6-4109-9A3A-0C8BC9225B95}.MonoDebug|Any CPU.Build.0 = MonoDebug|Any CPU
		{972C2D45-49B6-4109-9A3A-0C8BC9225B95}.MonoDebug|x86.ActiveCfg = MonoDebug|Any CPU
		{972C2D45-49B6-4109-9A3A-0C8BC9225B95}.MonoRelease|Any CPU.ActiveCfg = MonoRelease|Any CPU
		{972C2D45-49B6-4109-9A3A-0C8BC9225B95}.MonoRelease|Any CPU.Build.0 = MonoRelease|Any CPU
		{972C2D45-49B6-4109-9A3A-0C8BC9225B95}.MonoRelease|x86.ActiveCfg = MonoRelease|Any CPU
		{972C2D45-49B6-4109-9A3A-0C8BC9225B95}.Release|Any CPU.ActiveCfg = Release|Any CPU
		{972C2D45-49B6-4109-9A3A-0C8BC9225B95}.Release|Any CPU.Build.0 = Release|Any CPU
		{972C2D45-49B6-4109-9A3A-0C8BC9225B95}.Release|x86.ActiveCfg = Release|Any CPU
		{DC8AAA8B-7FD0-47C4-9413-3CC94088BCC4}.Debug|Any CPU.ActiveCfg = Debug|Any CPU
		{DC8AAA8B-7FD0-47C4-9413-3CC94088BCC4}.Debug|Any CPU.Build.0 = Debug|Any CPU
		{DC8AAA8B-7FD0-47C4-9413-3CC94088BCC4}.Debug|x86.ActiveCfg = Debug|Any CPU
		{DC8AAA8B-7FD0-47C4-9413-3CC94088BCC4}.MonoDebug|Any CPU.ActiveCfg = Debug|Any CPU
		{DC8AAA8B-7FD0-47C4-9413-3CC94088BCC4}.MonoDebug|Any CPU.Build.0 = Debug|Any CPU
		{DC8AAA8B-7FD0-47C4-9413-3CC94088BCC4}.MonoDebug|x86.ActiveCfg = Debug|Any CPU
		{DC8AAA8B-7FD0-47C4-9413-3CC94088BCC4}.MonoRelease|Any CPU.ActiveCfg = Release|Any CPU
		{DC8AAA8B-7FD0-47C4-9413-3CC94088BCC4}.MonoRelease|Any CPU.Build.0 = Release|Any CPU
		{DC8AAA8B-7FD0-47C4-9413-3CC94088BCC4}.MonoRelease|x86.ActiveCfg = Release|Any CPU
		{DC8AAA8B-7FD0-47C4-9413-3CC94088BCC4}.Release|Any CPU.ActiveCfg = Release|Any CPU
		{DC8AAA8B-7FD0-47C4-9413-3CC94088BCC4}.Release|Any CPU.Build.0 = Release|Any CPU
		{DC8AAA8B-7FD0-47C4-9413-3CC94088BCC4}.Release|x86.ActiveCfg = Release|Any CPU
		{508A3A68-2012-4E62-925F-2F3083A013FC}.Debug|Any CPU.ActiveCfg = Debug|Any CPU
		{508A3A68-2012-4E62-925F-2F3083A013FC}.Debug|Any CPU.Build.0 = Debug|Any CPU
		{508A3A68-2012-4E62-925F-2F3083A013FC}.Debug|x86.ActiveCfg = Debug|Any CPU
		{508A3A68-2012-4E62-925F-2F3083A013FC}.MonoDebug|Any CPU.ActiveCfg = Debug|Any CPU
		{508A3A68-2012-4E62-925F-2F3083A013FC}.MonoDebug|Any CPU.Build.0 = Debug|Any CPU
		{508A3A68-2012-4E62-925F-2F3083A013FC}.MonoDebug|x86.ActiveCfg = Debug|Any CPU
		{508A3A68-2012-4E62-925F-2F3083A013FC}.MonoRelease|Any CPU.ActiveCfg = Release|Any CPU
		{508A3A68-2012-4E62-925F-2F3083A013FC}.MonoRelease|Any CPU.Build.0 = Release|Any CPU
		{508A3A68-2012-4E62-925F-2F3083A013FC}.MonoRelease|x86.ActiveCfg = Release|Any CPU
		{508A3A68-2012-4E62-925F-2F3083A013FC}.Release|Any CPU.ActiveCfg = Release|Any CPU
		{508A3A68-2012-4E62-925F-2F3083A013FC}.Release|Any CPU.Build.0 = Release|Any CPU
		{508A3A68-2012-4E62-925F-2F3083A013FC}.Release|x86.ActiveCfg = Release|Any CPU
		{7959D79C-9E2B-4871-9470-6A6B527ABE5E}.Debug|Any CPU.ActiveCfg = Debug|Any CPU
		{7959D79C-9E2B-4871-9470-6A6B527ABE5E}.Debug|Any CPU.Build.0 = Debug|Any CPU
		{7959D79C-9E2B-4871-9470-6A6B527ABE5E}.Debug|x86.ActiveCfg = Debug|Any CPU
		{7959D79C-9E2B-4871-9470-6A6B527ABE5E}.Debug|x86.Build.0 = Debug|Any CPU
		{7959D79C-9E2B-4871-9470-6A6B527ABE5E}.MonoDebug|Any CPU.ActiveCfg = MonoDebug|Any CPU
		{7959D79C-9E2B-4871-9470-6A6B527ABE5E}.MonoDebug|Any CPU.Build.0 = MonoDebug|Any CPU
		{7959D79C-9E2B-4871-9470-6A6B527ABE5E}.MonoDebug|x86.ActiveCfg = MonoDebug|Any CPU
		{7959D79C-9E2B-4871-9470-6A6B527ABE5E}.MonoDebug|x86.Build.0 = MonoDebug|Any CPU
		{7959D79C-9E2B-4871-9470-6A6B527ABE5E}.MonoRelease|Any CPU.ActiveCfg = MonoRelease|Any CPU
		{7959D79C-9E2B-4871-9470-6A6B527ABE5E}.MonoRelease|Any CPU.Build.0 = MonoRelease|Any CPU
		{7959D79C-9E2B-4871-9470-6A6B527ABE5E}.MonoRelease|x86.ActiveCfg = MonoRelease|Any CPU
		{7959D79C-9E2B-4871-9470-6A6B527ABE5E}.MonoRelease|x86.Build.0 = MonoRelease|Any CPU
		{7959D79C-9E2B-4871-9470-6A6B527ABE5E}.Release|Any CPU.ActiveCfg = Release|Any CPU
		{7959D79C-9E2B-4871-9470-6A6B527ABE5E}.Release|Any CPU.Build.0 = Release|Any CPU
		{7959D79C-9E2B-4871-9470-6A6B527ABE5E}.Release|x86.ActiveCfg = Release|Any CPU
		{7959D79C-9E2B-4871-9470-6A6B527ABE5E}.Release|x86.Build.0 = Release|Any CPU
	EndGlobalSection
	GlobalSection(SolutionProperties) = preSolution
		HideSolutionNode = FALSE
	EndGlobalSection
	GlobalSection(NestedProjects) = preSolution
		{34576216-0DCA-4B0F-A0DC-9075E75A676F} = {E944109B-0B7A-4ADE-8602-004CEFA5897D}
		{8B7EC9F2-44D2-426C-AE7F-801DC3238259} = {E944109B-0B7A-4ADE-8602-004CEFA5897D}
		{2C6F51DF-015C-4DB6-B44C-0E5E4F25E2A9} = {E944109B-0B7A-4ADE-8602-004CEFA5897D}
		{4B7E35DF-1569-4346-B180-A09615723095} = {E944109B-0B7A-4ADE-8602-004CEFA5897D}
		{15B7F794-0BB2-4B66-AD78-4A951F1209B2} = {E944109B-0B7A-4ADE-8602-004CEFA5897D}
		{E8B18958-7C8A-4FBA-AF00-3041C34A20CE} = {E944109B-0B7A-4ADE-8602-004CEFA5897D}
		{AA7F66EB-EC2C-47DE-855F-30B3E6EF2134} = {E944109B-0B7A-4ADE-8602-004CEFA5897D}
		{D79203C0-B672-4751-9C95-C3AB7D3FEFBE} = {E944109B-0B7A-4ADE-8602-004CEFA5897D}
		{B795886D-9D70-45B1-BFB5-AD54CBC9A447} = {E944109B-0B7A-4ADE-8602-004CEFA5897D}
		{BD72B98D-C81A-4013-B606-94B4BA2273E5} = {E944109B-0B7A-4ADE-8602-004CEFA5897D}
		{776D244D-BC4D-4BBB-A478-CAF2D04520E1} = {A427F9F8-0A6F-4EEA-837F-FCDAB6E7D4B3}
		{3D44A461-3133-4B49-A74B-D25632A12FE5} = {A427F9F8-0A6F-4EEA-837F-FCDAB6E7D4B3}
		{FE32460D-547C-4EB9-A768-541255CCAA83} = {A427F9F8-0A6F-4EEA-837F-FCDAB6E7D4B3}
		{06F89662-C2F0-4C1D-8581-E0C4A615B7E2} = {A427F9F8-0A6F-4EEA-837F-FCDAB6E7D4B3}
		{D0F1D7F4-0D48-49AE-9E33-005926B58B1D} = {A427F9F8-0A6F-4EEA-837F-FCDAB6E7D4B3}
		{4E974051-38C2-4B5D-A6B1-F265A428A673} = {A427F9F8-0A6F-4EEA-837F-FCDAB6E7D4B3}
		{8EB9E15A-4B65-4C80-B834-9A7773750666} = {A427F9F8-0A6F-4EEA-837F-FCDAB6E7D4B3}
		{A3BF6450-DE9A-4C11-8E3C-66D9A8EC93F5} = {A427F9F8-0A6F-4EEA-837F-FCDAB6E7D4B3}
		{2026DD2D-E041-4A14-8A04-D5B39B8B7C40} = {A427F9F8-0A6F-4EEA-837F-FCDAB6E7D4B3}
		{BDA5E175-07D7-4E6F-B46F-C2CF7D63E231} = {A427F9F8-0A6F-4EEA-837F-FCDAB6E7D4B3}
		{5F2DD52D-471B-4946-8F7B-F050C88EFC52} = {4A24657F-9695-437B-9702-2541ED280628}
		{98940A30-1B48-4F71-A6BA-85F0AAF31A2F} = {4A24657F-9695-437B-9702-2541ED280628}
		{EF660223-4DFD-4E36-BF36-9DD6AFB3F837} = {4A24657F-9695-437B-9702-2541ED280628}
		{28F9EA8B-90F7-4974-BB40-0B7FA9309D02} = {4A24657F-9695-437B-9702-2541ED280628}
		{0B3EA40E-F7D8-4E14-A30F-1536F41B62D1} = {4A24657F-9695-437B-9702-2541ED280628}
		{EBB6F597-3273-4972-8B25-A809D2FC1F24} = {4A24657F-9695-437B-9702-2541ED280628}
		{E127FED3-01C0-41BA-BF83-D8DCDD827D6A} = {4A24657F-9695-437B-9702-2541ED280628}
		{948A8EF6-D50C-45EA-9AFD-7A4723ADAB0B} = {4A24657F-9695-437B-9702-2541ED280628}
		{1258BFCD-3BAD-4373-B786-4D698EC3C157} = {4A24657F-9695-437B-9702-2541ED280628}
		{4885B9DF-D99C-4A1C-8606-259D32A58C33} = {4A24657F-9695-437B-9702-2541ED280628}
		{DE91D085-70DF-4892-B0E3-B849E9BF6AF5} = {4A24657F-9695-437B-9702-2541ED280628}
		{911196F4-B88F-4940-B1FD-D30F5290D06D} = {4A24657F-9695-437B-9702-2541ED280628}
		{A1A9E636-A37C-4170-B2E4-99D4F69B415D} = {E944109B-0B7A-4ADE-8602-004CEFA5897D}
		{F417B81C-B914-4BFD-8299-6BBD11072B01} = {4A24657F-9695-437B-9702-2541ED280628}
		{701765DC-F4F2-4943-A37F-6ED253198158} = {E944109B-0B7A-4ADE-8602-004CEFA5897D}
		{01230F2A-D108-480C-B834-8CE0569FD3B3} = {E944109B-0B7A-4ADE-8602-004CEFA5897D}
		{8F9F910D-416E-4B28-BE59-D76670405F56} = {A427F9F8-0A6F-4EEA-837F-FCDAB6E7D4B3}
		{FBC35268-377B-4DBE-87E3-B22D1314BEC6} = {A427F9F8-0A6F-4EEA-837F-FCDAB6E7D4B3}
		{3F18F5DA-93E0-4513-8BF4-BC8EE5C4117C} = {A427F9F8-0A6F-4EEA-837F-FCDAB6E7D4B3}
		{EDF3E264-2D0F-4440-99FF-45D279A598A9} = {E944109B-0B7A-4ADE-8602-004CEFA5897D}
		{CA24ED85-DD68-4C10-B80A-D81C6745FCB8} = {A427F9F8-0A6F-4EEA-837F-FCDAB6E7D4B3}
		{211560C3-FDDF-46D6-AB0C-F3BC04B173B5} = {E944109B-0B7A-4ADE-8602-004CEFA5897D}
		{B5E3586D-81DE-49C3-83BC-062684795127} = {4A24657F-9695-437B-9702-2541ED280628}
		{BAE74CD5-57C2-40E3-8F7A-EDE5721C2ACC} = {4A24657F-9695-437B-9702-2541ED280628}
		{396F0BCE-5B51-4B6A-931E-312880C24725} = {4A24657F-9695-437B-9702-2541ED280628}
		{14A66047-5F67-4774-B0E3-195D1D25B6A5} = {E944109B-0B7A-4ADE-8602-004CEFA5897D}
		{429873F5-1E53-4ECC-A9EC-7950C789C6DF} = {A427F9F8-0A6F-4EEA-837F-FCDAB6E7D4B3}
		{F56F3983-0C34-4AEC-B418-A8AFFA63F1C4} = {4A24657F-9695-437B-9702-2541ED280628}
		{D6B2480C-2A52-4D02-9477-D387D7A486E5} = {E944109B-0B7A-4ADE-8602-004CEFA5897D}
		{D8EBA39B-63AE-4A66-BD0E-F7F95E572135} = {E944109B-0B7A-4ADE-8602-004CEFA5897D}
		{6EED2486-39BF-491D-B033-720DFCFD1211} = {A427F9F8-0A6F-4EEA-837F-FCDAB6E7D4B3}
		{B6929D0B-5104-4C7E-979D-F4914E813FA6} = {4A24657F-9695-437B-9702-2541ED280628}
		{8EE6F976-F11F-44B3-B065-F5AAA598B30D} = {A427F9F8-0A6F-4EEA-837F-FCDAB6E7D4B3}
		{864AF449-0902-44FC-BEEE-06BA9A6F4A8F} = {E944109B-0B7A-4ADE-8602-004CEFA5897D}
		{34DDDA42-4041-4F92-87A6-F0E8CE12C7E3} = {A427F9F8-0A6F-4EEA-837F-FCDAB6E7D4B3}
		{972C2D45-49B6-4109-9A3A-0C8BC9225B95} = {4A24657F-9695-437B-9702-2541ED280628}
		{DC8AAA8B-7FD0-47C4-9413-3CC94088BCC4} = {E944109B-0B7A-4ADE-8602-004CEFA5897D}
		{508A3A68-2012-4E62-925F-2F3083A013FC} = {A427F9F8-0A6F-4EEA-837F-FCDAB6E7D4B3}
		{7959D79C-9E2B-4871-9470-6A6B527ABE5E} = {4A24657F-9695-437B-9702-2541ED280628}
	EndGlobalSection
	GlobalSection(MonoDevelopProperties) = preSolution
		StartupItem = Nancy.Demo.Hosting.Aspnet\Nancy.Demo.Hosting.Aspnet.csproj
	EndGlobalSection
EndGlobal
